{
  "version": 4,
  "terraform_version": "1.2.9",
  "serial": 116,
  "lineage": "77050617-4d1f-437b-99cf-870839012d8d",
  "outputs": {},
  "resources": [
    {
      "mode": "data",
      "type": "azurerm_client_config",
      "name": "core",
      "provider": "provider[\"registry.terraform.io/hashicorp/azurerm\"]",
      "instances": [
        {
          "schema_version": 0,
          "attributes": {
            "client_id": "04b07795-8ddb-461a-bbee-02f9e1bf7b46",
            "id": "Y2xpZW50Q29uZmlncy9jbGllbnRJZD0wNGIwNzc5NS04ZGRiLTQ2MWEtYmJlZS0wMmY5ZTFiZjdiNDY7b2JqZWN0SWQ9ZjU1ZTI1ZDItOGMzNy00NjVjLWE2MWItOTMxYWUwNTAwMDZhO3N1YnNjcmlwdGlvbklkPTcxY2VkMWRmLTMwNGEtNDVjOS04YzNjLTEwNDUzNjY0NjMzODt0ZW5hbnRJZD1hMDE3YjdkMC00NjgwLTQ2MWQtYWRhYS1iMDYxYTljOTViNzY=",
            "object_id": "f55e25d2-8c37-465c-a61b-931ae050006a",
            "subscription_id": "71ced1df-304a-45c9-8c3c-104536646338",
            "tenant_id": "a017b7d0-4680-461d-adaa-b061a9c95b76",
            "timeouts": null
          },
          "sensitive_attributes": []
        }
      ]
    },
    {
      "mode": "data",
      "type": "azurerm_client_config",
      "name": "management",
      "provider": "provider[\"registry.terraform.io/hashicorp/azurerm\"].management",
      "instances": [
        {
          "schema_version": 0,
          "attributes": {
            "client_id": "04b07795-8ddb-461a-bbee-02f9e1bf7b46",
            "id": "Y2xpZW50Q29uZmlncy9jbGllbnRJZD0wNGIwNzc5NS04ZGRiLTQ2MWEtYmJlZS0wMmY5ZTFiZjdiNDY7b2JqZWN0SWQ9ZjU1ZTI1ZDItOGMzNy00NjVjLWE2MWItOTMxYWUwNTAwMDZhO3N1YnNjcmlwdGlvbklkPTcxY2VkMWRmLTMwNGEtNDVjOS04YzNjLTEwNDUzNjY0NjMzODt0ZW5hbnRJZD1hMDE3YjdkMC00NjgwLTQ2MWQtYWRhYS1iMDYxYTljOTViNzY=",
            "object_id": "f55e25d2-8c37-465c-a61b-931ae050006a",
            "subscription_id": "71ced1df-304a-45c9-8c3c-104536646338",
            "tenant_id": "a017b7d0-4680-461d-adaa-b061a9c95b76",
            "timeouts": null
          },
          "sensitive_attributes": []
        }
      ]
    },
    {
      "module": "module.caf-enterprise-scale",
      "mode": "managed",
      "type": "azurerm_automation_account",
      "name": "management",
      "provider": "provider[\"registry.terraform.io/hashicorp/azurerm\"].management",
      "instances": [
        {
          "index_key": "/subscriptions/71ced1df-304a-45c9-8c3c-104536646338/resourceGroups/rg-management-we-01/providers/Microsoft.Automation/automationAccounts/aa-management-we-01",
          "schema_version": 0,
          "attributes": {
            "dsc_primary_access_key": "h1k9anhqRQTU2Szjv4TQXv+a3766KNEehGjC/w8rB6xSRYRj5IvpFMfimHn/qaeL1CVajacmEKH94ZnHECLP5Q==",
            "dsc_secondary_access_key": "JijnjdIpvBpSwiCYHI1XsMNvdSlVqg3Tu0zS+pROgDv9SC9UowTCxf3PmKS9ItKVUiREZKEYFens6Xw1o9hL6Q==",
            "dsc_server_endpoint": "https://e9b9f81d-d8ab-475d-8dfa-883bcd4a1a4a.agentsvc.we.azure-automation.net/accounts/e9b9f81d-d8ab-475d-8dfa-883bcd4a1a4a",
            "encryption": [
              {
                "key_source": "Microsoft.Automation",
                "key_vault_key_id": "",
                "user_assigned_identity_id": ""
              }
            ],
            "hybrid_service_url": "https://e9b9f81d-d8ab-475d-8dfa-883bcd4a1a4a.jrds.we.azure-automation.net/automationAccounts/e9b9f81d-d8ab-475d-8dfa-883bcd4a1a4a",
            "id": "/subscriptions/71ced1df-304a-45c9-8c3c-104536646338/resourceGroups/rg-management-we-01/providers/Microsoft.Automation/automationAccounts/aa-management-we-01",
            "identity": [],
            "local_authentication_enabled": true,
            "location": "westeurope",
            "name": "aa-management-we-01",
            "private_endpoint_connection": [],
            "public_network_access_enabled": true,
            "resource_group_name": "rg-management-we-01",
            "sku_name": "Basic",
            "tags": {
              "deployedBy": "terraform/azure/caf-enterprise-scale"
            },
            "timeouts": null
          },
          "sensitive_attributes": [],
          "private": "eyJlMmJmYjczMC1lY2FhLTExZTYtOGY4OC0zNDM2M2JjN2M0YzAiOnsiY3JlYXRlIjoxODAwMDAwMDAwMDAwLCJkZWxldGUiOjE4MDAwMDAwMDAwMDAsInJlYWQiOjMwMDAwMDAwMDAwMCwidXBkYXRlIjoxODAwMDAwMDAwMDAwfX0=",
          "dependencies": [
            "data.azurerm_client_config.core",
            "data.azurerm_client_config.management",
            "module.caf-enterprise-scale.azurerm_resource_group.management"
          ]
        }
      ]
    },
    {
      "module": "module.caf-enterprise-scale",
      "mode": "managed",
      "type": "azurerm_log_analytics_linked_service",
      "name": "management",
      "provider": "provider[\"registry.terraform.io/hashicorp/azurerm\"].management",
      "instances": [
        {
          "index_key": "/subscriptions/71ced1df-304a-45c9-8c3c-104536646338/resourceGroups/rg-management-we-01/providers/Microsoft.OperationalInsights/workspaces/law-management-we-01/linkedServices/Automation",
          "schema_version": 0,
          "attributes": {
            "id": "/subscriptions/71ced1df-304a-45c9-8c3c-104536646338/resourceGroups/rg-management-we-01/providers/Microsoft.OperationalInsights/workspaces/law-management-we-01/linkedServices/Automation",
            "name": "Automation",
            "read_access_id": "/subscriptions/71ced1df-304a-45c9-8c3c-104536646338/resourceGroups/rg-management-we-01/providers/Microsoft.Automation/automationAccounts/aa-management-we-01",
            "resource_group_name": "rg-management-we-01",
            "timeouts": null,
            "workspace_id": "/subscriptions/71ced1df-304a-45c9-8c3c-104536646338/resourceGroups/rg-management-we-01/providers/Microsoft.OperationalInsights/workspaces/law-management-we-01",
            "write_access_id": ""
          },
          "sensitive_attributes": [],
          "private": "eyJlMmJmYjczMC1lY2FhLTExZTYtOGY4OC0zNDM2M2JjN2M0YzAiOnsiY3JlYXRlIjoxODAwMDAwMDAwMDAwLCJkZWxldGUiOjE4MDAwMDAwMDAwMDAsInJlYWQiOjMwMDAwMDAwMDAwMCwidXBkYXRlIjoxODAwMDAwMDAwMDAwfX0=",
          "dependencies": [
            "data.azurerm_client_config.core",
            "data.azurerm_client_config.management",
            "module.caf-enterprise-scale.azurerm_automation_account.management",
            "module.caf-enterprise-scale.azurerm_log_analytics_workspace.management",
            "module.caf-enterprise-scale.azurerm_resource_group.management"
          ]
        }
      ]
    },
    {
      "module": "module.caf-enterprise-scale",
      "mode": "managed",
      "type": "azurerm_log_analytics_solution",
      "name": "management",
      "provider": "provider[\"registry.terraform.io/hashicorp/azurerm\"].management",
      "instances": [
        {
          "index_key": "/subscriptions/71ced1df-304a-45c9-8c3c-104536646338/resourceGroups/rg-management-we-01/providers/Microsoft.OperationsManagement/solutions/AgentHealthAssessment(law-management-we-01)",
          "schema_version": 1,
          "attributes": {
            "id": "/subscriptions/71ced1df-304a-45c9-8c3c-104536646338/resourceGroups/rg-management-we-01/providers/Microsoft.OperationsManagement/solutions/AgentHealthAssessment(law-management-we-01)",
            "location": "westeurope",
            "plan": [
              {
                "name": "AgentHealthAssessment(law-management-we-01)",
                "product": "OMSGallery/AgentHealthAssessment",
                "promotion_code": "",
                "publisher": "Microsoft"
              }
            ],
            "resource_group_name": "rg-management-we-01",
            "solution_name": "AgentHealthAssessment",
            "tags": {
              "deployedBy": "terraform/azure/caf-enterprise-scale"
            },
            "timeouts": null,
            "workspace_name": "law-management-we-01",
            "workspace_resource_id": "/subscriptions/71ced1df-304a-45c9-8c3c-104536646338/resourceGroups/rg-management-we-01/providers/Microsoft.OperationalInsights/workspaces/law-management-we-01"
          },
          "sensitive_attributes": [],
          "private": "eyJlMmJmYjczMC1lY2FhLTExZTYtOGY4OC0zNDM2M2JjN2M0YzAiOnsiY3JlYXRlIjoxODAwMDAwMDAwMDAwLCJkZWxldGUiOjE4MDAwMDAwMDAwMDAsInJlYWQiOjMwMDAwMDAwMDAwMCwidXBkYXRlIjoxODAwMDAwMDAwMDAwfSwic2NoZW1hX3ZlcnNpb24iOiIxIn0=",
          "dependencies": [
            "data.azurerm_client_config.core",
            "data.azurerm_client_config.management",
            "module.caf-enterprise-scale.azurerm_automation_account.management",
            "module.caf-enterprise-scale.azurerm_log_analytics_linked_service.management",
            "module.caf-enterprise-scale.azurerm_log_analytics_workspace.management",
            "module.caf-enterprise-scale.azurerm_resource_group.management"
          ]
        },
        {
          "index_key": "/subscriptions/71ced1df-304a-45c9-8c3c-104536646338/resourceGroups/rg-management-we-01/providers/Microsoft.OperationsManagement/solutions/AntiMalware(law-management-we-01)",
          "schema_version": 1,
          "attributes": {
            "id": "/subscriptions/71ced1df-304a-45c9-8c3c-104536646338/resourceGroups/rg-management-we-01/providers/Microsoft.OperationsManagement/solutions/AntiMalware(law-management-we-01)",
            "location": "westeurope",
            "plan": [
              {
                "name": "AntiMalware(law-management-we-01)",
                "product": "OMSGallery/AntiMalware",
                "promotion_code": "",
                "publisher": "Microsoft"
              }
            ],
            "resource_group_name": "rg-management-we-01",
            "solution_name": "AntiMalware",
            "tags": {
              "deployedBy": "terraform/azure/caf-enterprise-scale"
            },
            "timeouts": null,
            "workspace_name": "law-management-we-01",
            "workspace_resource_id": "/subscriptions/71ced1df-304a-45c9-8c3c-104536646338/resourceGroups/rg-management-we-01/providers/Microsoft.OperationalInsights/workspaces/law-management-we-01"
          },
          "sensitive_attributes": [],
          "private": "eyJlMmJmYjczMC1lY2FhLTExZTYtOGY4OC0zNDM2M2JjN2M0YzAiOnsiY3JlYXRlIjoxODAwMDAwMDAwMDAwLCJkZWxldGUiOjE4MDAwMDAwMDAwMDAsInJlYWQiOjMwMDAwMDAwMDAwMCwidXBkYXRlIjoxODAwMDAwMDAwMDAwfSwic2NoZW1hX3ZlcnNpb24iOiIxIn0=",
          "dependencies": [
            "data.azurerm_client_config.core",
            "data.azurerm_client_config.management",
            "module.caf-enterprise-scale.azurerm_automation_account.management",
            "module.caf-enterprise-scale.azurerm_log_analytics_linked_service.management",
            "module.caf-enterprise-scale.azurerm_log_analytics_workspace.management",
            "module.caf-enterprise-scale.azurerm_resource_group.management"
          ]
        },
        {
          "index_key": "/subscriptions/71ced1df-304a-45c9-8c3c-104536646338/resourceGroups/rg-management-we-01/providers/Microsoft.OperationsManagement/solutions/AzureActivity(law-management-we-01)",
          "schema_version": 1,
          "attributes": {
            "id": "/subscriptions/71ced1df-304a-45c9-8c3c-104536646338/resourceGroups/rg-management-we-01/providers/Microsoft.OperationsManagement/solutions/AzureActivity(law-management-we-01)",
            "location": "westeurope",
            "plan": [
              {
                "name": "AzureActivity(law-management-we-01)",
                "product": "OMSGallery/AzureActivity",
                "promotion_code": "",
                "publisher": "Microsoft"
              }
            ],
            "resource_group_name": "rg-management-we-01",
            "solution_name": "AzureActivity",
            "tags": {
              "deployedBy": "terraform/azure/caf-enterprise-scale"
            },
            "timeouts": null,
            "workspace_name": "law-management-we-01",
            "workspace_resource_id": "/subscriptions/71ced1df-304a-45c9-8c3c-104536646338/resourceGroups/rg-management-we-01/providers/Microsoft.OperationalInsights/workspaces/law-management-we-01"
          },
          "sensitive_attributes": [],
          "private": "eyJlMmJmYjczMC1lY2FhLTExZTYtOGY4OC0zNDM2M2JjN2M0YzAiOnsiY3JlYXRlIjoxODAwMDAwMDAwMDAwLCJkZWxldGUiOjE4MDAwMDAwMDAwMDAsInJlYWQiOjMwMDAwMDAwMDAwMCwidXBkYXRlIjoxODAwMDAwMDAwMDAwfSwic2NoZW1hX3ZlcnNpb24iOiIxIn0=",
          "dependencies": [
            "data.azurerm_client_config.core",
            "data.azurerm_client_config.management",
            "module.caf-enterprise-scale.azurerm_automation_account.management",
            "module.caf-enterprise-scale.azurerm_log_analytics_linked_service.management",
            "module.caf-enterprise-scale.azurerm_log_analytics_workspace.management",
            "module.caf-enterprise-scale.azurerm_resource_group.management"
          ]
        },
        {
          "index_key": "/subscriptions/71ced1df-304a-45c9-8c3c-104536646338/resourceGroups/rg-management-we-01/providers/Microsoft.OperationsManagement/solutions/ChangeTracking(law-management-we-01)",
          "schema_version": 1,
          "attributes": {
            "id": "/subscriptions/71ced1df-304a-45c9-8c3c-104536646338/resourceGroups/rg-management-we-01/providers/Microsoft.OperationsManagement/solutions/ChangeTracking(law-management-we-01)",
            "location": "westeurope",
            "plan": [
              {
                "name": "ChangeTracking(law-management-we-01)",
                "product": "OMSGallery/ChangeTracking",
                "promotion_code": "",
                "publisher": "Microsoft"
              }
            ],
            "resource_group_name": "rg-management-we-01",
            "solution_name": "ChangeTracking",
            "tags": {
              "deployedBy": "terraform/azure/caf-enterprise-scale"
            },
            "timeouts": null,
            "workspace_name": "law-management-we-01",
            "workspace_resource_id": "/subscriptions/71ced1df-304a-45c9-8c3c-104536646338/resourceGroups/rg-management-we-01/providers/Microsoft.OperationalInsights/workspaces/law-management-we-01"
          },
          "sensitive_attributes": [],
          "private": "eyJlMmJmYjczMC1lY2FhLTExZTYtOGY4OC0zNDM2M2JjN2M0YzAiOnsiY3JlYXRlIjoxODAwMDAwMDAwMDAwLCJkZWxldGUiOjE4MDAwMDAwMDAwMDAsInJlYWQiOjMwMDAwMDAwMDAwMCwidXBkYXRlIjoxODAwMDAwMDAwMDAwfSwic2NoZW1hX3ZlcnNpb24iOiIxIn0=",
          "dependencies": [
            "data.azurerm_client_config.core",
            "data.azurerm_client_config.management",
            "module.caf-enterprise-scale.azurerm_automation_account.management",
            "module.caf-enterprise-scale.azurerm_log_analytics_linked_service.management",
            "module.caf-enterprise-scale.azurerm_log_analytics_workspace.management",
            "module.caf-enterprise-scale.azurerm_resource_group.management"
          ]
        },
        {
          "index_key": "/subscriptions/71ced1df-304a-45c9-8c3c-104536646338/resourceGroups/rg-management-we-01/providers/Microsoft.OperationsManagement/solutions/SQLAdvancedThreatProtection(law-management-we-01)",
          "schema_version": 1,
          "attributes": {
            "id": "/subscriptions/71ced1df-304a-45c9-8c3c-104536646338/resourceGroups/rg-management-we-01/providers/Microsoft.OperationsManagement/solutions/SQLAdvancedThreatProtection(law-management-we-01)",
            "location": "westeurope",
            "plan": [
              {
                "name": "SQLAdvancedThreatProtection(law-management-we-01)",
                "product": "OMSGallery/SQLAdvancedThreatProtection",
                "promotion_code": "",
                "publisher": "Microsoft"
              }
            ],
            "resource_group_name": "rg-management-we-01",
            "solution_name": "SQLAdvancedThreatProtection",
            "tags": {
              "deployedBy": "terraform/azure/caf-enterprise-scale"
            },
            "timeouts": null,
            "workspace_name": "law-management-we-01",
            "workspace_resource_id": "/subscriptions/71ced1df-304a-45c9-8c3c-104536646338/resourceGroups/rg-management-we-01/providers/Microsoft.OperationalInsights/workspaces/law-management-we-01"
          },
          "sensitive_attributes": [],
          "private": "eyJlMmJmYjczMC1lY2FhLTExZTYtOGY4OC0zNDM2M2JjN2M0YzAiOnsiY3JlYXRlIjoxODAwMDAwMDAwMDAwLCJkZWxldGUiOjE4MDAwMDAwMDAwMDAsInJlYWQiOjMwMDAwMDAwMDAwMCwidXBkYXRlIjoxODAwMDAwMDAwMDAwfSwic2NoZW1hX3ZlcnNpb24iOiIxIn0=",
          "dependencies": [
            "data.azurerm_client_config.core",
            "data.azurerm_client_config.management",
            "module.caf-enterprise-scale.azurerm_automation_account.management",
            "module.caf-enterprise-scale.azurerm_log_analytics_linked_service.management",
            "module.caf-enterprise-scale.azurerm_log_analytics_workspace.management",
            "module.caf-enterprise-scale.azurerm_resource_group.management"
          ]
        },
        {
          "index_key": "/subscriptions/71ced1df-304a-45c9-8c3c-104536646338/resourceGroups/rg-management-we-01/providers/Microsoft.OperationsManagement/solutions/SQLAssessment(law-management-we-01)",
          "schema_version": 1,
          "attributes": {
            "id": "/subscriptions/71ced1df-304a-45c9-8c3c-104536646338/resourceGroups/rg-management-we-01/providers/Microsoft.OperationsManagement/solutions/SQLAssessment(law-management-we-01)",
            "location": "westeurope",
            "plan": [
              {
                "name": "SQLAssessment(law-management-we-01)",
                "product": "OMSGallery/SQLAssessment",
                "promotion_code": "",
                "publisher": "Microsoft"
              }
            ],
            "resource_group_name": "rg-management-we-01",
            "solution_name": "SQLAssessment",
            "tags": {
              "deployedBy": "terraform/azure/caf-enterprise-scale"
            },
            "timeouts": null,
            "workspace_name": "law-management-we-01",
            "workspace_resource_id": "/subscriptions/71ced1df-304a-45c9-8c3c-104536646338/resourceGroups/rg-management-we-01/providers/Microsoft.OperationalInsights/workspaces/law-management-we-01"
          },
          "sensitive_attributes": [],
          "private": "eyJlMmJmYjczMC1lY2FhLTExZTYtOGY4OC0zNDM2M2JjN2M0YzAiOnsiY3JlYXRlIjoxODAwMDAwMDAwMDAwLCJkZWxldGUiOjE4MDAwMDAwMDAwMDAsInJlYWQiOjMwMDAwMDAwMDAwMCwidXBkYXRlIjoxODAwMDAwMDAwMDAwfSwic2NoZW1hX3ZlcnNpb24iOiIxIn0=",
          "dependencies": [
            "data.azurerm_client_config.core",
            "data.azurerm_client_config.management",
            "module.caf-enterprise-scale.azurerm_automation_account.management",
            "module.caf-enterprise-scale.azurerm_log_analytics_linked_service.management",
            "module.caf-enterprise-scale.azurerm_log_analytics_workspace.management",
            "module.caf-enterprise-scale.azurerm_resource_group.management"
          ]
        },
        {
          "index_key": "/subscriptions/71ced1df-304a-45c9-8c3c-104536646338/resourceGroups/rg-management-we-01/providers/Microsoft.OperationsManagement/solutions/SQLVulnerabilityAssessment(law-management-we-01)",
          "schema_version": 1,
          "attributes": {
            "id": "/subscriptions/71ced1df-304a-45c9-8c3c-104536646338/resourceGroups/rg-management-we-01/providers/Microsoft.OperationsManagement/solutions/SQLVulnerabilityAssessment(law-management-we-01)",
            "location": "westeurope",
            "plan": [
              {
                "name": "SQLVulnerabilityAssessment(law-management-we-01)",
                "product": "OMSGallery/SQLVulnerabilityAssessment",
                "promotion_code": "",
                "publisher": "Microsoft"
              }
            ],
            "resource_group_name": "rg-management-we-01",
            "solution_name": "SQLVulnerabilityAssessment",
            "tags": {
              "deployedBy": "terraform/azure/caf-enterprise-scale"
            },
            "timeouts": null,
            "workspace_name": "law-management-we-01",
            "workspace_resource_id": "/subscriptions/71ced1df-304a-45c9-8c3c-104536646338/resourceGroups/rg-management-we-01/providers/Microsoft.OperationalInsights/workspaces/law-management-we-01"
          },
          "sensitive_attributes": [],
          "private": "eyJlMmJmYjczMC1lY2FhLTExZTYtOGY4OC0zNDM2M2JjN2M0YzAiOnsiY3JlYXRlIjoxODAwMDAwMDAwMDAwLCJkZWxldGUiOjE4MDAwMDAwMDAwMDAsInJlYWQiOjMwMDAwMDAwMDAwMCwidXBkYXRlIjoxODAwMDAwMDAwMDAwfSwic2NoZW1hX3ZlcnNpb24iOiIxIn0=",
          "dependencies": [
            "data.azurerm_client_config.core",
            "data.azurerm_client_config.management",
            "module.caf-enterprise-scale.azurerm_automation_account.management",
            "module.caf-enterprise-scale.azurerm_log_analytics_linked_service.management",
            "module.caf-enterprise-scale.azurerm_log_analytics_workspace.management",
            "module.caf-enterprise-scale.azurerm_resource_group.management"
          ]
        },
        {
          "index_key": "/subscriptions/71ced1df-304a-45c9-8c3c-104536646338/resourceGroups/rg-management-we-01/providers/Microsoft.OperationsManagement/solutions/Security(law-management-we-01)",
          "schema_version": 1,
          "attributes": {
            "id": "/subscriptions/71ced1df-304a-45c9-8c3c-104536646338/resourceGroups/rg-management-we-01/providers/Microsoft.OperationsManagement/solutions/Security(law-management-we-01)",
            "location": "westeurope",
            "plan": [
              {
                "name": "Security(law-management-we-01)",
                "product": "OMSGallery/Security",
                "promotion_code": "",
                "publisher": "Microsoft"
              }
            ],
            "resource_group_name": "rg-management-we-01",
            "solution_name": "Security",
            "tags": {
              "deployedBy": "terraform/azure/caf-enterprise-scale"
            },
            "timeouts": null,
            "workspace_name": "law-management-we-01",
            "workspace_resource_id": "/subscriptions/71ced1df-304a-45c9-8c3c-104536646338/resourceGroups/rg-management-we-01/providers/Microsoft.OperationalInsights/workspaces/law-management-we-01"
          },
          "sensitive_attributes": [],
          "private": "eyJlMmJmYjczMC1lY2FhLTExZTYtOGY4OC0zNDM2M2JjN2M0YzAiOnsiY3JlYXRlIjoxODAwMDAwMDAwMDAwLCJkZWxldGUiOjE4MDAwMDAwMDAwMDAsInJlYWQiOjMwMDAwMDAwMDAwMCwidXBkYXRlIjoxODAwMDAwMDAwMDAwfSwic2NoZW1hX3ZlcnNpb24iOiIxIn0=",
          "dependencies": [
            "data.azurerm_client_config.core",
            "data.azurerm_client_config.management",
            "module.caf-enterprise-scale.azurerm_automation_account.management",
            "module.caf-enterprise-scale.azurerm_log_analytics_linked_service.management",
            "module.caf-enterprise-scale.azurerm_log_analytics_workspace.management",
            "module.caf-enterprise-scale.azurerm_resource_group.management"
          ]
        },
        {
          "index_key": "/subscriptions/71ced1df-304a-45c9-8c3c-104536646338/resourceGroups/rg-management-we-01/providers/Microsoft.OperationsManagement/solutions/SecurityInsights(law-management-we-01)",
          "schema_version": 1,
          "attributes": {
            "id": "/subscriptions/71ced1df-304a-45c9-8c3c-104536646338/resourceGroups/rg-management-we-01/providers/Microsoft.OperationsManagement/solutions/SecurityInsights(law-management-we-01)",
            "location": "westeurope",
            "plan": [
              {
                "name": "SecurityInsights(law-management-we-01)",
                "product": "OMSGallery/SecurityInsights",
                "promotion_code": "",
                "publisher": "Microsoft"
              }
            ],
            "resource_group_name": "rg-management-we-01",
            "solution_name": "SecurityInsights",
            "tags": {
              "deployedBy": "terraform/azure/caf-enterprise-scale"
            },
            "timeouts": null,
            "workspace_name": "law-management-we-01",
            "workspace_resource_id": "/subscriptions/71ced1df-304a-45c9-8c3c-104536646338/resourceGroups/rg-management-we-01/providers/Microsoft.OperationalInsights/workspaces/law-management-we-01"
          },
          "sensitive_attributes": [],
          "private": "eyJlMmJmYjczMC1lY2FhLTExZTYtOGY4OC0zNDM2M2JjN2M0YzAiOnsiY3JlYXRlIjoxODAwMDAwMDAwMDAwLCJkZWxldGUiOjE4MDAwMDAwMDAwMDAsInJlYWQiOjMwMDAwMDAwMDAwMCwidXBkYXRlIjoxODAwMDAwMDAwMDAwfSwic2NoZW1hX3ZlcnNpb24iOiIxIn0=",
          "dependencies": [
            "data.azurerm_client_config.core",
            "data.azurerm_client_config.management",
            "module.caf-enterprise-scale.azurerm_automation_account.management",
            "module.caf-enterprise-scale.azurerm_log_analytics_linked_service.management",
            "module.caf-enterprise-scale.azurerm_log_analytics_workspace.management",
            "module.caf-enterprise-scale.azurerm_resource_group.management"
          ]
        },
        {
          "index_key": "/subscriptions/71ced1df-304a-45c9-8c3c-104536646338/resourceGroups/rg-management-we-01/providers/Microsoft.OperationsManagement/solutions/ServiceMap(law-management-we-01)",
          "schema_version": 1,
          "attributes": {
            "id": "/subscriptions/71ced1df-304a-45c9-8c3c-104536646338/resourceGroups/rg-management-we-01/providers/Microsoft.OperationsManagement/solutions/ServiceMap(law-management-we-01)",
            "location": "westeurope",
            "plan": [
              {
                "name": "ServiceMap(law-management-we-01)",
                "product": "OMSGallery/ServiceMap",
                "promotion_code": "",
                "publisher": "Microsoft"
              }
            ],
            "resource_group_name": "rg-management-we-01",
            "solution_name": "ServiceMap",
            "tags": {
              "deployedBy": "terraform/azure/caf-enterprise-scale"
            },
            "timeouts": null,
            "workspace_name": "law-management-we-01",
            "workspace_resource_id": "/subscriptions/71ced1df-304a-45c9-8c3c-104536646338/resourceGroups/rg-management-we-01/providers/Microsoft.OperationalInsights/workspaces/law-management-we-01"
          },
          "sensitive_attributes": [],
          "private": "eyJlMmJmYjczMC1lY2FhLTExZTYtOGY4OC0zNDM2M2JjN2M0YzAiOnsiY3JlYXRlIjoxODAwMDAwMDAwMDAwLCJkZWxldGUiOjE4MDAwMDAwMDAwMDAsInJlYWQiOjMwMDAwMDAwMDAwMCwidXBkYXRlIjoxODAwMDAwMDAwMDAwfSwic2NoZW1hX3ZlcnNpb24iOiIxIn0=",
          "dependencies": [
            "data.azurerm_client_config.core",
            "data.azurerm_client_config.management",
            "module.caf-enterprise-scale.azurerm_automation_account.management",
            "module.caf-enterprise-scale.azurerm_log_analytics_linked_service.management",
            "module.caf-enterprise-scale.azurerm_log_analytics_workspace.management",
            "module.caf-enterprise-scale.azurerm_resource_group.management"
          ]
        },
        {
          "index_key": "/subscriptions/71ced1df-304a-45c9-8c3c-104536646338/resourceGroups/rg-management-we-01/providers/Microsoft.OperationsManagement/solutions/Updates(law-management-we-01)",
          "schema_version": 1,
          "attributes": {
            "id": "/subscriptions/71ced1df-304a-45c9-8c3c-104536646338/resourceGroups/rg-management-we-01/providers/Microsoft.OperationsManagement/solutions/Updates(law-management-we-01)",
            "location": "westeurope",
            "plan": [
              {
                "name": "Updates(law-management-we-01)",
                "product": "OMSGallery/Updates",
                "promotion_code": "",
                "publisher": "Microsoft"
              }
            ],
            "resource_group_name": "rg-management-we-01",
            "solution_name": "Updates",
            "tags": {
              "deployedBy": "terraform/azure/caf-enterprise-scale"
            },
            "timeouts": null,
            "workspace_name": "law-management-we-01",
            "workspace_resource_id": "/subscriptions/71ced1df-304a-45c9-8c3c-104536646338/resourceGroups/rg-management-we-01/providers/Microsoft.OperationalInsights/workspaces/law-management-we-01"
          },
          "sensitive_attributes": [],
          "private": "eyJlMmJmYjczMC1lY2FhLTExZTYtOGY4OC0zNDM2M2JjN2M0YzAiOnsiY3JlYXRlIjoxODAwMDAwMDAwMDAwLCJkZWxldGUiOjE4MDAwMDAwMDAwMDAsInJlYWQiOjMwMDAwMDAwMDAwMCwidXBkYXRlIjoxODAwMDAwMDAwMDAwfSwic2NoZW1hX3ZlcnNpb24iOiIxIn0=",
          "dependencies": [
            "data.azurerm_client_config.core",
            "data.azurerm_client_config.management",
            "module.caf-enterprise-scale.azurerm_automation_account.management",
            "module.caf-enterprise-scale.azurerm_log_analytics_linked_service.management",
            "module.caf-enterprise-scale.azurerm_log_analytics_workspace.management",
            "module.caf-enterprise-scale.azurerm_resource_group.management"
          ]
        },
        {
          "index_key": "/subscriptions/71ced1df-304a-45c9-8c3c-104536646338/resourceGroups/rg-management-we-01/providers/Microsoft.OperationsManagement/solutions/VMInsights(law-management-we-01)",
          "schema_version": 1,
          "attributes": {
            "id": "/subscriptions/71ced1df-304a-45c9-8c3c-104536646338/resourceGroups/rg-management-we-01/providers/Microsoft.OperationsManagement/solutions/VMInsights(law-management-we-01)",
            "location": "westeurope",
            "plan": [
              {
                "name": "VMInsights(law-management-we-01)",
                "product": "OMSGallery/VMInsights",
                "promotion_code": "",
                "publisher": "Microsoft"
              }
            ],
            "resource_group_name": "rg-management-we-01",
            "solution_name": "VMInsights",
            "tags": {
              "deployedBy": "terraform/azure/caf-enterprise-scale"
            },
            "timeouts": null,
            "workspace_name": "law-management-we-01",
            "workspace_resource_id": "/subscriptions/71ced1df-304a-45c9-8c3c-104536646338/resourceGroups/rg-management-we-01/providers/Microsoft.OperationalInsights/workspaces/law-management-we-01"
          },
          "sensitive_attributes": [],
          "private": "eyJlMmJmYjczMC1lY2FhLTExZTYtOGY4OC0zNDM2M2JjN2M0YzAiOnsiY3JlYXRlIjoxODAwMDAwMDAwMDAwLCJkZWxldGUiOjE4MDAwMDAwMDAwMDAsInJlYWQiOjMwMDAwMDAwMDAwMCwidXBkYXRlIjoxODAwMDAwMDAwMDAwfSwic2NoZW1hX3ZlcnNpb24iOiIxIn0=",
          "dependencies": [
            "data.azurerm_client_config.core",
            "data.azurerm_client_config.management",
            "module.caf-enterprise-scale.azurerm_automation_account.management",
            "module.caf-enterprise-scale.azurerm_log_analytics_linked_service.management",
            "module.caf-enterprise-scale.azurerm_log_analytics_workspace.management",
            "module.caf-enterprise-scale.azurerm_resource_group.management"
          ]
        }
      ]
    },
    {
      "module": "module.caf-enterprise-scale",
      "mode": "managed",
      "type": "azurerm_log_analytics_workspace",
      "name": "management",
      "provider": "provider[\"registry.terraform.io/hashicorp/azurerm\"].management",
      "instances": [
        {
          "index_key": "/subscriptions/71ced1df-304a-45c9-8c3c-104536646338/resourceGroups/rg-management-we-01/providers/Microsoft.OperationalInsights/workspaces/law-management-we-01",
          "schema_version": 2,
          "attributes": {
            "cmk_for_query_forced": false,
            "daily_quota_gb": -1,
            "id": "/subscriptions/71ced1df-304a-45c9-8c3c-104536646338/resourceGroups/rg-management-we-01/providers/Microsoft.OperationalInsights/workspaces/law-management-we-01",
            "internet_ingestion_enabled": true,
            "internet_query_enabled": true,
            "location": "westeurope",
            "name": "law-management-we-01",
            "primary_shared_key": "I5g/SgQc+zlkgJ7akgY8tgp2cUrypDEDMx0TlMCpnYmvVqg5ap/hIl45/E3aVazbMnRIA8nXH7DjSjZSDKkxVA==",
            "reservation_capacity_in_gb_per_day": null,
            "resource_group_name": "rg-management-we-01",
            "retention_in_days": 30,
            "secondary_shared_key": "d5duwA4jAkjJGXC/xeV6s6lxQFLCm0NoUDMo107zOzGNaD/npvdOqr+FmOnBCqHp/GOMSAb5jMD+yZTKWjYlHA==",
            "sku": "PerGB2018",
            "tags": {
              "deployedBy": "terraform/azure/caf-enterprise-scale"
            },
            "timeouts": null,
            "workspace_id": "76862c7e-288b-4021-95c7-dd7f7973734a"
          },
          "sensitive_attributes": [],
          "private": "eyJlMmJmYjczMC1lY2FhLTExZTYtOGY4OC0zNDM2M2JjN2M0YzAiOnsiY3JlYXRlIjoxODAwMDAwMDAwMDAwLCJkZWxldGUiOjE4MDAwMDAwMDAwMDAsInJlYWQiOjMwMDAwMDAwMDAwMCwidXBkYXRlIjoxODAwMDAwMDAwMDAwfSwic2NoZW1hX3ZlcnNpb24iOiIyIn0=",
          "dependencies": [
            "data.azurerm_client_config.core",
            "data.azurerm_client_config.management",
            "module.caf-enterprise-scale.azurerm_resource_group.management"
          ]
        }
      ]
    },
    {
      "module": "module.caf-enterprise-scale",
      "mode": "managed",
      "type": "azurerm_resource_group",
      "name": "management",
      "provider": "provider[\"registry.terraform.io/hashicorp/azurerm\"].management",
      "instances": [
        {
          "index_key": "/subscriptions/71ced1df-304a-45c9-8c3c-104536646338/resourceGroups/rg-management-we-01",
          "schema_version": 0,
          "attributes": {
            "id": "/subscriptions/71ced1df-304a-45c9-8c3c-104536646338/resourceGroups/rg-management-we-01",
            "location": "westeurope",
            "name": "rg-management-we-01",
            "tags": {
              "deployedBy": "terraform/azure/caf-enterprise-scale"
            },
            "timeouts": null
          },
          "sensitive_attributes": [],
          "private": "eyJlMmJmYjczMC1lY2FhLTExZTYtOGY4OC0zNDM2M2JjN2M0YzAiOnsiY3JlYXRlIjo1NDAwMDAwMDAwMDAwLCJkZWxldGUiOjU0MDAwMDAwMDAwMDAsInJlYWQiOjMwMDAwMDAwMDAwMCwidXBkYXRlIjo1NDAwMDAwMDAwMDAwfX0=",
          "dependencies": [
            "data.azurerm_client_config.core",
            "data.azurerm_client_config.management"
          ]
        }
      ]
    },
    {
      "module": "module.caf-enterprise-scale",
      "mode": "managed",
      "type": "azurerm_subscription_template_deployment",
      "name": "telemetry_core",
      "provider": "provider[\"registry.terraform.io/hashicorp/azurerm\"]",
      "instances": [
        {
          "index_key": 0,
          "schema_version": 0,
          "attributes": {
            "debug_level": "",
            "id": "/subscriptions/71ced1df-304a-45c9-8c3c-104536646338/providers/Microsoft.Resources/deployments/pid-36dcde81-8c33-4da0-8dc3-265381502ccb_v2.4.0_0000_fde40c3e",
            "location": "eastus",
            "name": "pid-36dcde81-8c33-4da0-8dc3-265381502ccb_v2.4.0_0000_fde40c3e",
            "output_content": "{\"telemetry\":{\"type\":\"String\",\"value\":\"For more information, see https://aka.ms/alz/tf/telemetry\"}}",
            "parameters_content": "{}",
            "tags": null,
            "template_content": "{\"$schema\":\"https://schema.management.azure.com/schemas/2018-05-01/subscriptionDeploymentTemplate.json#\",\"contentVersion\":\"1.0.0.0\",\"outputs\":{\"telemetry\":{\"type\":\"String\",\"value\":\"For more information, see https://aka.ms/alz/tf/telemetry\"}},\"parameters\":{},\"resources\":[],\"variables\":{}}",
            "template_spec_version_id": "",
            "timeouts": null
          },
          "sensitive_attributes": [],
          "private": "eyJlMmJmYjczMC1lY2FhLTExZTYtOGY4OC0zNDM2M2JjN2M0YzAiOnsiY3JlYXRlIjoxMDgwMDAwMDAwMDAwMCwiZGVsZXRlIjoxMDgwMDAwMDAwMDAwMCwicmVhZCI6MzAwMDAwMDAwMDAwLCJ1cGRhdGUiOjEwODAwMDAwMDAwMDAwfX0=",
          "dependencies": [
            "module.caf-enterprise-scale.random_id.telem"
          ]
        }
      ]
    },
    {
      "module": "module.caf-enterprise-scale",
      "mode": "managed",
      "type": "azurerm_subscription_template_deployment",
      "name": "telemetry_management",
      "provider": "provider[\"registry.terraform.io/hashicorp/azurerm\"].management",
      "instances": [
        {
          "index_key": 0,
          "schema_version": 0,
          "attributes": {
            "debug_level": "",
            "id": "/subscriptions/71ced1df-304a-45c9-8c3c-104536646338/providers/Microsoft.Resources/deployments/pid-6fffb9f9-2691-412a-837e-3f72dcfe70cb_v2.4.0_0003_fde40c3e",
            "location": "eastus",
            "name": "pid-6fffb9f9-2691-412a-837e-3f72dcfe70cb_v2.4.0_0003_fde40c3e",
            "output_content": "{\"telemetry\":{\"type\":\"String\",\"value\":\"For more information, see https://aka.ms/alz/tf/telemetry\"}}",
            "parameters_content": "{}",
            "tags": null,
            "template_content": "{\"$schema\":\"https://schema.management.azure.com/schemas/2018-05-01/subscriptionDeploymentTemplate.json#\",\"contentVersion\":\"1.0.0.0\",\"outputs\":{\"telemetry\":{\"type\":\"String\",\"value\":\"For more information, see https://aka.ms/alz/tf/telemetry\"}},\"parameters\":{},\"resources\":[],\"variables\":{}}",
            "template_spec_version_id": "",
            "timeouts": null
          },
          "sensitive_attributes": [],
          "private": "eyJlMmJmYjczMC1lY2FhLTExZTYtOGY4OC0zNDM2M2JjN2M0YzAiOnsiY3JlYXRlIjoxMDgwMDAwMDAwMDAwMCwiZGVsZXRlIjoxMDgwMDAwMDAwMDAwMCwicmVhZCI6MzAwMDAwMDAwMDAwLCJ1cGRhdGUiOjEwODAwMDAwMDAwMDAwfX0=",
          "dependencies": [
            "data.azurerm_client_config.core",
            "module.caf-enterprise-scale.random_id.telem"
          ]
        }
      ]
    },
    {
      "module": "module.caf-enterprise-scale",
      "mode": "managed",
      "type": "random_id",
      "name": "telem",
      "provider": "provider[\"registry.terraform.io/hashicorp/random\"]",
      "instances": [
        {
          "index_key": 0,
          "schema_version": 0,
          "attributes": {
            "b64_std": "/eQMPg==",
            "b64_url": "_eQMPg",
            "byte_length": 4,
            "dec": "4259580990",
            "hex": "fde40c3e",
            "id": "_eQMPg",
            "keepers": null,
            "prefix": null
          },
          "sensitive_attributes": []
        }
      ]
    },
    {
      "module": "module.caf-enterprise-scale",
      "mode": "managed",
      "type": "time_sleep",
      "name": "after_azurerm_management_group",
      "provider": "provider[\"registry.terraform.io/hashicorp/time\"]",
      "instances": [
        {
          "schema_version": 0,
          "attributes": {
            "create_duration": "30s",
            "destroy_duration": "0s",
            "id": "2022-10-09T10:22:47Z",
            "triggers": {
              "azurerm_management_group_level_1": "[]",
              "azurerm_management_group_level_2": "[]",
              "azurerm_management_group_level_3": "[]",
              "azurerm_management_group_level_4": "[]",
              "azurerm_management_group_level_5": "[]",
              "azurerm_management_group_level_6": "[]"
            }
          },
          "sensitive_attributes": [],
          "private": "bnVsbA==",
          "dependencies": [
            "data.azurerm_client_config.core",
            "data.azurerm_client_config.management",
            "module.caf-enterprise-scale.azurerm_management_group.level_1",
            "module.caf-enterprise-scale.azurerm_management_group.level_2",
            "module.caf-enterprise-scale.azurerm_management_group.level_3",
            "module.caf-enterprise-scale.azurerm_management_group.level_4",
            "module.caf-enterprise-scale.azurerm_management_group.level_5",
            "module.caf-enterprise-scale.azurerm_management_group.level_6"
          ]
        }
      ]
    },
    {
      "module": "module.caf-enterprise-scale",
      "mode": "managed",
      "type": "time_sleep",
      "name": "after_azurerm_policy_assignment",
      "provider": "provider[\"registry.terraform.io/hashicorp/time\"]",
      "instances": [
        {
          "schema_version": 0,
          "attributes": {
            "create_duration": "30s",
            "destroy_duration": "0s",
            "id": "2022-10-09T10:24:17Z",
            "triggers": {
              "azurerm_management_group_policy_assignment_enterprise_scale": "[]"
            }
          },
          "sensitive_attributes": [],
          "private": "bnVsbA==",
          "dependencies": [
            "data.azurerm_client_config.core",
            "data.azurerm_client_config.management",
            "module.caf-enterprise-scale.azurerm_management_group.level_1",
            "module.caf-enterprise-scale.azurerm_management_group.level_2",
            "module.caf-enterprise-scale.azurerm_management_group.level_3",
            "module.caf-enterprise-scale.azurerm_management_group.level_4",
            "module.caf-enterprise-scale.azurerm_management_group.level_5",
            "module.caf-enterprise-scale.azurerm_management_group.level_6",
            "module.caf-enterprise-scale.azurerm_management_group_policy_assignment.enterprise_scale",
            "module.caf-enterprise-scale.azurerm_policy_definition.enterprise_scale",
            "module.caf-enterprise-scale.azurerm_policy_set_definition.enterprise_scale",
            "module.caf-enterprise-scale.time_sleep.after_azurerm_management_group",
            "module.caf-enterprise-scale.time_sleep.after_azurerm_policy_definition",
            "module.caf-enterprise-scale.time_sleep.after_azurerm_policy_set_definition"
          ]
        }
      ]
    },
    {
      "module": "module.caf-enterprise-scale",
      "mode": "managed",
      "type": "time_sleep",
      "name": "after_azurerm_policy_definition",
      "provider": "provider[\"registry.terraform.io/hashicorp/time\"]",
      "instances": [
        {
          "schema_version": 0,
          "attributes": {
            "create_duration": "30s",
            "destroy_duration": "0s",
            "id": "2022-10-09T10:23:17Z",
            "triggers": {
              "azurerm_policy_definition_enterprise_scale": "[]"
            }
          },
          "sensitive_attributes": [],
          "private": "bnVsbA==",
          "dependencies": [
            "data.azurerm_client_config.core",
            "data.azurerm_client_config.management",
            "module.caf-enterprise-scale.azurerm_management_group.level_1",
            "module.caf-enterprise-scale.azurerm_management_group.level_2",
            "module.caf-enterprise-scale.azurerm_management_group.level_3",
            "module.caf-enterprise-scale.azurerm_management_group.level_4",
            "module.caf-enterprise-scale.azurerm_management_group.level_5",
            "module.caf-enterprise-scale.azurerm_management_group.level_6",
            "module.caf-enterprise-scale.azurerm_policy_definition.enterprise_scale",
            "module.caf-enterprise-scale.time_sleep.after_azurerm_management_group"
          ]
        }
      ]
    },
    {
      "module": "module.caf-enterprise-scale",
      "mode": "managed",
      "type": "time_sleep",
      "name": "after_azurerm_policy_set_definition",
      "provider": "provider[\"registry.terraform.io/hashicorp/time\"]",
      "instances": [
        {
          "schema_version": 0,
          "attributes": {
            "create_duration": "30s",
            "destroy_duration": "0s",
            "id": "2022-10-09T10:23:47Z",
            "triggers": {
              "azurerm_policy_set_definition_enterprise_scale": "[]"
            }
          },
          "sensitive_attributes": [],
          "private": "bnVsbA==",
          "dependencies": [
            "data.azurerm_client_config.core",
            "data.azurerm_client_config.management",
            "module.caf-enterprise-scale.azurerm_management_group.level_1",
            "module.caf-enterprise-scale.azurerm_management_group.level_2",
            "module.caf-enterprise-scale.azurerm_management_group.level_3",
            "module.caf-enterprise-scale.azurerm_management_group.level_4",
            "module.caf-enterprise-scale.azurerm_management_group.level_5",
            "module.caf-enterprise-scale.azurerm_management_group.level_6",
            "module.caf-enterprise-scale.azurerm_policy_definition.enterprise_scale",
            "module.caf-enterprise-scale.azurerm_policy_set_definition.enterprise_scale",
            "module.caf-enterprise-scale.time_sleep.after_azurerm_management_group",
            "module.caf-enterprise-scale.time_sleep.after_azurerm_policy_definition"
          ]
        }
      ]
    },
    {
      "module": "module.caf-enterprise-scale",
      "mode": "managed",
      "type": "time_sleep",
      "name": "after_azurerm_role_assignment",
      "provider": "provider[\"registry.terraform.io/hashicorp/time\"]",
      "instances": [
        {
          "schema_version": 0,
          "attributes": {
            "create_duration": "0s",
            "destroy_duration": "0s",
            "id": "2022-10-09T10:24:17Z",
            "triggers": {
              "azurerm_role_assignment_enterprise_scale": "[]",
              "module_role_assignments_for_policy": "[]"
            }
          },
          "sensitive_attributes": [],
          "private": "bnVsbA==",
          "dependencies": [
            "data.azurerm_client_config.core",
            "data.azurerm_client_config.management",
            "module.caf-enterprise-scale.azurerm_management_group.level_1",
            "module.caf-enterprise-scale.azurerm_management_group.level_2",
            "module.caf-enterprise-scale.azurerm_management_group.level_3",
            "module.caf-enterprise-scale.azurerm_management_group.level_4",
            "module.caf-enterprise-scale.azurerm_management_group.level_5",
            "module.caf-enterprise-scale.azurerm_management_group.level_6",
            "module.caf-enterprise-scale.azurerm_management_group_policy_assignment.enterprise_scale",
            "module.caf-enterprise-scale.azurerm_policy_definition.enterprise_scale",
            "module.caf-enterprise-scale.azurerm_policy_set_definition.enterprise_scale",
            "module.caf-enterprise-scale.azurerm_role_assignment.enterprise_scale",
            "module.caf-enterprise-scale.azurerm_role_assignment.policy_assignment",
            "module.caf-enterprise-scale.azurerm_role_definition.enterprise_scale",
            "module.caf-enterprise-scale.data.azurerm_policy_definition.external_lookup",
            "module.caf-enterprise-scale.data.azurerm_policy_set_definition.external_lookup",
            "module.caf-enterprise-scale.module.role_assignments_for_policy.azurerm_role_assignment.for_policy",
            "module.caf-enterprise-scale.time_sleep.after_azurerm_management_group",
            "module.caf-enterprise-scale.time_sleep.after_azurerm_policy_assignment",
            "module.caf-enterprise-scale.time_sleep.after_azurerm_policy_definition",
            "module.caf-enterprise-scale.time_sleep.after_azurerm_policy_set_definition",
            "module.caf-enterprise-scale.time_sleep.after_azurerm_role_definition"
          ]
        }
      ]
    },
    {
      "module": "module.caf-enterprise-scale",
      "mode": "managed",
      "type": "time_sleep",
      "name": "after_azurerm_role_definition",
      "provider": "provider[\"registry.terraform.io/hashicorp/time\"]",
      "instances": [
        {
          "schema_version": 0,
          "attributes": {
            "create_duration": "60s",
            "destroy_duration": "0s",
            "id": "2022-10-09T10:23:47Z",
            "triggers": {
              "azurerm_role_definition_enterprise_scale": "[]"
            }
          },
          "sensitive_attributes": [],
          "private": "bnVsbA==",
          "dependencies": [
            "data.azurerm_client_config.core",
            "data.azurerm_client_config.management",
            "module.caf-enterprise-scale.azurerm_management_group.level_1",
            "module.caf-enterprise-scale.azurerm_management_group.level_2",
            "module.caf-enterprise-scale.azurerm_management_group.level_3",
            "module.caf-enterprise-scale.azurerm_management_group.level_4",
            "module.caf-enterprise-scale.azurerm_management_group.level_5",
            "module.caf-enterprise-scale.azurerm_management_group.level_6",
            "module.caf-enterprise-scale.azurerm_role_definition.enterprise_scale",
            "module.caf-enterprise-scale.time_sleep.after_azurerm_management_group"
          ]
        }
      ]
    }
  ]
}
