{
  "version": 4,
  "terraform_version": "1.2.9",
  "serial": 9,
  "lineage": "8d74818f-33fd-54d2-b57e-6808e8a5f1c1",
  "outputs": {},
  "resources": [
    {
      "mode": "data",
      "type": "azurerm_client_config",
      "name": "core",
      "provider": "provider[\"registry.terraform.io/hashicorp/azurerm\"]",
      "instances": [
        {
          "schema_version": 0,
          "attributes": {
            "client_id": "04b07795-8ddb-461a-bbee-02f9e1bf7b46",
            "id": "Y2xpZW50Q29uZmlncy9jbGllbnRJZD0wNGIwNzc5NS04ZGRiLTQ2MWEtYmJlZS0wMmY5ZTFiZjdiNDY7b2JqZWN0SWQ9ZjU1ZTI1ZDItOGMzNy00NjVjLWE2MWItOTMxYWUwNTAwMDZhO3N1YnNjcmlwdGlvbklkPTcxY2VkMWRmLTMwNGEtNDVjOS04YzNjLTEwNDUzNjY0NjMzODt0ZW5hbnRJZD1hMDE3YjdkMC00NjgwLTQ2MWQtYWRhYS1iMDYxYTljOTViNzY=",
            "object_id": "f55e25d2-8c37-465c-a61b-931ae050006a",
            "subscription_id": "71ced1df-304a-45c9-8c3c-104536646338",
            "tenant_id": "a017b7d0-4680-461d-adaa-b061a9c95b76",
            "timeouts": null
          },
          "sensitive_attributes": []
        }
      ]
    },
    {
      "mode": "data",
      "type": "azurerm_client_config",
      "name": "management",
      "provider": "provider[\"registry.terraform.io/hashicorp/azurerm\"].management",
      "instances": [
        {
          "schema_version": 0,
          "attributes": {
            "client_id": "04b07795-8ddb-461a-bbee-02f9e1bf7b46",
            "id": "Y2xpZW50Q29uZmlncy9jbGllbnRJZD0wNGIwNzc5NS04ZGRiLTQ2MWEtYmJlZS0wMmY5ZTFiZjdiNDY7b2JqZWN0SWQ9ZjU1ZTI1ZDItOGMzNy00NjVjLWE2MWItOTMxYWUwNTAwMDZhO3N1YnNjcmlwdGlvbklkPTcxY2VkMWRmLTMwNGEtNDVjOS04YzNjLTEwNDUzNjY0NjMzODt0ZW5hbnRJZD1hMDE3YjdkMC00NjgwLTQ2MWQtYWRhYS1iMDYxYTljOTViNzY=",
            "object_id": "f55e25d2-8c37-465c-a61b-931ae050006a",
            "subscription_id": "71ced1df-304a-45c9-8c3c-104536646338",
            "tenant_id": "a017b7d0-4680-461d-adaa-b061a9c95b76",
            "timeouts": null
          },
          "sensitive_attributes": []
        }
      ]
    },
    {
      "module": "module.caf-enterprise-scale",
      "mode": "managed",
      "type": "azurerm_subscription_template_deployment",
      "name": "telemetry_core",
      "provider": "provider[\"registry.terraform.io/hashicorp/azurerm\"]",
      "instances": [
        {
          "index_key": 0,
          "schema_version": 0,
          "attributes": {
            "debug_level": "",
            "id": "/subscriptions/71ced1df-304a-45c9-8c3c-104536646338/providers/Microsoft.Resources/deployments/pid-36dcde81-8c33-4da0-8dc3-265381502ccb_v2.4.0_0000_5b73f089",
            "location": "eastus",
            "name": "pid-36dcde81-8c33-4da0-8dc3-265381502ccb_v2.4.0_0000_5b73f089",
            "output_content": "{\"telemetry\":{\"type\":\"String\",\"value\":\"For more information, see https://aka.ms/alz/tf/telemetry\"}}",
            "parameters_content": "{}",
            "tags": null,
            "template_content": "{\"$schema\":\"https://schema.management.azure.com/schemas/2018-05-01/subscriptionDeploymentTemplate.json#\",\"contentVersion\":\"1.0.0.0\",\"outputs\":{\"telemetry\":{\"type\":\"String\",\"value\":\"For more information, see https://aka.ms/alz/tf/telemetry\"}},\"parameters\":{},\"resources\":[],\"variables\":{}}",
            "template_spec_version_id": "",
            "timeouts": null
          },
          "sensitive_attributes": [],
          "private": "eyJlMmJmYjczMC1lY2FhLTExZTYtOGY4OC0zNDM2M2JjN2M0YzAiOnsiY3JlYXRlIjoxMDgwMDAwMDAwMDAwMCwiZGVsZXRlIjoxMDgwMDAwMDAwMDAwMCwicmVhZCI6MzAwMDAwMDAwMDAwLCJ1cGRhdGUiOjEwODAwMDAwMDAwMDAwfX0=",
          "dependencies": [
            "module.caf-enterprise-scale.random_id.telem"
          ]
        }
      ]
    },
    {
      "module": "module.caf-enterprise-scale",
      "mode": "managed",
      "type": "random_id",
      "name": "telem",
      "provider": "provider[\"registry.terraform.io/hashicorp/random\"]",
      "instances": [
        {
          "index_key": 0,
          "schema_version": 0,
          "attributes": {
            "b64_std": "W3PwiQ==",
            "b64_url": "W3PwiQ",
            "byte_length": 4,
            "dec": "1534324873",
            "hex": "5b73f089",
            "id": "W3PwiQ",
            "keepers": null,
            "prefix": null
          },
          "sensitive_attributes": []
        }
      ]
    },
    {
      "module": "module.caf-enterprise-scale",
      "mode": "managed",
      "type": "time_sleep",
      "name": "after_azurerm_management_group",
      "provider": "provider[\"registry.terraform.io/hashicorp/time\"]",
      "instances": [
        {
          "schema_version": 0,
          "attributes": {
            "create_duration": "30s",
            "destroy_duration": "0s",
            "id": "2022-10-11T14:09:23Z",
            "triggers": {
              "azurerm_management_group_level_1": "[]",
              "azurerm_management_group_level_2": "[]",
              "azurerm_management_group_level_3": "[]",
              "azurerm_management_group_level_4": "[]",
              "azurerm_management_group_level_5": "[]",
              "azurerm_management_group_level_6": "[]"
            }
          },
          "sensitive_attributes": [],
          "private": "bnVsbA==",
          "dependencies": [
            "data.azurerm_client_config.core",
            "module.caf-enterprise-scale.azurerm_management_group.level_1",
            "module.caf-enterprise-scale.azurerm_management_group.level_2",
            "module.caf-enterprise-scale.azurerm_management_group.level_3",
            "module.caf-enterprise-scale.azurerm_management_group.level_4",
            "module.caf-enterprise-scale.azurerm_management_group.level_5",
            "module.caf-enterprise-scale.azurerm_management_group.level_6"
          ]
        }
      ]
    },
    {
      "module": "module.caf-enterprise-scale",
      "mode": "managed",
      "type": "time_sleep",
      "name": "after_azurerm_policy_assignment",
      "provider": "provider[\"registry.terraform.io/hashicorp/time\"]",
      "instances": [
        {
          "schema_version": 0,
          "attributes": {
            "create_duration": "30s",
            "destroy_duration": "0s",
            "id": "2022-10-11T14:10:53Z",
            "triggers": {
              "azurerm_management_group_policy_assignment_enterprise_scale": "[]"
            }
          },
          "sensitive_attributes": [],
          "private": "bnVsbA==",
          "dependencies": [
            "data.azurerm_client_config.core",
            "module.caf-enterprise-scale.azurerm_management_group.level_1",
            "module.caf-enterprise-scale.azurerm_management_group.level_2",
            "module.caf-enterprise-scale.azurerm_management_group.level_3",
            "module.caf-enterprise-scale.azurerm_management_group.level_4",
            "module.caf-enterprise-scale.azurerm_management_group.level_5",
            "module.caf-enterprise-scale.azurerm_management_group.level_6",
            "module.caf-enterprise-scale.azurerm_management_group_policy_assignment.enterprise_scale",
            "module.caf-enterprise-scale.azurerm_policy_definition.enterprise_scale",
            "module.caf-enterprise-scale.azurerm_policy_set_definition.enterprise_scale",
            "module.caf-enterprise-scale.time_sleep.after_azurerm_management_group",
            "module.caf-enterprise-scale.time_sleep.after_azurerm_policy_definition",
            "module.caf-enterprise-scale.time_sleep.after_azurerm_policy_set_definition"
          ]
        }
      ]
    },
    {
      "module": "module.caf-enterprise-scale",
      "mode": "managed",
      "type": "time_sleep",
      "name": "after_azurerm_policy_definition",
      "provider": "provider[\"registry.terraform.io/hashicorp/time\"]",
      "instances": [
        {
          "schema_version": 0,
          "attributes": {
            "create_duration": "30s",
            "destroy_duration": "0s",
            "id": "2022-10-11T14:09:53Z",
            "triggers": {
              "azurerm_policy_definition_enterprise_scale": "[]"
            }
          },
          "sensitive_attributes": [],
          "private": "bnVsbA==",
          "dependencies": [
            "data.azurerm_client_config.core",
            "module.caf-enterprise-scale.azurerm_management_group.level_1",
            "module.caf-enterprise-scale.azurerm_management_group.level_2",
            "module.caf-enterprise-scale.azurerm_management_group.level_3",
            "module.caf-enterprise-scale.azurerm_management_group.level_4",
            "module.caf-enterprise-scale.azurerm_management_group.level_5",
            "module.caf-enterprise-scale.azurerm_management_group.level_6",
            "module.caf-enterprise-scale.azurerm_policy_definition.enterprise_scale",
            "module.caf-enterprise-scale.time_sleep.after_azurerm_management_group"
          ]
        }
      ]
    },
    {
      "module": "module.caf-enterprise-scale",
      "mode": "managed",
      "type": "time_sleep",
      "name": "after_azurerm_policy_set_definition",
      "provider": "provider[\"registry.terraform.io/hashicorp/time\"]",
      "instances": [
        {
          "schema_version": 0,
          "attributes": {
            "create_duration": "30s",
            "destroy_duration": "0s",
            "id": "2022-10-11T14:10:23Z",
            "triggers": {
              "azurerm_policy_set_definition_enterprise_scale": "[]"
            }
          },
          "sensitive_attributes": [],
          "private": "bnVsbA==",
          "dependencies": [
            "data.azurerm_client_config.core",
            "module.caf-enterprise-scale.azurerm_management_group.level_1",
            "module.caf-enterprise-scale.azurerm_management_group.level_2",
            "module.caf-enterprise-scale.azurerm_management_group.level_3",
            "module.caf-enterprise-scale.azurerm_management_group.level_4",
            "module.caf-enterprise-scale.azurerm_management_group.level_5",
            "module.caf-enterprise-scale.azurerm_management_group.level_6",
            "module.caf-enterprise-scale.azurerm_policy_definition.enterprise_scale",
            "module.caf-enterprise-scale.azurerm_policy_set_definition.enterprise_scale",
            "module.caf-enterprise-scale.time_sleep.after_azurerm_management_group",
            "module.caf-enterprise-scale.time_sleep.after_azurerm_policy_definition"
          ]
        }
      ]
    },
    {
      "module": "module.caf-enterprise-scale",
      "mode": "managed",
      "type": "time_sleep",
      "name": "after_azurerm_role_assignment",
      "provider": "provider[\"registry.terraform.io/hashicorp/time\"]",
      "instances": [
        {
          "schema_version": 0,
          "attributes": {
            "create_duration": "0s",
            "destroy_duration": "0s",
            "id": "2022-10-11T14:10:53Z",
            "triggers": {
              "azurerm_role_assignment_enterprise_scale": "[]",
              "module_role_assignments_for_policy": "[]"
            }
          },
          "sensitive_attributes": [],
          "private": "bnVsbA==",
          "dependencies": [
            "data.azurerm_client_config.core",
            "module.caf-enterprise-scale.azurerm_management_group.level_1",
            "module.caf-enterprise-scale.azurerm_management_group.level_2",
            "module.caf-enterprise-scale.azurerm_management_group.level_3",
            "module.caf-enterprise-scale.azurerm_management_group.level_4",
            "module.caf-enterprise-scale.azurerm_management_group.level_5",
            "module.caf-enterprise-scale.azurerm_management_group.level_6",
            "module.caf-enterprise-scale.azurerm_management_group_policy_assignment.enterprise_scale",
            "module.caf-enterprise-scale.azurerm_policy_definition.enterprise_scale",
            "module.caf-enterprise-scale.azurerm_policy_set_definition.enterprise_scale",
            "module.caf-enterprise-scale.azurerm_role_assignment.enterprise_scale",
            "module.caf-enterprise-scale.azurerm_role_assignment.policy_assignment",
            "module.caf-enterprise-scale.azurerm_role_definition.enterprise_scale",
            "module.caf-enterprise-scale.data.azurerm_policy_definition.external_lookup",
            "module.caf-enterprise-scale.data.azurerm_policy_set_definition.external_lookup",
            "module.caf-enterprise-scale.module.role_assignments_for_policy.azurerm_role_assignment.for_policy",
            "module.caf-enterprise-scale.time_sleep.after_azurerm_management_group",
            "module.caf-enterprise-scale.time_sleep.after_azurerm_policy_assignment",
            "module.caf-enterprise-scale.time_sleep.after_azurerm_policy_definition",
            "module.caf-enterprise-scale.time_sleep.after_azurerm_policy_set_definition",
            "module.caf-enterprise-scale.time_sleep.after_azurerm_role_definition"
          ]
        }
      ]
    },
    {
      "module": "module.caf-enterprise-scale",
      "mode": "managed",
      "type": "time_sleep",
      "name": "after_azurerm_role_definition",
      "provider": "provider[\"registry.terraform.io/hashicorp/time\"]",
      "instances": [
        {
          "schema_version": 0,
          "attributes": {
            "create_duration": "60s",
            "destroy_duration": "0s",
            "id": "2022-10-11T14:10:23Z",
            "triggers": {
              "azurerm_role_definition_enterprise_scale": "[]"
            }
          },
          "sensitive_attributes": [],
          "private": "bnVsbA==",
          "dependencies": [
            "data.azurerm_client_config.core",
            "module.caf-enterprise-scale.azurerm_management_group.level_1",
            "module.caf-enterprise-scale.azurerm_management_group.level_2",
            "module.caf-enterprise-scale.azurerm_management_group.level_3",
            "module.caf-enterprise-scale.azurerm_management_group.level_4",
            "module.caf-enterprise-scale.azurerm_management_group.level_5",
            "module.caf-enterprise-scale.azurerm_management_group.level_6",
            "module.caf-enterprise-scale.azurerm_role_definition.enterprise_scale",
            "module.caf-enterprise-scale.time_sleep.after_azurerm_management_group"
          ]
        }
      ]
    }
  ]
}
