{
  "version": 4,
  "terraform_version": "1.2.9",
  "serial": 97,
  "lineage": "77050617-4d1f-437b-99cf-870839012d8d",
  "outputs": {},
  "resources": [
    {
      "mode": "data",
      "type": "azurerm_client_config",
      "name": "connectivity",
      "provider": "provider[\"registry.terraform.io/hashicorp/azurerm\"].connectivity",
      "instances": [
        {
          "schema_version": 0,
          "attributes": {
            "client_id": "04b07795-8ddb-461a-bbee-02f9e1bf7b46",
            "id": "Y2xpZW50Q29uZmlncy9jbGllbnRJZD0wNGIwNzc5NS04ZGRiLTQ2MWEtYmJlZS0wMmY5ZTFiZjdiNDY7b2JqZWN0SWQ9ZjU1ZTI1ZDItOGMzNy00NjVjLWE2MWItOTMxYWUwNTAwMDZhO3N1YnNjcmlwdGlvbklkPTcxY2VkMWRmLTMwNGEtNDVjOS04YzNjLTEwNDUzNjY0NjMzODt0ZW5hbnRJZD1hMDE3YjdkMC00NjgwLTQ2MWQtYWRhYS1iMDYxYTljOTViNzY=",
            "object_id": "f55e25d2-8c37-465c-a61b-931ae050006a",
            "subscription_id": "71ced1df-304a-45c9-8c3c-104536646338",
            "tenant_id": "a017b7d0-4680-461d-adaa-b061a9c95b76",
            "timeouts": null
          },
          "sensitive_attributes": []
        }
      ]
    },
    {
      "mode": "data",
      "type": "azurerm_client_config",
      "name": "core",
      "provider": "provider[\"registry.terraform.io/hashicorp/azurerm\"]",
      "instances": [
        {
          "schema_version": 0,
          "attributes": {
            "client_id": "04b07795-8ddb-461a-bbee-02f9e1bf7b46",
            "id": "Y2xpZW50Q29uZmlncy9jbGllbnRJZD0wNGIwNzc5NS04ZGRiLTQ2MWEtYmJlZS0wMmY5ZTFiZjdiNDY7b2JqZWN0SWQ9ZjU1ZTI1ZDItOGMzNy00NjVjLWE2MWItOTMxYWUwNTAwMDZhO3N1YnNjcmlwdGlvbklkPTcxY2VkMWRmLTMwNGEtNDVjOS04YzNjLTEwNDUzNjY0NjMzODt0ZW5hbnRJZD1hMDE3YjdkMC00NjgwLTQ2MWQtYWRhYS1iMDYxYTljOTViNzY=",
            "object_id": "f55e25d2-8c37-465c-a61b-931ae050006a",
            "subscription_id": "71ced1df-304a-45c9-8c3c-104536646338",
            "tenant_id": "a017b7d0-4680-461d-adaa-b061a9c95b76",
            "timeouts": null
          },
          "sensitive_attributes": []
        }
      ]
    },
    {
      "mode": "data",
      "type": "azurerm_client_config",
      "name": "management",
      "provider": "provider[\"registry.terraform.io/hashicorp/azurerm\"].management",
      "instances": [
        {
          "schema_version": 0,
          "attributes": {
            "client_id": "04b07795-8ddb-461a-bbee-02f9e1bf7b46",
            "id": "Y2xpZW50Q29uZmlncy9jbGllbnRJZD0wNGIwNzc5NS04ZGRiLTQ2MWEtYmJlZS0wMmY5ZTFiZjdiNDY7b2JqZWN0SWQ9ZjU1ZTI1ZDItOGMzNy00NjVjLWE2MWItOTMxYWUwNTAwMDZhO3N1YnNjcmlwdGlvbklkPTcxY2VkMWRmLTMwNGEtNDVjOS04YzNjLTEwNDUzNjY0NjMzODt0ZW5hbnRJZD1hMDE3YjdkMC00NjgwLTQ2MWQtYWRhYS1iMDYxYTljOTViNzY=",
            "object_id": "f55e25d2-8c37-465c-a61b-931ae050006a",
            "subscription_id": "71ced1df-304a-45c9-8c3c-104536646338",
            "tenant_id": "a017b7d0-4680-461d-adaa-b061a9c95b76",
            "timeouts": null
          },
          "sensitive_attributes": []
        }
      ]
    },
    {
      "module": "module.caf-enterprise-scale",
      "mode": "managed",
      "type": "azurerm_private_dns_zone",
      "name": "connectivity",
      "provider": "provider[\"registry.terraform.io/hashicorp/azurerm\"].connectivity",
      "instances": [
        {
          "index_key": "/subscriptions/71ced1df-304a-45c9-8c3c-104536646338/resourceGroups/rak-es-dns/providers/Microsoft.Network/privateDnsZones/privatelink.adf.azure.com",
          "schema_version": 0,
          "attributes": {
            "id": "/subscriptions/71ced1df-304a-45c9-8c3c-104536646338/resourceGroups/rak-es-dns/providers/Microsoft.Network/privateDnsZones/privatelink.adf.azure.com",
            "max_number_of_record_sets": 25000,
            "max_number_of_virtual_network_links": 1000,
            "max_number_of_virtual_network_links_with_registration": 100,
            "name": "privatelink.adf.azure.com",
            "number_of_record_sets": 1,
            "resource_group_name": "rak-es-dns",
            "soa_record": [
              {
                "email": "azureprivatedns-host.microsoft.com",
                "expire_time": 2419200,
                "fqdn": "privatelink.adf.azure.com.",
                "host_name": "azureprivatedns.net",
                "minimum_ttl": 10,
                "refresh_time": 3600,
                "retry_time": 300,
                "serial_number": 1,
                "tags": {},
                "ttl": 3600
              }
            ],
            "tags": {
              "deployedBy": "terraform/azure/caf-enterprise-scale"
            },
            "timeouts": null
          },
          "sensitive_attributes": [],
          "private": "eyJlMmJmYjczMC1lY2FhLTExZTYtOGY4OC0zNDM2M2JjN2M0YzAiOnsiY3JlYXRlIjoxODAwMDAwMDAwMDAwLCJkZWxldGUiOjE4MDAwMDAwMDAwMDAsInJlYWQiOjMwMDAwMDAwMDAwMCwidXBkYXRlIjoxODAwMDAwMDAwMDAwfX0=",
          "dependencies": [
            "data.azurerm_client_config.core",
            "module.caf-enterprise-scale.azurerm_resource_group.connectivity"
          ]
        },
        {
          "index_key": "/subscriptions/71ced1df-304a-45c9-8c3c-104536646338/resourceGroups/rak-es-dns/providers/Microsoft.Network/privateDnsZones/privatelink.afs.azure.net",
          "schema_version": 0,
          "attributes": {
            "id": "/subscriptions/71ced1df-304a-45c9-8c3c-104536646338/resourceGroups/rak-es-dns/providers/Microsoft.Network/privateDnsZones/privatelink.afs.azure.net",
            "max_number_of_record_sets": 25000,
            "max_number_of_virtual_network_links": 1000,
            "max_number_of_virtual_network_links_with_registration": 100,
            "name": "privatelink.afs.azure.net",
            "number_of_record_sets": 1,
            "resource_group_name": "rak-es-dns",
            "soa_record": [
              {
                "email": "azureprivatedns-host.microsoft.com",
                "expire_time": 2419200,
                "fqdn": "privatelink.afs.azure.net.",
                "host_name": "azureprivatedns.net",
                "minimum_ttl": 10,
                "refresh_time": 3600,
                "retry_time": 300,
                "serial_number": 1,
                "tags": {},
                "ttl": 3600
              }
            ],
            "tags": {
              "deployedBy": "terraform/azure/caf-enterprise-scale"
            },
            "timeouts": null
          },
          "sensitive_attributes": [],
          "private": "eyJlMmJmYjczMC1lY2FhLTExZTYtOGY4OC0zNDM2M2JjN2M0YzAiOnsiY3JlYXRlIjoxODAwMDAwMDAwMDAwLCJkZWxldGUiOjE4MDAwMDAwMDAwMDAsInJlYWQiOjMwMDAwMDAwMDAwMCwidXBkYXRlIjoxODAwMDAwMDAwMDAwfX0=",
          "dependencies": [
            "data.azurerm_client_config.core",
            "module.caf-enterprise-scale.azurerm_resource_group.connectivity"
          ]
        },
        {
          "index_key": "/subscriptions/71ced1df-304a-45c9-8c3c-104536646338/resourceGroups/rak-es-dns/providers/Microsoft.Network/privateDnsZones/privatelink.agentsvc.azure-automation.net",
          "schema_version": 0,
          "attributes": {
            "id": "/subscriptions/71ced1df-304a-45c9-8c3c-104536646338/resourceGroups/rak-es-dns/providers/Microsoft.Network/privateDnsZones/privatelink.agentsvc.azure-automation.net",
            "max_number_of_record_sets": 25000,
            "max_number_of_virtual_network_links": 1000,
            "max_number_of_virtual_network_links_with_registration": 100,
            "name": "privatelink.agentsvc.azure-automation.net",
            "number_of_record_sets": 1,
            "resource_group_name": "rak-es-dns",
            "soa_record": [
              {
                "email": "azureprivatedns-host.microsoft.com",
                "expire_time": 2419200,
                "fqdn": "privatelink.agentsvc.azure-automation.net.",
                "host_name": "azureprivatedns.net",
                "minimum_ttl": 10,
                "refresh_time": 3600,
                "retry_time": 300,
                "serial_number": 1,
                "tags": {},
                "ttl": 3600
              }
            ],
            "tags": {
              "deployedBy": "terraform/azure/caf-enterprise-scale"
            },
            "timeouts": null
          },
          "sensitive_attributes": [],
          "private": "eyJlMmJmYjczMC1lY2FhLTExZTYtOGY4OC0zNDM2M2JjN2M0YzAiOnsiY3JlYXRlIjoxODAwMDAwMDAwMDAwLCJkZWxldGUiOjE4MDAwMDAwMDAwMDAsInJlYWQiOjMwMDAwMDAwMDAwMCwidXBkYXRlIjoxODAwMDAwMDAwMDAwfX0=",
          "dependencies": [
            "data.azurerm_client_config.core",
            "module.caf-enterprise-scale.azurerm_resource_group.connectivity"
          ]
        },
        {
          "index_key": "/subscriptions/71ced1df-304a-45c9-8c3c-104536646338/resourceGroups/rak-es-dns/providers/Microsoft.Network/privateDnsZones/privatelink.api.azureml.ms",
          "schema_version": 0,
          "attributes": {
            "id": "/subscriptions/71ced1df-304a-45c9-8c3c-104536646338/resourceGroups/rak-es-dns/providers/Microsoft.Network/privateDnsZones/privatelink.api.azureml.ms",
            "max_number_of_record_sets": 25000,
            "max_number_of_virtual_network_links": 1000,
            "max_number_of_virtual_network_links_with_registration": 100,
            "name": "privatelink.api.azureml.ms",
            "number_of_record_sets": 1,
            "resource_group_name": "rak-es-dns",
            "soa_record": [
              {
                "email": "azureprivatedns-host.microsoft.com",
                "expire_time": 2419200,
                "fqdn": "privatelink.api.azureml.ms.",
                "host_name": "azureprivatedns.net",
                "minimum_ttl": 10,
                "refresh_time": 3600,
                "retry_time": 300,
                "serial_number": 1,
                "tags": {},
                "ttl": 3600
              }
            ],
            "tags": {
              "deployedBy": "terraform/azure/caf-enterprise-scale"
            },
            "timeouts": null
          },
          "sensitive_attributes": [],
          "private": "eyJlMmJmYjczMC1lY2FhLTExZTYtOGY4OC0zNDM2M2JjN2M0YzAiOnsiY3JlYXRlIjoxODAwMDAwMDAwMDAwLCJkZWxldGUiOjE4MDAwMDAwMDAwMDAsInJlYWQiOjMwMDAwMDAwMDAwMCwidXBkYXRlIjoxODAwMDAwMDAwMDAwfX0=",
          "dependencies": [
            "data.azurerm_client_config.core",
            "module.caf-enterprise-scale.azurerm_resource_group.connectivity"
          ]
        },
        {
          "index_key": "/subscriptions/71ced1df-304a-45c9-8c3c-104536646338/resourceGroups/rak-es-dns/providers/Microsoft.Network/privateDnsZones/privatelink.azconfig.io",
          "schema_version": 0,
          "attributes": {
            "id": "/subscriptions/71ced1df-304a-45c9-8c3c-104536646338/resourceGroups/rak-es-dns/providers/Microsoft.Network/privateDnsZones/privatelink.azconfig.io",
            "max_number_of_record_sets": 25000,
            "max_number_of_virtual_network_links": 1000,
            "max_number_of_virtual_network_links_with_registration": 100,
            "name": "privatelink.azconfig.io",
            "number_of_record_sets": 1,
            "resource_group_name": "rak-es-dns",
            "soa_record": [
              {
                "email": "azureprivatedns-host.microsoft.com",
                "expire_time": 2419200,
                "fqdn": "privatelink.azconfig.io.",
                "host_name": "azureprivatedns.net",
                "minimum_ttl": 10,
                "refresh_time": 3600,
                "retry_time": 300,
                "serial_number": 1,
                "tags": {},
                "ttl": 3600
              }
            ],
            "tags": {
              "deployedBy": "terraform/azure/caf-enterprise-scale"
            },
            "timeouts": null
          },
          "sensitive_attributes": [],
          "private": "eyJlMmJmYjczMC1lY2FhLTExZTYtOGY4OC0zNDM2M2JjN2M0YzAiOnsiY3JlYXRlIjoxODAwMDAwMDAwMDAwLCJkZWxldGUiOjE4MDAwMDAwMDAwMDAsInJlYWQiOjMwMDAwMDAwMDAwMCwidXBkYXRlIjoxODAwMDAwMDAwMDAwfX0=",
          "dependencies": [
            "data.azurerm_client_config.core",
            "module.caf-enterprise-scale.azurerm_resource_group.connectivity"
          ]
        },
        {
          "index_key": "/subscriptions/71ced1df-304a-45c9-8c3c-104536646338/resourceGroups/rak-es-dns/providers/Microsoft.Network/privateDnsZones/privatelink.azure-automation.net",
          "schema_version": 0,
          "attributes": {
            "id": "/subscriptions/71ced1df-304a-45c9-8c3c-104536646338/resourceGroups/rak-es-dns/providers/Microsoft.Network/privateDnsZones/privatelink.azure-automation.net",
            "max_number_of_record_sets": 25000,
            "max_number_of_virtual_network_links": 1000,
            "max_number_of_virtual_network_links_with_registration": 100,
            "name": "privatelink.azure-automation.net",
            "number_of_record_sets": 1,
            "resource_group_name": "rak-es-dns",
            "soa_record": [
              {
                "email": "azureprivatedns-host.microsoft.com",
                "expire_time": 2419200,
                "fqdn": "privatelink.azure-automation.net.",
                "host_name": "azureprivatedns.net",
                "minimum_ttl": 10,
                "refresh_time": 3600,
                "retry_time": 300,
                "serial_number": 1,
                "tags": {},
                "ttl": 3600
              }
            ],
            "tags": {
              "deployedBy": "terraform/azure/caf-enterprise-scale"
            },
            "timeouts": null
          },
          "sensitive_attributes": [],
          "private": "eyJlMmJmYjczMC1lY2FhLTExZTYtOGY4OC0zNDM2M2JjN2M0YzAiOnsiY3JlYXRlIjoxODAwMDAwMDAwMDAwLCJkZWxldGUiOjE4MDAwMDAwMDAwMDAsInJlYWQiOjMwMDAwMDAwMDAwMCwidXBkYXRlIjoxODAwMDAwMDAwMDAwfX0=",
          "dependencies": [
            "data.azurerm_client_config.core",
            "module.caf-enterprise-scale.azurerm_resource_group.connectivity"
          ]
        },
        {
          "index_key": "/subscriptions/71ced1df-304a-45c9-8c3c-104536646338/resourceGroups/rak-es-dns/providers/Microsoft.Network/privateDnsZones/privatelink.azure-devices.net",
          "schema_version": 0,
          "attributes": {
            "id": "/subscriptions/71ced1df-304a-45c9-8c3c-104536646338/resourceGroups/rak-es-dns/providers/Microsoft.Network/privateDnsZones/privatelink.azure-devices.net",
            "max_number_of_record_sets": 25000,
            "max_number_of_virtual_network_links": 1000,
            "max_number_of_virtual_network_links_with_registration": 100,
            "name": "privatelink.azure-devices.net",
            "number_of_record_sets": 1,
            "resource_group_name": "rak-es-dns",
            "soa_record": [
              {
                "email": "azureprivatedns-host.microsoft.com",
                "expire_time": 2419200,
                "fqdn": "privatelink.azure-devices.net.",
                "host_name": "azureprivatedns.net",
                "minimum_ttl": 10,
                "refresh_time": 3600,
                "retry_time": 300,
                "serial_number": 1,
                "tags": {},
                "ttl": 3600
              }
            ],
            "tags": {
              "deployedBy": "terraform/azure/caf-enterprise-scale"
            },
            "timeouts": null
          },
          "sensitive_attributes": [],
          "private": "eyJlMmJmYjczMC1lY2FhLTExZTYtOGY4OC0zNDM2M2JjN2M0YzAiOnsiY3JlYXRlIjoxODAwMDAwMDAwMDAwLCJkZWxldGUiOjE4MDAwMDAwMDAwMDAsInJlYWQiOjMwMDAwMDAwMDAwMCwidXBkYXRlIjoxODAwMDAwMDAwMDAwfX0=",
          "dependencies": [
            "data.azurerm_client_config.core",
            "module.caf-enterprise-scale.azurerm_resource_group.connectivity"
          ]
        },
        {
          "index_key": "/subscriptions/71ced1df-304a-45c9-8c3c-104536646338/resourceGroups/rak-es-dns/providers/Microsoft.Network/privateDnsZones/privatelink.azurecr.io",
          "schema_version": 0,
          "attributes": {
            "id": "/subscriptions/71ced1df-304a-45c9-8c3c-104536646338/resourceGroups/rak-es-dns/providers/Microsoft.Network/privateDnsZones/privatelink.azurecr.io",
            "max_number_of_record_sets": 25000,
            "max_number_of_virtual_network_links": 1000,
            "max_number_of_virtual_network_links_with_registration": 100,
            "name": "privatelink.azurecr.io",
            "number_of_record_sets": 1,
            "resource_group_name": "rak-es-dns",
            "soa_record": [
              {
                "email": "azureprivatedns-host.microsoft.com",
                "expire_time": 2419200,
                "fqdn": "privatelink.azurecr.io.",
                "host_name": "azureprivatedns.net",
                "minimum_ttl": 10,
                "refresh_time": 3600,
                "retry_time": 300,
                "serial_number": 1,
                "tags": {},
                "ttl": 3600
              }
            ],
            "tags": {
              "deployedBy": "terraform/azure/caf-enterprise-scale"
            },
            "timeouts": null
          },
          "sensitive_attributes": [],
          "private": "eyJlMmJmYjczMC1lY2FhLTExZTYtOGY4OC0zNDM2M2JjN2M0YzAiOnsiY3JlYXRlIjoxODAwMDAwMDAwMDAwLCJkZWxldGUiOjE4MDAwMDAwMDAwMDAsInJlYWQiOjMwMDAwMDAwMDAwMCwidXBkYXRlIjoxODAwMDAwMDAwMDAwfX0=",
          "dependencies": [
            "data.azurerm_client_config.core",
            "module.caf-enterprise-scale.azurerm_resource_group.connectivity"
          ]
        },
        {
          "index_key": "/subscriptions/71ced1df-304a-45c9-8c3c-104536646338/resourceGroups/rak-es-dns/providers/Microsoft.Network/privateDnsZones/privatelink.azurewebsites.net",
          "schema_version": 0,
          "attributes": {
            "id": "/subscriptions/71ced1df-304a-45c9-8c3c-104536646338/resourceGroups/rak-es-dns/providers/Microsoft.Network/privateDnsZones/privatelink.azurewebsites.net",
            "max_number_of_record_sets": 25000,
            "max_number_of_virtual_network_links": 1000,
            "max_number_of_virtual_network_links_with_registration": 100,
            "name": "privatelink.azurewebsites.net",
            "number_of_record_sets": 1,
            "resource_group_name": "rak-es-dns",
            "soa_record": [
              {
                "email": "azureprivatedns-host.microsoft.com",
                "expire_time": 2419200,
                "fqdn": "privatelink.azurewebsites.net.",
                "host_name": "azureprivatedns.net",
                "minimum_ttl": 10,
                "refresh_time": 3600,
                "retry_time": 300,
                "serial_number": 1,
                "tags": {},
                "ttl": 3600
              }
            ],
            "tags": {
              "deployedBy": "terraform/azure/caf-enterprise-scale"
            },
            "timeouts": null
          },
          "sensitive_attributes": [],
          "private": "eyJlMmJmYjczMC1lY2FhLTExZTYtOGY4OC0zNDM2M2JjN2M0YzAiOnsiY3JlYXRlIjoxODAwMDAwMDAwMDAwLCJkZWxldGUiOjE4MDAwMDAwMDAwMDAsInJlYWQiOjMwMDAwMDAwMDAwMCwidXBkYXRlIjoxODAwMDAwMDAwMDAwfX0=",
          "dependencies": [
            "data.azurerm_client_config.core",
            "module.caf-enterprise-scale.azurerm_resource_group.connectivity"
          ]
        },
        {
          "index_key": "/subscriptions/71ced1df-304a-45c9-8c3c-104536646338/resourceGroups/rak-es-dns/providers/Microsoft.Network/privateDnsZones/privatelink.blob.core.windows.net",
          "schema_version": 0,
          "attributes": {
            "id": "/subscriptions/71ced1df-304a-45c9-8c3c-104536646338/resourceGroups/rak-es-dns/providers/Microsoft.Network/privateDnsZones/privatelink.blob.core.windows.net",
            "max_number_of_record_sets": 25000,
            "max_number_of_virtual_network_links": 1000,
            "max_number_of_virtual_network_links_with_registration": 100,
            "name": "privatelink.blob.core.windows.net",
            "number_of_record_sets": 1,
            "resource_group_name": "rak-es-dns",
            "soa_record": [
              {
                "email": "azureprivatedns-host.microsoft.com",
                "expire_time": 2419200,
                "fqdn": "privatelink.blob.core.windows.net.",
                "host_name": "azureprivatedns.net",
                "minimum_ttl": 10,
                "refresh_time": 3600,
                "retry_time": 300,
                "serial_number": 1,
                "tags": {},
                "ttl": 3600
              }
            ],
            "tags": {
              "deployedBy": "terraform/azure/caf-enterprise-scale"
            },
            "timeouts": null
          },
          "sensitive_attributes": [],
          "private": "eyJlMmJmYjczMC1lY2FhLTExZTYtOGY4OC0zNDM2M2JjN2M0YzAiOnsiY3JlYXRlIjoxODAwMDAwMDAwMDAwLCJkZWxldGUiOjE4MDAwMDAwMDAwMDAsInJlYWQiOjMwMDAwMDAwMDAwMCwidXBkYXRlIjoxODAwMDAwMDAwMDAwfX0=",
          "dependencies": [
            "data.azurerm_client_config.core",
            "module.caf-enterprise-scale.azurerm_resource_group.connectivity"
          ]
        },
        {
          "index_key": "/subscriptions/71ced1df-304a-45c9-8c3c-104536646338/resourceGroups/rak-es-dns/providers/Microsoft.Network/privateDnsZones/privatelink.cassandra.cosmos.azure.com",
          "schema_version": 0,
          "attributes": {
            "id": "/subscriptions/71ced1df-304a-45c9-8c3c-104536646338/resourceGroups/rak-es-dns/providers/Microsoft.Network/privateDnsZones/privatelink.cassandra.cosmos.azure.com",
            "max_number_of_record_sets": 25000,
            "max_number_of_virtual_network_links": 1000,
            "max_number_of_virtual_network_links_with_registration": 100,
            "name": "privatelink.cassandra.cosmos.azure.com",
            "number_of_record_sets": 1,
            "resource_group_name": "rak-es-dns",
            "soa_record": [
              {
                "email": "azureprivatedns-host.microsoft.com",
                "expire_time": 2419200,
                "fqdn": "privatelink.cassandra.cosmos.azure.com.",
                "host_name": "azureprivatedns.net",
                "minimum_ttl": 10,
                "refresh_time": 3600,
                "retry_time": 300,
                "serial_number": 1,
                "tags": {},
                "ttl": 3600
              }
            ],
            "tags": {
              "deployedBy": "terraform/azure/caf-enterprise-scale"
            },
            "timeouts": null
          },
          "sensitive_attributes": [],
          "private": "eyJlMmJmYjczMC1lY2FhLTExZTYtOGY4OC0zNDM2M2JjN2M0YzAiOnsiY3JlYXRlIjoxODAwMDAwMDAwMDAwLCJkZWxldGUiOjE4MDAwMDAwMDAwMDAsInJlYWQiOjMwMDAwMDAwMDAwMCwidXBkYXRlIjoxODAwMDAwMDAwMDAwfX0=",
          "dependencies": [
            "data.azurerm_client_config.core",
            "module.caf-enterprise-scale.azurerm_resource_group.connectivity"
          ]
        },
        {
          "index_key": "/subscriptions/71ced1df-304a-45c9-8c3c-104536646338/resourceGroups/rak-es-dns/providers/Microsoft.Network/privateDnsZones/privatelink.cognitiveservices.azure.com",
          "schema_version": 0,
          "attributes": {
            "id": "/subscriptions/71ced1df-304a-45c9-8c3c-104536646338/resourceGroups/rak-es-dns/providers/Microsoft.Network/privateDnsZones/privatelink.cognitiveservices.azure.com",
            "max_number_of_record_sets": 25000,
            "max_number_of_virtual_network_links": 1000,
            "max_number_of_virtual_network_links_with_registration": 100,
            "name": "privatelink.cognitiveservices.azure.com",
            "number_of_record_sets": 1,
            "resource_group_name": "rak-es-dns",
            "soa_record": [
              {
                "email": "azureprivatedns-host.microsoft.com",
                "expire_time": 2419200,
                "fqdn": "privatelink.cognitiveservices.azure.com.",
                "host_name": "azureprivatedns.net",
                "minimum_ttl": 10,
                "refresh_time": 3600,
                "retry_time": 300,
                "serial_number": 1,
                "tags": {},
                "ttl": 3600
              }
            ],
            "tags": {
              "deployedBy": "terraform/azure/caf-enterprise-scale"
            },
            "timeouts": null
          },
          "sensitive_attributes": [],
          "private": "eyJlMmJmYjczMC1lY2FhLTExZTYtOGY4OC0zNDM2M2JjN2M0YzAiOnsiY3JlYXRlIjoxODAwMDAwMDAwMDAwLCJkZWxldGUiOjE4MDAwMDAwMDAwMDAsInJlYWQiOjMwMDAwMDAwMDAwMCwidXBkYXRlIjoxODAwMDAwMDAwMDAwfX0=",
          "dependencies": [
            "data.azurerm_client_config.core",
            "module.caf-enterprise-scale.azurerm_resource_group.connectivity"
          ]
        },
        {
          "index_key": "/subscriptions/71ced1df-304a-45c9-8c3c-104536646338/resourceGroups/rak-es-dns/providers/Microsoft.Network/privateDnsZones/privatelink.database.windows.net",
          "schema_version": 0,
          "attributes": {
            "id": "/subscriptions/71ced1df-304a-45c9-8c3c-104536646338/resourceGroups/rak-es-dns/providers/Microsoft.Network/privateDnsZones/privatelink.database.windows.net",
            "max_number_of_record_sets": 25000,
            "max_number_of_virtual_network_links": 1000,
            "max_number_of_virtual_network_links_with_registration": 100,
            "name": "privatelink.database.windows.net",
            "number_of_record_sets": 1,
            "resource_group_name": "rak-es-dns",
            "soa_record": [
              {
                "email": "azureprivatedns-host.microsoft.com",
                "expire_time": 2419200,
                "fqdn": "privatelink.database.windows.net.",
                "host_name": "azureprivatedns.net",
                "minimum_ttl": 10,
                "refresh_time": 3600,
                "retry_time": 300,
                "serial_number": 1,
                "tags": {},
                "ttl": 3600
              }
            ],
            "tags": {
              "deployedBy": "terraform/azure/caf-enterprise-scale"
            },
            "timeouts": null
          },
          "sensitive_attributes": [],
          "private": "eyJlMmJmYjczMC1lY2FhLTExZTYtOGY4OC0zNDM2M2JjN2M0YzAiOnsiY3JlYXRlIjoxODAwMDAwMDAwMDAwLCJkZWxldGUiOjE4MDAwMDAwMDAwMDAsInJlYWQiOjMwMDAwMDAwMDAwMCwidXBkYXRlIjoxODAwMDAwMDAwMDAwfX0=",
          "dependencies": [
            "data.azurerm_client_config.core",
            "module.caf-enterprise-scale.azurerm_resource_group.connectivity"
          ]
        },
        {
          "index_key": "/subscriptions/71ced1df-304a-45c9-8c3c-104536646338/resourceGroups/rak-es-dns/providers/Microsoft.Network/privateDnsZones/privatelink.datafactory.azure.net",
          "schema_version": 0,
          "attributes": {
            "id": "/subscriptions/71ced1df-304a-45c9-8c3c-104536646338/resourceGroups/rak-es-dns/providers/Microsoft.Network/privateDnsZones/privatelink.datafactory.azure.net",
            "max_number_of_record_sets": 25000,
            "max_number_of_virtual_network_links": 1000,
            "max_number_of_virtual_network_links_with_registration": 100,
            "name": "privatelink.datafactory.azure.net",
            "number_of_record_sets": 1,
            "resource_group_name": "rak-es-dns",
            "soa_record": [
              {
                "email": "azureprivatedns-host.microsoft.com",
                "expire_time": 2419200,
                "fqdn": "privatelink.datafactory.azure.net.",
                "host_name": "azureprivatedns.net",
                "minimum_ttl": 10,
                "refresh_time": 3600,
                "retry_time": 300,
                "serial_number": 1,
                "tags": {},
                "ttl": 3600
              }
            ],
            "tags": {
              "deployedBy": "terraform/azure/caf-enterprise-scale"
            },
            "timeouts": null
          },
          "sensitive_attributes": [],
          "private": "eyJlMmJmYjczMC1lY2FhLTExZTYtOGY4OC0zNDM2M2JjN2M0YzAiOnsiY3JlYXRlIjoxODAwMDAwMDAwMDAwLCJkZWxldGUiOjE4MDAwMDAwMDAwMDAsInJlYWQiOjMwMDAwMDAwMDAwMCwidXBkYXRlIjoxODAwMDAwMDAwMDAwfX0=",
          "dependencies": [
            "data.azurerm_client_config.core",
            "module.caf-enterprise-scale.azurerm_resource_group.connectivity"
          ]
        },
        {
          "index_key": "/subscriptions/71ced1df-304a-45c9-8c3c-104536646338/resourceGroups/rak-es-dns/providers/Microsoft.Network/privateDnsZones/privatelink.dfs.core.windows.net",
          "schema_version": 0,
          "attributes": {
            "id": "/subscriptions/71ced1df-304a-45c9-8c3c-104536646338/resourceGroups/rak-es-dns/providers/Microsoft.Network/privateDnsZones/privatelink.dfs.core.windows.net",
            "max_number_of_record_sets": 25000,
            "max_number_of_virtual_network_links": 1000,
            "max_number_of_virtual_network_links_with_registration": 100,
            "name": "privatelink.dfs.core.windows.net",
            "number_of_record_sets": 1,
            "resource_group_name": "rak-es-dns",
            "soa_record": [
              {
                "email": "azureprivatedns-host.microsoft.com",
                "expire_time": 2419200,
                "fqdn": "privatelink.dfs.core.windows.net.",
                "host_name": "azureprivatedns.net",
                "minimum_ttl": 10,
                "refresh_time": 3600,
                "retry_time": 300,
                "serial_number": 1,
                "tags": {},
                "ttl": 3600
              }
            ],
            "tags": {
              "deployedBy": "terraform/azure/caf-enterprise-scale"
            },
            "timeouts": null
          },
          "sensitive_attributes": [],
          "private": "eyJlMmJmYjczMC1lY2FhLTExZTYtOGY4OC0zNDM2M2JjN2M0YzAiOnsiY3JlYXRlIjoxODAwMDAwMDAwMDAwLCJkZWxldGUiOjE4MDAwMDAwMDAwMDAsInJlYWQiOjMwMDAwMDAwMDAwMCwidXBkYXRlIjoxODAwMDAwMDAwMDAwfX0=",
          "dependencies": [
            "data.azurerm_client_config.core",
            "module.caf-enterprise-scale.azurerm_resource_group.connectivity"
          ]
        },
        {
          "index_key": "/subscriptions/71ced1df-304a-45c9-8c3c-104536646338/resourceGroups/rak-es-dns/providers/Microsoft.Network/privateDnsZones/privatelink.documents.azure.com",
          "schema_version": 0,
          "attributes": {
            "id": "/subscriptions/71ced1df-304a-45c9-8c3c-104536646338/resourceGroups/rak-es-dns/providers/Microsoft.Network/privateDnsZones/privatelink.documents.azure.com",
            "max_number_of_record_sets": 25000,
            "max_number_of_virtual_network_links": 1000,
            "max_number_of_virtual_network_links_with_registration": 100,
            "name": "privatelink.documents.azure.com",
            "number_of_record_sets": 1,
            "resource_group_name": "rak-es-dns",
            "soa_record": [
              {
                "email": "azureprivatedns-host.microsoft.com",
                "expire_time": 2419200,
                "fqdn": "privatelink.documents.azure.com.",
                "host_name": "azureprivatedns.net",
                "minimum_ttl": 10,
                "refresh_time": 3600,
                "retry_time": 300,
                "serial_number": 1,
                "tags": {},
                "ttl": 3600
              }
            ],
            "tags": {
              "deployedBy": "terraform/azure/caf-enterprise-scale"
            },
            "timeouts": null
          },
          "sensitive_attributes": [],
          "private": "eyJlMmJmYjczMC1lY2FhLTExZTYtOGY4OC0zNDM2M2JjN2M0YzAiOnsiY3JlYXRlIjoxODAwMDAwMDAwMDAwLCJkZWxldGUiOjE4MDAwMDAwMDAwMDAsInJlYWQiOjMwMDAwMDAwMDAwMCwidXBkYXRlIjoxODAwMDAwMDAwMDAwfX0=",
          "dependencies": [
            "data.azurerm_client_config.core",
            "module.caf-enterprise-scale.azurerm_resource_group.connectivity"
          ]
        },
        {
          "index_key": "/subscriptions/71ced1df-304a-45c9-8c3c-104536646338/resourceGroups/rak-es-dns/providers/Microsoft.Network/privateDnsZones/privatelink.eastus.azmk8s.io",
          "schema_version": 0,
          "attributes": {
            "id": "/subscriptions/71ced1df-304a-45c9-8c3c-104536646338/resourceGroups/rak-es-dns/providers/Microsoft.Network/privateDnsZones/privatelink.eastus.azmk8s.io",
            "max_number_of_record_sets": 25000,
            "max_number_of_virtual_network_links": 1000,
            "max_number_of_virtual_network_links_with_registration": 100,
            "name": "privatelink.eastus.azmk8s.io",
            "number_of_record_sets": 1,
            "resource_group_name": "rak-es-dns",
            "soa_record": [
              {
                "email": "azureprivatedns-host.microsoft.com",
                "expire_time": 2419200,
                "fqdn": "privatelink.eastus.azmk8s.io.",
                "host_name": "azureprivatedns.net",
                "minimum_ttl": 10,
                "refresh_time": 3600,
                "retry_time": 300,
                "serial_number": 1,
                "tags": {},
                "ttl": 3600
              }
            ],
            "tags": {
              "deployedBy": "terraform/azure/caf-enterprise-scale"
            },
            "timeouts": null
          },
          "sensitive_attributes": [],
          "private": "eyJlMmJmYjczMC1lY2FhLTExZTYtOGY4OC0zNDM2M2JjN2M0YzAiOnsiY3JlYXRlIjoxODAwMDAwMDAwMDAwLCJkZWxldGUiOjE4MDAwMDAwMDAwMDAsInJlYWQiOjMwMDAwMDAwMDAwMCwidXBkYXRlIjoxODAwMDAwMDAwMDAwfX0=",
          "dependencies": [
            "data.azurerm_client_config.core",
            "module.caf-enterprise-scale.azurerm_resource_group.connectivity"
          ]
        },
        {
          "index_key": "/subscriptions/71ced1df-304a-45c9-8c3c-104536646338/resourceGroups/rak-es-dns/providers/Microsoft.Network/privateDnsZones/privatelink.eus.backup.windowsazure.com",
          "schema_version": 0,
          "attributes": {
            "id": "/subscriptions/71ced1df-304a-45c9-8c3c-104536646338/resourceGroups/rak-es-dns/providers/Microsoft.Network/privateDnsZones/privatelink.eus.backup.windowsazure.com",
            "max_number_of_record_sets": 25000,
            "max_number_of_virtual_network_links": 1000,
            "max_number_of_virtual_network_links_with_registration": 100,
            "name": "privatelink.eus.backup.windowsazure.com",
            "number_of_record_sets": 1,
            "resource_group_name": "rak-es-dns",
            "soa_record": [
              {
                "email": "azureprivatedns-host.microsoft.com",
                "expire_time": 2419200,
                "fqdn": "privatelink.eus.backup.windowsazure.com.",
                "host_name": "azureprivatedns.net",
                "minimum_ttl": 10,
                "refresh_time": 3600,
                "retry_time": 300,
                "serial_number": 1,
                "tags": {},
                "ttl": 3600
              }
            ],
            "tags": {
              "deployedBy": "terraform/azure/caf-enterprise-scale"
            },
            "timeouts": null
          },
          "sensitive_attributes": [],
          "private": "eyJlMmJmYjczMC1lY2FhLTExZTYtOGY4OC0zNDM2M2JjN2M0YzAiOnsiY3JlYXRlIjoxODAwMDAwMDAwMDAwLCJkZWxldGUiOjE4MDAwMDAwMDAwMDAsInJlYWQiOjMwMDAwMDAwMDAwMCwidXBkYXRlIjoxODAwMDAwMDAwMDAwfX0=",
          "dependencies": [
            "data.azurerm_client_config.core",
            "module.caf-enterprise-scale.azurerm_resource_group.connectivity"
          ]
        },
        {
          "index_key": "/subscriptions/71ced1df-304a-45c9-8c3c-104536646338/resourceGroups/rak-es-dns/providers/Microsoft.Network/privateDnsZones/privatelink.eventgrid.azure.net",
          "schema_version": 0,
          "attributes": {
            "id": "/subscriptions/71ced1df-304a-45c9-8c3c-104536646338/resourceGroups/rak-es-dns/providers/Microsoft.Network/privateDnsZones/privatelink.eventgrid.azure.net",
            "max_number_of_record_sets": 25000,
            "max_number_of_virtual_network_links": 1000,
            "max_number_of_virtual_network_links_with_registration": 100,
            "name": "privatelink.eventgrid.azure.net",
            "number_of_record_sets": 1,
            "resource_group_name": "rak-es-dns",
            "soa_record": [
              {
                "email": "azureprivatedns-host.microsoft.com",
                "expire_time": 2419200,
                "fqdn": "privatelink.eventgrid.azure.net.",
                "host_name": "azureprivatedns.net",
                "minimum_ttl": 10,
                "refresh_time": 3600,
                "retry_time": 300,
                "serial_number": 1,
                "tags": {},
                "ttl": 3600
              }
            ],
            "tags": {
              "deployedBy": "terraform/azure/caf-enterprise-scale"
            },
            "timeouts": null
          },
          "sensitive_attributes": [],
          "private": "eyJlMmJmYjczMC1lY2FhLTExZTYtOGY4OC0zNDM2M2JjN2M0YzAiOnsiY3JlYXRlIjoxODAwMDAwMDAwMDAwLCJkZWxldGUiOjE4MDAwMDAwMDAwMDAsInJlYWQiOjMwMDAwMDAwMDAwMCwidXBkYXRlIjoxODAwMDAwMDAwMDAwfX0=",
          "dependencies": [
            "data.azurerm_client_config.core",
            "module.caf-enterprise-scale.azurerm_resource_group.connectivity"
          ]
        },
        {
          "index_key": "/subscriptions/71ced1df-304a-45c9-8c3c-104536646338/resourceGroups/rak-es-dns/providers/Microsoft.Network/privateDnsZones/privatelink.file.core.windows.net",
          "schema_version": 0,
          "attributes": {
            "id": "/subscriptions/71ced1df-304a-45c9-8c3c-104536646338/resourceGroups/rak-es-dns/providers/Microsoft.Network/privateDnsZones/privatelink.file.core.windows.net",
            "max_number_of_record_sets": 25000,
            "max_number_of_virtual_network_links": 1000,
            "max_number_of_virtual_network_links_with_registration": 100,
            "name": "privatelink.file.core.windows.net",
            "number_of_record_sets": 1,
            "resource_group_name": "rak-es-dns",
            "soa_record": [
              {
                "email": "azureprivatedns-host.microsoft.com",
                "expire_time": 2419200,
                "fqdn": "privatelink.file.core.windows.net.",
                "host_name": "azureprivatedns.net",
                "minimum_ttl": 10,
                "refresh_time": 3600,
                "retry_time": 300,
                "serial_number": 1,
                "tags": {},
                "ttl": 3600
              }
            ],
            "tags": {
              "deployedBy": "terraform/azure/caf-enterprise-scale"
            },
            "timeouts": null
          },
          "sensitive_attributes": [],
          "private": "eyJlMmJmYjczMC1lY2FhLTExZTYtOGY4OC0zNDM2M2JjN2M0YzAiOnsiY3JlYXRlIjoxODAwMDAwMDAwMDAwLCJkZWxldGUiOjE4MDAwMDAwMDAwMDAsInJlYWQiOjMwMDAwMDAwMDAwMCwidXBkYXRlIjoxODAwMDAwMDAwMDAwfX0=",
          "dependencies": [
            "data.azurerm_client_config.core",
            "module.caf-enterprise-scale.azurerm_resource_group.connectivity"
          ]
        },
        {
          "index_key": "/subscriptions/71ced1df-304a-45c9-8c3c-104536646338/resourceGroups/rak-es-dns/providers/Microsoft.Network/privateDnsZones/privatelink.gremlin.cosmos.azure.com",
          "schema_version": 0,
          "attributes": {
            "id": "/subscriptions/71ced1df-304a-45c9-8c3c-104536646338/resourceGroups/rak-es-dns/providers/Microsoft.Network/privateDnsZones/privatelink.gremlin.cosmos.azure.com",
            "max_number_of_record_sets": 25000,
            "max_number_of_virtual_network_links": 1000,
            "max_number_of_virtual_network_links_with_registration": 100,
            "name": "privatelink.gremlin.cosmos.azure.com",
            "number_of_record_sets": 1,
            "resource_group_name": "rak-es-dns",
            "soa_record": [
              {
                "email": "azureprivatedns-host.microsoft.com",
                "expire_time": 2419200,
                "fqdn": "privatelink.gremlin.cosmos.azure.com.",
                "host_name": "azureprivatedns.net",
                "minimum_ttl": 10,
                "refresh_time": 3600,
                "retry_time": 300,
                "serial_number": 1,
                "tags": {},
                "ttl": 3600
              }
            ],
            "tags": {
              "deployedBy": "terraform/azure/caf-enterprise-scale"
            },
            "timeouts": null
          },
          "sensitive_attributes": [],
          "private": "eyJlMmJmYjczMC1lY2FhLTExZTYtOGY4OC0zNDM2M2JjN2M0YzAiOnsiY3JlYXRlIjoxODAwMDAwMDAwMDAwLCJkZWxldGUiOjE4MDAwMDAwMDAwMDAsInJlYWQiOjMwMDAwMDAwMDAwMCwidXBkYXRlIjoxODAwMDAwMDAwMDAwfX0=",
          "dependencies": [
            "data.azurerm_client_config.core",
            "module.caf-enterprise-scale.azurerm_resource_group.connectivity"
          ]
        },
        {
          "index_key": "/subscriptions/71ced1df-304a-45c9-8c3c-104536646338/resourceGroups/rak-es-dns/providers/Microsoft.Network/privateDnsZones/privatelink.mariadb.database.azure.com",
          "schema_version": 0,
          "attributes": {
            "id": "/subscriptions/71ced1df-304a-45c9-8c3c-104536646338/resourceGroups/rak-es-dns/providers/Microsoft.Network/privateDnsZones/privatelink.mariadb.database.azure.com",
            "max_number_of_record_sets": 25000,
            "max_number_of_virtual_network_links": 1000,
            "max_number_of_virtual_network_links_with_registration": 100,
            "name": "privatelink.mariadb.database.azure.com",
            "number_of_record_sets": 1,
            "resource_group_name": "rak-es-dns",
            "soa_record": [
              {
                "email": "azureprivatedns-host.microsoft.com",
                "expire_time": 2419200,
                "fqdn": "privatelink.mariadb.database.azure.com.",
                "host_name": "azureprivatedns.net",
                "minimum_ttl": 10,
                "refresh_time": 3600,
                "retry_time": 300,
                "serial_number": 1,
                "tags": {},
                "ttl": 3600
              }
            ],
            "tags": {
              "deployedBy": "terraform/azure/caf-enterprise-scale"
            },
            "timeouts": null
          },
          "sensitive_attributes": [],
          "private": "eyJlMmJmYjczMC1lY2FhLTExZTYtOGY4OC0zNDM2M2JjN2M0YzAiOnsiY3JlYXRlIjoxODAwMDAwMDAwMDAwLCJkZWxldGUiOjE4MDAwMDAwMDAwMDAsInJlYWQiOjMwMDAwMDAwMDAwMCwidXBkYXRlIjoxODAwMDAwMDAwMDAwfX0=",
          "dependencies": [
            "data.azurerm_client_config.core",
            "module.caf-enterprise-scale.azurerm_resource_group.connectivity"
          ]
        },
        {
          "index_key": "/subscriptions/71ced1df-304a-45c9-8c3c-104536646338/resourceGroups/rak-es-dns/providers/Microsoft.Network/privateDnsZones/privatelink.mongo.cosmos.azure.com",
          "schema_version": 0,
          "attributes": {
            "id": "/subscriptions/71ced1df-304a-45c9-8c3c-104536646338/resourceGroups/rak-es-dns/providers/Microsoft.Network/privateDnsZones/privatelink.mongo.cosmos.azure.com",
            "max_number_of_record_sets": 25000,
            "max_number_of_virtual_network_links": 1000,
            "max_number_of_virtual_network_links_with_registration": 100,
            "name": "privatelink.mongo.cosmos.azure.com",
            "number_of_record_sets": 1,
            "resource_group_name": "rak-es-dns",
            "soa_record": [
              {
                "email": "azureprivatedns-host.microsoft.com",
                "expire_time": 2419200,
                "fqdn": "privatelink.mongo.cosmos.azure.com.",
                "host_name": "azureprivatedns.net",
                "minimum_ttl": 10,
                "refresh_time": 3600,
                "retry_time": 300,
                "serial_number": 1,
                "tags": {},
                "ttl": 3600
              }
            ],
            "tags": {
              "deployedBy": "terraform/azure/caf-enterprise-scale"
            },
            "timeouts": null
          },
          "sensitive_attributes": [],
          "private": "eyJlMmJmYjczMC1lY2FhLTExZTYtOGY4OC0zNDM2M2JjN2M0YzAiOnsiY3JlYXRlIjoxODAwMDAwMDAwMDAwLCJkZWxldGUiOjE4MDAwMDAwMDAwMDAsInJlYWQiOjMwMDAwMDAwMDAwMCwidXBkYXRlIjoxODAwMDAwMDAwMDAwfX0=",
          "dependencies": [
            "data.azurerm_client_config.core",
            "module.caf-enterprise-scale.azurerm_resource_group.connectivity"
          ]
        },
        {
          "index_key": "/subscriptions/71ced1df-304a-45c9-8c3c-104536646338/resourceGroups/rak-es-dns/providers/Microsoft.Network/privateDnsZones/privatelink.monitor.azure.com",
          "schema_version": 0,
          "attributes": {
            "id": "/subscriptions/71ced1df-304a-45c9-8c3c-104536646338/resourceGroups/rak-es-dns/providers/Microsoft.Network/privateDnsZones/privatelink.monitor.azure.com",
            "max_number_of_record_sets": 25000,
            "max_number_of_virtual_network_links": 1000,
            "max_number_of_virtual_network_links_with_registration": 100,
            "name": "privatelink.monitor.azure.com",
            "number_of_record_sets": 1,
            "resource_group_name": "rak-es-dns",
            "soa_record": [
              {
                "email": "azureprivatedns-host.microsoft.com",
                "expire_time": 2419200,
                "fqdn": "privatelink.monitor.azure.com.",
                "host_name": "azureprivatedns.net",
                "minimum_ttl": 10,
                "refresh_time": 3600,
                "retry_time": 300,
                "serial_number": 1,
                "tags": {},
                "ttl": 3600
              }
            ],
            "tags": {
              "deployedBy": "terraform/azure/caf-enterprise-scale"
            },
            "timeouts": null
          },
          "sensitive_attributes": [],
          "private": "eyJlMmJmYjczMC1lY2FhLTExZTYtOGY4OC0zNDM2M2JjN2M0YzAiOnsiY3JlYXRlIjoxODAwMDAwMDAwMDAwLCJkZWxldGUiOjE4MDAwMDAwMDAwMDAsInJlYWQiOjMwMDAwMDAwMDAwMCwidXBkYXRlIjoxODAwMDAwMDAwMDAwfX0=",
          "dependencies": [
            "data.azurerm_client_config.core",
            "module.caf-enterprise-scale.azurerm_resource_group.connectivity"
          ]
        },
        {
          "index_key": "/subscriptions/71ced1df-304a-45c9-8c3c-104536646338/resourceGroups/rak-es-dns/providers/Microsoft.Network/privateDnsZones/privatelink.mysql.database.azure.com",
          "schema_version": 0,
          "attributes": {
            "id": "/subscriptions/71ced1df-304a-45c9-8c3c-104536646338/resourceGroups/rak-es-dns/providers/Microsoft.Network/privateDnsZones/privatelink.mysql.database.azure.com",
            "max_number_of_record_sets": 25000,
            "max_number_of_virtual_network_links": 1000,
            "max_number_of_virtual_network_links_with_registration": 100,
            "name": "privatelink.mysql.database.azure.com",
            "number_of_record_sets": 1,
            "resource_group_name": "rak-es-dns",
            "soa_record": [
              {
                "email": "azureprivatedns-host.microsoft.com",
                "expire_time": 2419200,
                "fqdn": "privatelink.mysql.database.azure.com.",
                "host_name": "azureprivatedns.net",
                "minimum_ttl": 10,
                "refresh_time": 3600,
                "retry_time": 300,
                "serial_number": 1,
                "tags": {},
                "ttl": 3600
              }
            ],
            "tags": {
              "deployedBy": "terraform/azure/caf-enterprise-scale"
            },
            "timeouts": null
          },
          "sensitive_attributes": [],
          "private": "eyJlMmJmYjczMC1lY2FhLTExZTYtOGY4OC0zNDM2M2JjN2M0YzAiOnsiY3JlYXRlIjoxODAwMDAwMDAwMDAwLCJkZWxldGUiOjE4MDAwMDAwMDAwMDAsInJlYWQiOjMwMDAwMDAwMDAwMCwidXBkYXRlIjoxODAwMDAwMDAwMDAwfX0=",
          "dependencies": [
            "data.azurerm_client_config.core",
            "module.caf-enterprise-scale.azurerm_resource_group.connectivity"
          ]
        },
        {
          "index_key": "/subscriptions/71ced1df-304a-45c9-8c3c-104536646338/resourceGroups/rak-es-dns/providers/Microsoft.Network/privateDnsZones/privatelink.notebooks.azure.net",
          "schema_version": 0,
          "attributes": {
            "id": "/subscriptions/71ced1df-304a-45c9-8c3c-104536646338/resourceGroups/rak-es-dns/providers/Microsoft.Network/privateDnsZones/privatelink.notebooks.azure.net",
            "max_number_of_record_sets": 25000,
            "max_number_of_virtual_network_links": 1000,
            "max_number_of_virtual_network_links_with_registration": 100,
            "name": "privatelink.notebooks.azure.net",
            "number_of_record_sets": 1,
            "resource_group_name": "rak-es-dns",
            "soa_record": [
              {
                "email": "azureprivatedns-host.microsoft.com",
                "expire_time": 2419200,
                "fqdn": "privatelink.notebooks.azure.net.",
                "host_name": "azureprivatedns.net",
                "minimum_ttl": 10,
                "refresh_time": 3600,
                "retry_time": 300,
                "serial_number": 1,
                "tags": {},
                "ttl": 3600
              }
            ],
            "tags": {
              "deployedBy": "terraform/azure/caf-enterprise-scale"
            },
            "timeouts": null
          },
          "sensitive_attributes": [],
          "private": "eyJlMmJmYjczMC1lY2FhLTExZTYtOGY4OC0zNDM2M2JjN2M0YzAiOnsiY3JlYXRlIjoxODAwMDAwMDAwMDAwLCJkZWxldGUiOjE4MDAwMDAwMDAwMDAsInJlYWQiOjMwMDAwMDAwMDAwMCwidXBkYXRlIjoxODAwMDAwMDAwMDAwfX0=",
          "dependencies": [
            "data.azurerm_client_config.core",
            "module.caf-enterprise-scale.azurerm_resource_group.connectivity"
          ]
        },
        {
          "index_key": "/subscriptions/71ced1df-304a-45c9-8c3c-104536646338/resourceGroups/rak-es-dns/providers/Microsoft.Network/privateDnsZones/privatelink.ods.opinsights.azure.com",
          "schema_version": 0,
          "attributes": {
            "id": "/subscriptions/71ced1df-304a-45c9-8c3c-104536646338/resourceGroups/rak-es-dns/providers/Microsoft.Network/privateDnsZones/privatelink.ods.opinsights.azure.com",
            "max_number_of_record_sets": 25000,
            "max_number_of_virtual_network_links": 1000,
            "max_number_of_virtual_network_links_with_registration": 100,
            "name": "privatelink.ods.opinsights.azure.com",
            "number_of_record_sets": 1,
            "resource_group_name": "rak-es-dns",
            "soa_record": [
              {
                "email": "azureprivatedns-host.microsoft.com",
                "expire_time": 2419200,
                "fqdn": "privatelink.ods.opinsights.azure.com.",
                "host_name": "azureprivatedns.net",
                "minimum_ttl": 10,
                "refresh_time": 3600,
                "retry_time": 300,
                "serial_number": 1,
                "tags": {},
                "ttl": 3600
              }
            ],
            "tags": {
              "deployedBy": "terraform/azure/caf-enterprise-scale"
            },
            "timeouts": null
          },
          "sensitive_attributes": [],
          "private": "eyJlMmJmYjczMC1lY2FhLTExZTYtOGY4OC0zNDM2M2JjN2M0YzAiOnsiY3JlYXRlIjoxODAwMDAwMDAwMDAwLCJkZWxldGUiOjE4MDAwMDAwMDAwMDAsInJlYWQiOjMwMDAwMDAwMDAwMCwidXBkYXRlIjoxODAwMDAwMDAwMDAwfX0=",
          "dependencies": [
            "data.azurerm_client_config.core",
            "module.caf-enterprise-scale.azurerm_resource_group.connectivity"
          ]
        },
        {
          "index_key": "/subscriptions/71ced1df-304a-45c9-8c3c-104536646338/resourceGroups/rak-es-dns/providers/Microsoft.Network/privateDnsZones/privatelink.oms.opinsights.azure.com",
          "schema_version": 0,
          "attributes": {
            "id": "/subscriptions/71ced1df-304a-45c9-8c3c-104536646338/resourceGroups/rak-es-dns/providers/Microsoft.Network/privateDnsZones/privatelink.oms.opinsights.azure.com",
            "max_number_of_record_sets": 25000,
            "max_number_of_virtual_network_links": 1000,
            "max_number_of_virtual_network_links_with_registration": 100,
            "name": "privatelink.oms.opinsights.azure.com",
            "number_of_record_sets": 1,
            "resource_group_name": "rak-es-dns",
            "soa_record": [
              {
                "email": "azureprivatedns-host.microsoft.com",
                "expire_time": 2419200,
                "fqdn": "privatelink.oms.opinsights.azure.com.",
                "host_name": "azureprivatedns.net",
                "minimum_ttl": 10,
                "refresh_time": 3600,
                "retry_time": 300,
                "serial_number": 1,
                "tags": {},
                "ttl": 3600
              }
            ],
            "tags": {
              "deployedBy": "terraform/azure/caf-enterprise-scale"
            },
            "timeouts": null
          },
          "sensitive_attributes": [],
          "private": "eyJlMmJmYjczMC1lY2FhLTExZTYtOGY4OC0zNDM2M2JjN2M0YzAiOnsiY3JlYXRlIjoxODAwMDAwMDAwMDAwLCJkZWxldGUiOjE4MDAwMDAwMDAwMDAsInJlYWQiOjMwMDAwMDAwMDAwMCwidXBkYXRlIjoxODAwMDAwMDAwMDAwfX0=",
          "dependencies": [
            "data.azurerm_client_config.core",
            "module.caf-enterprise-scale.azurerm_resource_group.connectivity"
          ]
        },
        {
          "index_key": "/subscriptions/71ced1df-304a-45c9-8c3c-104536646338/resourceGroups/rak-es-dns/providers/Microsoft.Network/privateDnsZones/privatelink.postgres.database.azure.com",
          "schema_version": 0,
          "attributes": {
            "id": "/subscriptions/71ced1df-304a-45c9-8c3c-104536646338/resourceGroups/rak-es-dns/providers/Microsoft.Network/privateDnsZones/privatelink.postgres.database.azure.com",
            "max_number_of_record_sets": 25000,
            "max_number_of_virtual_network_links": 1000,
            "max_number_of_virtual_network_links_with_registration": 100,
            "name": "privatelink.postgres.database.azure.com",
            "number_of_record_sets": 1,
            "resource_group_name": "rak-es-dns",
            "soa_record": [
              {
                "email": "azureprivatedns-host.microsoft.com",
                "expire_time": 2419200,
                "fqdn": "privatelink.postgres.database.azure.com.",
                "host_name": "azureprivatedns.net",
                "minimum_ttl": 10,
                "refresh_time": 3600,
                "retry_time": 300,
                "serial_number": 1,
                "tags": {},
                "ttl": 3600
              }
            ],
            "tags": {
              "deployedBy": "terraform/azure/caf-enterprise-scale"
            },
            "timeouts": null
          },
          "sensitive_attributes": [],
          "private": "eyJlMmJmYjczMC1lY2FhLTExZTYtOGY4OC0zNDM2M2JjN2M0YzAiOnsiY3JlYXRlIjoxODAwMDAwMDAwMDAwLCJkZWxldGUiOjE4MDAwMDAwMDAwMDAsInJlYWQiOjMwMDAwMDAwMDAwMCwidXBkYXRlIjoxODAwMDAwMDAwMDAwfX0=",
          "dependencies": [
            "data.azurerm_client_config.core",
            "module.caf-enterprise-scale.azurerm_resource_group.connectivity"
          ]
        },
        {
          "index_key": "/subscriptions/71ced1df-304a-45c9-8c3c-104536646338/resourceGroups/rak-es-dns/providers/Microsoft.Network/privateDnsZones/privatelink.queue.core.windows.net",
          "schema_version": 0,
          "attributes": {
            "id": "/subscriptions/71ced1df-304a-45c9-8c3c-104536646338/resourceGroups/rak-es-dns/providers/Microsoft.Network/privateDnsZones/privatelink.queue.core.windows.net",
            "max_number_of_record_sets": 25000,
            "max_number_of_virtual_network_links": 1000,
            "max_number_of_virtual_network_links_with_registration": 100,
            "name": "privatelink.queue.core.windows.net",
            "number_of_record_sets": 1,
            "resource_group_name": "rak-es-dns",
            "soa_record": [
              {
                "email": "azureprivatedns-host.microsoft.com",
                "expire_time": 2419200,
                "fqdn": "privatelink.queue.core.windows.net.",
                "host_name": "azureprivatedns.net",
                "minimum_ttl": 10,
                "refresh_time": 3600,
                "retry_time": 300,
                "serial_number": 1,
                "tags": {},
                "ttl": 3600
              }
            ],
            "tags": {
              "deployedBy": "terraform/azure/caf-enterprise-scale"
            },
            "timeouts": null
          },
          "sensitive_attributes": [],
          "private": "eyJlMmJmYjczMC1lY2FhLTExZTYtOGY4OC0zNDM2M2JjN2M0YzAiOnsiY3JlYXRlIjoxODAwMDAwMDAwMDAwLCJkZWxldGUiOjE4MDAwMDAwMDAwMDAsInJlYWQiOjMwMDAwMDAwMDAwMCwidXBkYXRlIjoxODAwMDAwMDAwMDAwfX0=",
          "dependencies": [
            "data.azurerm_client_config.core",
            "module.caf-enterprise-scale.azurerm_resource_group.connectivity"
          ]
        },
        {
          "index_key": "/subscriptions/71ced1df-304a-45c9-8c3c-104536646338/resourceGroups/rak-es-dns/providers/Microsoft.Network/privateDnsZones/privatelink.redis.cache.windows.net",
          "schema_version": 0,
          "attributes": {
            "id": "/subscriptions/71ced1df-304a-45c9-8c3c-104536646338/resourceGroups/rak-es-dns/providers/Microsoft.Network/privateDnsZones/privatelink.redis.cache.windows.net",
            "max_number_of_record_sets": 25000,
            "max_number_of_virtual_network_links": 1000,
            "max_number_of_virtual_network_links_with_registration": 100,
            "name": "privatelink.redis.cache.windows.net",
            "number_of_record_sets": 1,
            "resource_group_name": "rak-es-dns",
            "soa_record": [
              {
                "email": "azureprivatedns-host.microsoft.com",
                "expire_time": 2419200,
                "fqdn": "privatelink.redis.cache.windows.net.",
                "host_name": "azureprivatedns.net",
                "minimum_ttl": 10,
                "refresh_time": 3600,
                "retry_time": 300,
                "serial_number": 1,
                "tags": {},
                "ttl": 3600
              }
            ],
            "tags": {
              "deployedBy": "terraform/azure/caf-enterprise-scale"
            },
            "timeouts": null
          },
          "sensitive_attributes": [],
          "private": "eyJlMmJmYjczMC1lY2FhLTExZTYtOGY4OC0zNDM2M2JjN2M0YzAiOnsiY3JlYXRlIjoxODAwMDAwMDAwMDAwLCJkZWxldGUiOjE4MDAwMDAwMDAwMDAsInJlYWQiOjMwMDAwMDAwMDAwMCwidXBkYXRlIjoxODAwMDAwMDAwMDAwfX0=",
          "dependencies": [
            "data.azurerm_client_config.core",
            "module.caf-enterprise-scale.azurerm_resource_group.connectivity"
          ]
        },
        {
          "index_key": "/subscriptions/71ced1df-304a-45c9-8c3c-104536646338/resourceGroups/rak-es-dns/providers/Microsoft.Network/privateDnsZones/privatelink.search.windows.net",
          "schema_version": 0,
          "attributes": {
            "id": "/subscriptions/71ced1df-304a-45c9-8c3c-104536646338/resourceGroups/rak-es-dns/providers/Microsoft.Network/privateDnsZones/privatelink.search.windows.net",
            "max_number_of_record_sets": 25000,
            "max_number_of_virtual_network_links": 1000,
            "max_number_of_virtual_network_links_with_registration": 100,
            "name": "privatelink.search.windows.net",
            "number_of_record_sets": 1,
            "resource_group_name": "rak-es-dns",
            "soa_record": [
              {
                "email": "azureprivatedns-host.microsoft.com",
                "expire_time": 2419200,
                "fqdn": "privatelink.search.windows.net.",
                "host_name": "azureprivatedns.net",
                "minimum_ttl": 10,
                "refresh_time": 3600,
                "retry_time": 300,
                "serial_number": 1,
                "tags": {},
                "ttl": 3600
              }
            ],
            "tags": {
              "deployedBy": "terraform/azure/caf-enterprise-scale"
            },
            "timeouts": null
          },
          "sensitive_attributes": [],
          "private": "eyJlMmJmYjczMC1lY2FhLTExZTYtOGY4OC0zNDM2M2JjN2M0YzAiOnsiY3JlYXRlIjoxODAwMDAwMDAwMDAwLCJkZWxldGUiOjE4MDAwMDAwMDAwMDAsInJlYWQiOjMwMDAwMDAwMDAwMCwidXBkYXRlIjoxODAwMDAwMDAwMDAwfX0=",
          "dependencies": [
            "data.azurerm_client_config.core",
            "module.caf-enterprise-scale.azurerm_resource_group.connectivity"
          ]
        },
        {
          "index_key": "/subscriptions/71ced1df-304a-45c9-8c3c-104536646338/resourceGroups/rak-es-dns/providers/Microsoft.Network/privateDnsZones/privatelink.service.signalr.net",
          "schema_version": 0,
          "attributes": {
            "id": "/subscriptions/71ced1df-304a-45c9-8c3c-104536646338/resourceGroups/rak-es-dns/providers/Microsoft.Network/privateDnsZones/privatelink.service.signalr.net",
            "max_number_of_record_sets": 25000,
            "max_number_of_virtual_network_links": 1000,
            "max_number_of_virtual_network_links_with_registration": 100,
            "name": "privatelink.service.signalr.net",
            "number_of_record_sets": 1,
            "resource_group_name": "rak-es-dns",
            "soa_record": [
              {
                "email": "azureprivatedns-host.microsoft.com",
                "expire_time": 2419200,
                "fqdn": "privatelink.service.signalr.net.",
                "host_name": "azureprivatedns.net",
                "minimum_ttl": 10,
                "refresh_time": 3600,
                "retry_time": 300,
                "serial_number": 1,
                "tags": {},
                "ttl": 3600
              }
            ],
            "tags": {
              "deployedBy": "terraform/azure/caf-enterprise-scale"
            },
            "timeouts": null
          },
          "sensitive_attributes": [],
          "private": "eyJlMmJmYjczMC1lY2FhLTExZTYtOGY4OC0zNDM2M2JjN2M0YzAiOnsiY3JlYXRlIjoxODAwMDAwMDAwMDAwLCJkZWxldGUiOjE4MDAwMDAwMDAwMDAsInJlYWQiOjMwMDAwMDAwMDAwMCwidXBkYXRlIjoxODAwMDAwMDAwMDAwfX0=",
          "dependencies": [
            "data.azurerm_client_config.core",
            "module.caf-enterprise-scale.azurerm_resource_group.connectivity"
          ]
        },
        {
          "index_key": "/subscriptions/71ced1df-304a-45c9-8c3c-104536646338/resourceGroups/rak-es-dns/providers/Microsoft.Network/privateDnsZones/privatelink.servicebus.windows.net",
          "schema_version": 0,
          "attributes": {
            "id": "/subscriptions/71ced1df-304a-45c9-8c3c-104536646338/resourceGroups/rak-es-dns/providers/Microsoft.Network/privateDnsZones/privatelink.servicebus.windows.net",
            "max_number_of_record_sets": 25000,
            "max_number_of_virtual_network_links": 1000,
            "max_number_of_virtual_network_links_with_registration": 100,
            "name": "privatelink.servicebus.windows.net",
            "number_of_record_sets": 1,
            "resource_group_name": "rak-es-dns",
            "soa_record": [
              {
                "email": "azureprivatedns-host.microsoft.com",
                "expire_time": 2419200,
                "fqdn": "privatelink.servicebus.windows.net.",
                "host_name": "azureprivatedns.net",
                "minimum_ttl": 10,
                "refresh_time": 3600,
                "retry_time": 300,
                "serial_number": 1,
                "tags": {},
                "ttl": 3600
              }
            ],
            "tags": {
              "deployedBy": "terraform/azure/caf-enterprise-scale"
            },
            "timeouts": null
          },
          "sensitive_attributes": [],
          "private": "eyJlMmJmYjczMC1lY2FhLTExZTYtOGY4OC0zNDM2M2JjN2M0YzAiOnsiY3JlYXRlIjoxODAwMDAwMDAwMDAwLCJkZWxldGUiOjE4MDAwMDAwMDAwMDAsInJlYWQiOjMwMDAwMDAwMDAwMCwidXBkYXRlIjoxODAwMDAwMDAwMDAwfX0=",
          "dependencies": [
            "data.azurerm_client_config.core",
            "module.caf-enterprise-scale.azurerm_resource_group.connectivity"
          ]
        },
        {
          "index_key": "/subscriptions/71ced1df-304a-45c9-8c3c-104536646338/resourceGroups/rak-es-dns/providers/Microsoft.Network/privateDnsZones/privatelink.siterecovery.windowsazure.com",
          "schema_version": 0,
          "attributes": {
            "id": "/subscriptions/71ced1df-304a-45c9-8c3c-104536646338/resourceGroups/rak-es-dns/providers/Microsoft.Network/privateDnsZones/privatelink.siterecovery.windowsazure.com",
            "max_number_of_record_sets": 25000,
            "max_number_of_virtual_network_links": 1000,
            "max_number_of_virtual_network_links_with_registration": 100,
            "name": "privatelink.siterecovery.windowsazure.com",
            "number_of_record_sets": 1,
            "resource_group_name": "rak-es-dns",
            "soa_record": [
              {
                "email": "azureprivatedns-host.microsoft.com",
                "expire_time": 2419200,
                "fqdn": "privatelink.siterecovery.windowsazure.com.",
                "host_name": "azureprivatedns.net",
                "minimum_ttl": 10,
                "refresh_time": 3600,
                "retry_time": 300,
                "serial_number": 1,
                "tags": {},
                "ttl": 3600
              }
            ],
            "tags": {
              "deployedBy": "terraform/azure/caf-enterprise-scale"
            },
            "timeouts": null
          },
          "sensitive_attributes": [],
          "private": "eyJlMmJmYjczMC1lY2FhLTExZTYtOGY4OC0zNDM2M2JjN2M0YzAiOnsiY3JlYXRlIjoxODAwMDAwMDAwMDAwLCJkZWxldGUiOjE4MDAwMDAwMDAwMDAsInJlYWQiOjMwMDAwMDAwMDAwMCwidXBkYXRlIjoxODAwMDAwMDAwMDAwfX0=",
          "dependencies": [
            "data.azurerm_client_config.core",
            "module.caf-enterprise-scale.azurerm_resource_group.connectivity"
          ]
        },
        {
          "index_key": "/subscriptions/71ced1df-304a-45c9-8c3c-104536646338/resourceGroups/rak-es-dns/providers/Microsoft.Network/privateDnsZones/privatelink.sql.azuresynapse.net",
          "schema_version": 0,
          "attributes": {
            "id": "/subscriptions/71ced1df-304a-45c9-8c3c-104536646338/resourceGroups/rak-es-dns/providers/Microsoft.Network/privateDnsZones/privatelink.sql.azuresynapse.net",
            "max_number_of_record_sets": 25000,
            "max_number_of_virtual_network_links": 1000,
            "max_number_of_virtual_network_links_with_registration": 100,
            "name": "privatelink.sql.azuresynapse.net",
            "number_of_record_sets": 1,
            "resource_group_name": "rak-es-dns",
            "soa_record": [
              {
                "email": "azureprivatedns-host.microsoft.com",
                "expire_time": 2419200,
                "fqdn": "privatelink.sql.azuresynapse.net.",
                "host_name": "azureprivatedns.net",
                "minimum_ttl": 10,
                "refresh_time": 3600,
                "retry_time": 300,
                "serial_number": 1,
                "tags": {},
                "ttl": 3600
              }
            ],
            "tags": {
              "deployedBy": "terraform/azure/caf-enterprise-scale"
            },
            "timeouts": null
          },
          "sensitive_attributes": [],
          "private": "eyJlMmJmYjczMC1lY2FhLTExZTYtOGY4OC0zNDM2M2JjN2M0YzAiOnsiY3JlYXRlIjoxODAwMDAwMDAwMDAwLCJkZWxldGUiOjE4MDAwMDAwMDAwMDAsInJlYWQiOjMwMDAwMDAwMDAwMCwidXBkYXRlIjoxODAwMDAwMDAwMDAwfX0=",
          "dependencies": [
            "data.azurerm_client_config.core",
            "module.caf-enterprise-scale.azurerm_resource_group.connectivity"
          ]
        },
        {
          "index_key": "/subscriptions/71ced1df-304a-45c9-8c3c-104536646338/resourceGroups/rak-es-dns/providers/Microsoft.Network/privateDnsZones/privatelink.table.core.windows.net",
          "schema_version": 0,
          "attributes": {
            "id": "/subscriptions/71ced1df-304a-45c9-8c3c-104536646338/resourceGroups/rak-es-dns/providers/Microsoft.Network/privateDnsZones/privatelink.table.core.windows.net",
            "max_number_of_record_sets": 25000,
            "max_number_of_virtual_network_links": 1000,
            "max_number_of_virtual_network_links_with_registration": 100,
            "name": "privatelink.table.core.windows.net",
            "number_of_record_sets": 1,
            "resource_group_name": "rak-es-dns",
            "soa_record": [
              {
                "email": "azureprivatedns-host.microsoft.com",
                "expire_time": 2419200,
                "fqdn": "privatelink.table.core.windows.net.",
                "host_name": "azureprivatedns.net",
                "minimum_ttl": 10,
                "refresh_time": 3600,
                "retry_time": 300,
                "serial_number": 1,
                "tags": {},
                "ttl": 3600
              }
            ],
            "tags": {
              "deployedBy": "terraform/azure/caf-enterprise-scale"
            },
            "timeouts": null
          },
          "sensitive_attributes": [],
          "private": "eyJlMmJmYjczMC1lY2FhLTExZTYtOGY4OC0zNDM2M2JjN2M0YzAiOnsiY3JlYXRlIjoxODAwMDAwMDAwMDAwLCJkZWxldGUiOjE4MDAwMDAwMDAwMDAsInJlYWQiOjMwMDAwMDAwMDAwMCwidXBkYXRlIjoxODAwMDAwMDAwMDAwfX0=",
          "dependencies": [
            "data.azurerm_client_config.core",
            "module.caf-enterprise-scale.azurerm_resource_group.connectivity"
          ]
        },
        {
          "index_key": "/subscriptions/71ced1df-304a-45c9-8c3c-104536646338/resourceGroups/rak-es-dns/providers/Microsoft.Network/privateDnsZones/privatelink.table.cosmos.azure.com",
          "schema_version": 0,
          "attributes": {
            "id": "/subscriptions/71ced1df-304a-45c9-8c3c-104536646338/resourceGroups/rak-es-dns/providers/Microsoft.Network/privateDnsZones/privatelink.table.cosmos.azure.com",
            "max_number_of_record_sets": 25000,
            "max_number_of_virtual_network_links": 1000,
            "max_number_of_virtual_network_links_with_registration": 100,
            "name": "privatelink.table.cosmos.azure.com",
            "number_of_record_sets": 1,
            "resource_group_name": "rak-es-dns",
            "soa_record": [
              {
                "email": "azureprivatedns-host.microsoft.com",
                "expire_time": 2419200,
                "fqdn": "privatelink.table.cosmos.azure.com.",
                "host_name": "azureprivatedns.net",
                "minimum_ttl": 10,
                "refresh_time": 3600,
                "retry_time": 300,
                "serial_number": 1,
                "tags": {},
                "ttl": 3600
              }
            ],
            "tags": {
              "deployedBy": "terraform/azure/caf-enterprise-scale"
            },
            "timeouts": null
          },
          "sensitive_attributes": [],
          "private": "eyJlMmJmYjczMC1lY2FhLTExZTYtOGY4OC0zNDM2M2JjN2M0YzAiOnsiY3JlYXRlIjoxODAwMDAwMDAwMDAwLCJkZWxldGUiOjE4MDAwMDAwMDAwMDAsInJlYWQiOjMwMDAwMDAwMDAwMCwidXBkYXRlIjoxODAwMDAwMDAwMDAwfX0=",
          "dependencies": [
            "data.azurerm_client_config.core",
            "module.caf-enterprise-scale.azurerm_resource_group.connectivity"
          ]
        },
        {
          "index_key": "/subscriptions/71ced1df-304a-45c9-8c3c-104536646338/resourceGroups/rak-es-dns/providers/Microsoft.Network/privateDnsZones/privatelink.vaultcore.azure.net",
          "schema_version": 0,
          "attributes": {
            "id": "/subscriptions/71ced1df-304a-45c9-8c3c-104536646338/resourceGroups/rak-es-dns/providers/Microsoft.Network/privateDnsZones/privatelink.vaultcore.azure.net",
            "max_number_of_record_sets": 25000,
            "max_number_of_virtual_network_links": 1000,
            "max_number_of_virtual_network_links_with_registration": 100,
            "name": "privatelink.vaultcore.azure.net",
            "number_of_record_sets": 1,
            "resource_group_name": "rak-es-dns",
            "soa_record": [
              {
                "email": "azureprivatedns-host.microsoft.com",
                "expire_time": 2419200,
                "fqdn": "privatelink.vaultcore.azure.net.",
                "host_name": "azureprivatedns.net",
                "minimum_ttl": 10,
                "refresh_time": 3600,
                "retry_time": 300,
                "serial_number": 1,
                "tags": {},
                "ttl": 3600
              }
            ],
            "tags": {
              "deployedBy": "terraform/azure/caf-enterprise-scale"
            },
            "timeouts": null
          },
          "sensitive_attributes": [],
          "private": "eyJlMmJmYjczMC1lY2FhLTExZTYtOGY4OC0zNDM2M2JjN2M0YzAiOnsiY3JlYXRlIjoxODAwMDAwMDAwMDAwLCJkZWxldGUiOjE4MDAwMDAwMDAwMDAsInJlYWQiOjMwMDAwMDAwMDAwMCwidXBkYXRlIjoxODAwMDAwMDAwMDAwfX0=",
          "dependencies": [
            "data.azurerm_client_config.core",
            "module.caf-enterprise-scale.azurerm_resource_group.connectivity"
          ]
        },
        {
          "index_key": "/subscriptions/71ced1df-304a-45c9-8c3c-104536646338/resourceGroups/rak-es-dns/providers/Microsoft.Network/privateDnsZones/privatelink.web.core.windows.net",
          "schema_version": 0,
          "attributes": {
            "id": "/subscriptions/71ced1df-304a-45c9-8c3c-104536646338/resourceGroups/rak-es-dns/providers/Microsoft.Network/privateDnsZones/privatelink.web.core.windows.net",
            "max_number_of_record_sets": 25000,
            "max_number_of_virtual_network_links": 1000,
            "max_number_of_virtual_network_links_with_registration": 100,
            "name": "privatelink.web.core.windows.net",
            "number_of_record_sets": 1,
            "resource_group_name": "rak-es-dns",
            "soa_record": [
              {
                "email": "azureprivatedns-host.microsoft.com",
                "expire_time": 2419200,
                "fqdn": "privatelink.web.core.windows.net.",
                "host_name": "azureprivatedns.net",
                "minimum_ttl": 10,
                "refresh_time": 3600,
                "retry_time": 300,
                "serial_number": 1,
                "tags": {},
                "ttl": 3600
              }
            ],
            "tags": {
              "deployedBy": "terraform/azure/caf-enterprise-scale"
            },
            "timeouts": null
          },
          "sensitive_attributes": [],
          "private": "eyJlMmJmYjczMC1lY2FhLTExZTYtOGY4OC0zNDM2M2JjN2M0YzAiOnsiY3JlYXRlIjoxODAwMDAwMDAwMDAwLCJkZWxldGUiOjE4MDAwMDAwMDAwMDAsInJlYWQiOjMwMDAwMDAwMDAwMCwidXBkYXRlIjoxODAwMDAwMDAwMDAwfX0=",
          "dependencies": [
            "data.azurerm_client_config.core",
            "module.caf-enterprise-scale.azurerm_resource_group.connectivity"
          ]
        }
      ]
    },
    {
      "module": "module.caf-enterprise-scale",
      "mode": "managed",
      "type": "azurerm_private_dns_zone_virtual_network_link",
      "name": "connectivity",
      "provider": "provider[\"registry.terraform.io/hashicorp/azurerm\"].connectivity",
      "instances": [
        {
          "index_key": "/subscriptions/71ced1df-304a-45c9-8c3c-104536646338/resourceGroups/rak-es-dns/providers/Microsoft.Network/privateDnsZones/privatelink.adf.azure.com/virtualNetworkLinks/71ced1df-304a-45c9-8c3c-104536646338-62ca5345-c7c0-5479-bd22-bc6490aabd17",
          "schema_version": 0,
          "attributes": {
            "id": "/subscriptions/71ced1df-304a-45c9-8c3c-104536646338/resourceGroups/rak-es-dns/providers/Microsoft.Network/privateDnsZones/privatelink.adf.azure.com/virtualNetworkLinks/71ced1df-304a-45c9-8c3c-104536646338-62ca5345-c7c0-5479-bd22-bc6490aabd17",
            "name": "71ced1df-304a-45c9-8c3c-104536646338-62ca5345-c7c0-5479-bd22-bc6490aabd17",
            "private_dns_zone_name": "privatelink.adf.azure.com",
            "registration_enabled": false,
            "resource_group_name": "rak-es-dns",
            "tags": {
              "deployedBy": "terraform/azure/caf-enterprise-scale"
            },
            "timeouts": null,
            "virtual_network_id": "/subscriptions/71ced1df-304a-45c9-8c3c-104536646338/resourceGroups/rak-es-connectivity-eastus/providers/Microsoft.Network/virtualNetworks/rak-es-hub-eastus"
          },
          "sensitive_attributes": [],
          "private": "eyJlMmJmYjczMC1lY2FhLTExZTYtOGY4OC0zNDM2M2JjN2M0YzAiOnsiY3JlYXRlIjoxODAwMDAwMDAwMDAwLCJkZWxldGUiOjE4MDAwMDAwMDAwMDAsInJlYWQiOjMwMDAwMDAwMDAwMCwidXBkYXRlIjoxODAwMDAwMDAwMDAwfX0=",
          "dependencies": [
            "data.azurerm_client_config.core",
            "module.caf-enterprise-scale.azurerm_network_ddos_protection_plan.connectivity",
            "module.caf-enterprise-scale.azurerm_private_dns_zone.connectivity",
            "module.caf-enterprise-scale.azurerm_resource_group.connectivity",
            "module.caf-enterprise-scale.azurerm_virtual_network.connectivity"
          ]
        },
        {
          "index_key": "/subscriptions/71ced1df-304a-45c9-8c3c-104536646338/resourceGroups/rak-es-dns/providers/Microsoft.Network/privateDnsZones/privatelink.afs.azure.net/virtualNetworkLinks/71ced1df-304a-45c9-8c3c-104536646338-62ca5345-c7c0-5479-bd22-bc6490aabd17",
          "schema_version": 0,
          "attributes": {
            "id": "/subscriptions/71ced1df-304a-45c9-8c3c-104536646338/resourceGroups/rak-es-dns/providers/Microsoft.Network/privateDnsZones/privatelink.afs.azure.net/virtualNetworkLinks/71ced1df-304a-45c9-8c3c-104536646338-62ca5345-c7c0-5479-bd22-bc6490aabd17",
            "name": "71ced1df-304a-45c9-8c3c-104536646338-62ca5345-c7c0-5479-bd22-bc6490aabd17",
            "private_dns_zone_name": "privatelink.afs.azure.net",
            "registration_enabled": false,
            "resource_group_name": "rak-es-dns",
            "tags": {
              "deployedBy": "terraform/azure/caf-enterprise-scale"
            },
            "timeouts": null,
            "virtual_network_id": "/subscriptions/71ced1df-304a-45c9-8c3c-104536646338/resourceGroups/rak-es-connectivity-eastus/providers/Microsoft.Network/virtualNetworks/rak-es-hub-eastus"
          },
          "sensitive_attributes": [],
          "private": "eyJlMmJmYjczMC1lY2FhLTExZTYtOGY4OC0zNDM2M2JjN2M0YzAiOnsiY3JlYXRlIjoxODAwMDAwMDAwMDAwLCJkZWxldGUiOjE4MDAwMDAwMDAwMDAsInJlYWQiOjMwMDAwMDAwMDAwMCwidXBkYXRlIjoxODAwMDAwMDAwMDAwfX0=",
          "dependencies": [
            "data.azurerm_client_config.core",
            "module.caf-enterprise-scale.azurerm_network_ddos_protection_plan.connectivity",
            "module.caf-enterprise-scale.azurerm_private_dns_zone.connectivity",
            "module.caf-enterprise-scale.azurerm_resource_group.connectivity",
            "module.caf-enterprise-scale.azurerm_virtual_network.connectivity"
          ]
        },
        {
          "index_key": "/subscriptions/71ced1df-304a-45c9-8c3c-104536646338/resourceGroups/rak-es-dns/providers/Microsoft.Network/privateDnsZones/privatelink.agentsvc.azure-automation.net/virtualNetworkLinks/71ced1df-304a-45c9-8c3c-104536646338-62ca5345-c7c0-5479-bd22-bc6490aabd17",
          "schema_version": 0,
          "attributes": {
            "id": "/subscriptions/71ced1df-304a-45c9-8c3c-104536646338/resourceGroups/rak-es-dns/providers/Microsoft.Network/privateDnsZones/privatelink.agentsvc.azure-automation.net/virtualNetworkLinks/71ced1df-304a-45c9-8c3c-104536646338-62ca5345-c7c0-5479-bd22-bc6490aabd17",
            "name": "71ced1df-304a-45c9-8c3c-104536646338-62ca5345-c7c0-5479-bd22-bc6490aabd17",
            "private_dns_zone_name": "privatelink.agentsvc.azure-automation.net",
            "registration_enabled": false,
            "resource_group_name": "rak-es-dns",
            "tags": {
              "deployedBy": "terraform/azure/caf-enterprise-scale"
            },
            "timeouts": null,
            "virtual_network_id": "/subscriptions/71ced1df-304a-45c9-8c3c-104536646338/resourceGroups/rak-es-connectivity-eastus/providers/Microsoft.Network/virtualNetworks/rak-es-hub-eastus"
          },
          "sensitive_attributes": [],
          "private": "eyJlMmJmYjczMC1lY2FhLTExZTYtOGY4OC0zNDM2M2JjN2M0YzAiOnsiY3JlYXRlIjoxODAwMDAwMDAwMDAwLCJkZWxldGUiOjE4MDAwMDAwMDAwMDAsInJlYWQiOjMwMDAwMDAwMDAwMCwidXBkYXRlIjoxODAwMDAwMDAwMDAwfX0=",
          "dependencies": [
            "data.azurerm_client_config.core",
            "module.caf-enterprise-scale.azurerm_network_ddos_protection_plan.connectivity",
            "module.caf-enterprise-scale.azurerm_private_dns_zone.connectivity",
            "module.caf-enterprise-scale.azurerm_resource_group.connectivity",
            "module.caf-enterprise-scale.azurerm_virtual_network.connectivity"
          ]
        },
        {
          "index_key": "/subscriptions/71ced1df-304a-45c9-8c3c-104536646338/resourceGroups/rak-es-dns/providers/Microsoft.Network/privateDnsZones/privatelink.api.azureml.ms/virtualNetworkLinks/71ced1df-304a-45c9-8c3c-104536646338-62ca5345-c7c0-5479-bd22-bc6490aabd17",
          "schema_version": 0,
          "attributes": {
            "id": "/subscriptions/71ced1df-304a-45c9-8c3c-104536646338/resourceGroups/rak-es-dns/providers/Microsoft.Network/privateDnsZones/privatelink.api.azureml.ms/virtualNetworkLinks/71ced1df-304a-45c9-8c3c-104536646338-62ca5345-c7c0-5479-bd22-bc6490aabd17",
            "name": "71ced1df-304a-45c9-8c3c-104536646338-62ca5345-c7c0-5479-bd22-bc6490aabd17",
            "private_dns_zone_name": "privatelink.api.azureml.ms",
            "registration_enabled": false,
            "resource_group_name": "rak-es-dns",
            "tags": {
              "deployedBy": "terraform/azure/caf-enterprise-scale"
            },
            "timeouts": null,
            "virtual_network_id": "/subscriptions/71ced1df-304a-45c9-8c3c-104536646338/resourceGroups/rak-es-connectivity-eastus/providers/Microsoft.Network/virtualNetworks/rak-es-hub-eastus"
          },
          "sensitive_attributes": [],
          "private": "eyJlMmJmYjczMC1lY2FhLTExZTYtOGY4OC0zNDM2M2JjN2M0YzAiOnsiY3JlYXRlIjoxODAwMDAwMDAwMDAwLCJkZWxldGUiOjE4MDAwMDAwMDAwMDAsInJlYWQiOjMwMDAwMDAwMDAwMCwidXBkYXRlIjoxODAwMDAwMDAwMDAwfX0=",
          "dependencies": [
            "data.azurerm_client_config.core",
            "module.caf-enterprise-scale.azurerm_network_ddos_protection_plan.connectivity",
            "module.caf-enterprise-scale.azurerm_private_dns_zone.connectivity",
            "module.caf-enterprise-scale.azurerm_resource_group.connectivity",
            "module.caf-enterprise-scale.azurerm_virtual_network.connectivity"
          ]
        },
        {
          "index_key": "/subscriptions/71ced1df-304a-45c9-8c3c-104536646338/resourceGroups/rak-es-dns/providers/Microsoft.Network/privateDnsZones/privatelink.azconfig.io/virtualNetworkLinks/71ced1df-304a-45c9-8c3c-104536646338-62ca5345-c7c0-5479-bd22-bc6490aabd17",
          "schema_version": 0,
          "attributes": {
            "id": "/subscriptions/71ced1df-304a-45c9-8c3c-104536646338/resourceGroups/rak-es-dns/providers/Microsoft.Network/privateDnsZones/privatelink.azconfig.io/virtualNetworkLinks/71ced1df-304a-45c9-8c3c-104536646338-62ca5345-c7c0-5479-bd22-bc6490aabd17",
            "name": "71ced1df-304a-45c9-8c3c-104536646338-62ca5345-c7c0-5479-bd22-bc6490aabd17",
            "private_dns_zone_name": "privatelink.azconfig.io",
            "registration_enabled": false,
            "resource_group_name": "rak-es-dns",
            "tags": {
              "deployedBy": "terraform/azure/caf-enterprise-scale"
            },
            "timeouts": null,
            "virtual_network_id": "/subscriptions/71ced1df-304a-45c9-8c3c-104536646338/resourceGroups/rak-es-connectivity-eastus/providers/Microsoft.Network/virtualNetworks/rak-es-hub-eastus"
          },
          "sensitive_attributes": [],
          "private": "eyJlMmJmYjczMC1lY2FhLTExZTYtOGY4OC0zNDM2M2JjN2M0YzAiOnsiY3JlYXRlIjoxODAwMDAwMDAwMDAwLCJkZWxldGUiOjE4MDAwMDAwMDAwMDAsInJlYWQiOjMwMDAwMDAwMDAwMCwidXBkYXRlIjoxODAwMDAwMDAwMDAwfX0=",
          "dependencies": [
            "data.azurerm_client_config.core",
            "module.caf-enterprise-scale.azurerm_network_ddos_protection_plan.connectivity",
            "module.caf-enterprise-scale.azurerm_private_dns_zone.connectivity",
            "module.caf-enterprise-scale.azurerm_resource_group.connectivity",
            "module.caf-enterprise-scale.azurerm_virtual_network.connectivity"
          ]
        },
        {
          "index_key": "/subscriptions/71ced1df-304a-45c9-8c3c-104536646338/resourceGroups/rak-es-dns/providers/Microsoft.Network/privateDnsZones/privatelink.azure-automation.net/virtualNetworkLinks/71ced1df-304a-45c9-8c3c-104536646338-62ca5345-c7c0-5479-bd22-bc6490aabd17",
          "schema_version": 0,
          "attributes": {
            "id": "/subscriptions/71ced1df-304a-45c9-8c3c-104536646338/resourceGroups/rak-es-dns/providers/Microsoft.Network/privateDnsZones/privatelink.azure-automation.net/virtualNetworkLinks/71ced1df-304a-45c9-8c3c-104536646338-62ca5345-c7c0-5479-bd22-bc6490aabd17",
            "name": "71ced1df-304a-45c9-8c3c-104536646338-62ca5345-c7c0-5479-bd22-bc6490aabd17",
            "private_dns_zone_name": "privatelink.azure-automation.net",
            "registration_enabled": false,
            "resource_group_name": "rak-es-dns",
            "tags": {
              "deployedBy": "terraform/azure/caf-enterprise-scale"
            },
            "timeouts": null,
            "virtual_network_id": "/subscriptions/71ced1df-304a-45c9-8c3c-104536646338/resourceGroups/rak-es-connectivity-eastus/providers/Microsoft.Network/virtualNetworks/rak-es-hub-eastus"
          },
          "sensitive_attributes": [],
          "private": "eyJlMmJmYjczMC1lY2FhLTExZTYtOGY4OC0zNDM2M2JjN2M0YzAiOnsiY3JlYXRlIjoxODAwMDAwMDAwMDAwLCJkZWxldGUiOjE4MDAwMDAwMDAwMDAsInJlYWQiOjMwMDAwMDAwMDAwMCwidXBkYXRlIjoxODAwMDAwMDAwMDAwfX0=",
          "dependencies": [
            "data.azurerm_client_config.core",
            "module.caf-enterprise-scale.azurerm_network_ddos_protection_plan.connectivity",
            "module.caf-enterprise-scale.azurerm_private_dns_zone.connectivity",
            "module.caf-enterprise-scale.azurerm_resource_group.connectivity",
            "module.caf-enterprise-scale.azurerm_virtual_network.connectivity"
          ]
        },
        {
          "index_key": "/subscriptions/71ced1df-304a-45c9-8c3c-104536646338/resourceGroups/rak-es-dns/providers/Microsoft.Network/privateDnsZones/privatelink.azure-devices.net/virtualNetworkLinks/71ced1df-304a-45c9-8c3c-104536646338-62ca5345-c7c0-5479-bd22-bc6490aabd17",
          "schema_version": 0,
          "attributes": {
            "id": "/subscriptions/71ced1df-304a-45c9-8c3c-104536646338/resourceGroups/rak-es-dns/providers/Microsoft.Network/privateDnsZones/privatelink.azure-devices.net/virtualNetworkLinks/71ced1df-304a-45c9-8c3c-104536646338-62ca5345-c7c0-5479-bd22-bc6490aabd17",
            "name": "71ced1df-304a-45c9-8c3c-104536646338-62ca5345-c7c0-5479-bd22-bc6490aabd17",
            "private_dns_zone_name": "privatelink.azure-devices.net",
            "registration_enabled": false,
            "resource_group_name": "rak-es-dns",
            "tags": {
              "deployedBy": "terraform/azure/caf-enterprise-scale"
            },
            "timeouts": null,
            "virtual_network_id": "/subscriptions/71ced1df-304a-45c9-8c3c-104536646338/resourceGroups/rak-es-connectivity-eastus/providers/Microsoft.Network/virtualNetworks/rak-es-hub-eastus"
          },
          "sensitive_attributes": [],
          "private": "eyJlMmJmYjczMC1lY2FhLTExZTYtOGY4OC0zNDM2M2JjN2M0YzAiOnsiY3JlYXRlIjoxODAwMDAwMDAwMDAwLCJkZWxldGUiOjE4MDAwMDAwMDAwMDAsInJlYWQiOjMwMDAwMDAwMDAwMCwidXBkYXRlIjoxODAwMDAwMDAwMDAwfX0=",
          "dependencies": [
            "data.azurerm_client_config.core",
            "module.caf-enterprise-scale.azurerm_network_ddos_protection_plan.connectivity",
            "module.caf-enterprise-scale.azurerm_private_dns_zone.connectivity",
            "module.caf-enterprise-scale.azurerm_resource_group.connectivity",
            "module.caf-enterprise-scale.azurerm_virtual_network.connectivity"
          ]
        },
        {
          "index_key": "/subscriptions/71ced1df-304a-45c9-8c3c-104536646338/resourceGroups/rak-es-dns/providers/Microsoft.Network/privateDnsZones/privatelink.azurecr.io/virtualNetworkLinks/71ced1df-304a-45c9-8c3c-104536646338-62ca5345-c7c0-5479-bd22-bc6490aabd17",
          "schema_version": 0,
          "attributes": {
            "id": "/subscriptions/71ced1df-304a-45c9-8c3c-104536646338/resourceGroups/rak-es-dns/providers/Microsoft.Network/privateDnsZones/privatelink.azurecr.io/virtualNetworkLinks/71ced1df-304a-45c9-8c3c-104536646338-62ca5345-c7c0-5479-bd22-bc6490aabd17",
            "name": "71ced1df-304a-45c9-8c3c-104536646338-62ca5345-c7c0-5479-bd22-bc6490aabd17",
            "private_dns_zone_name": "privatelink.azurecr.io",
            "registration_enabled": false,
            "resource_group_name": "rak-es-dns",
            "tags": {
              "deployedBy": "terraform/azure/caf-enterprise-scale"
            },
            "timeouts": null,
            "virtual_network_id": "/subscriptions/71ced1df-304a-45c9-8c3c-104536646338/resourceGroups/rak-es-connectivity-eastus/providers/Microsoft.Network/virtualNetworks/rak-es-hub-eastus"
          },
          "sensitive_attributes": [],
          "private": "eyJlMmJmYjczMC1lY2FhLTExZTYtOGY4OC0zNDM2M2JjN2M0YzAiOnsiY3JlYXRlIjoxODAwMDAwMDAwMDAwLCJkZWxldGUiOjE4MDAwMDAwMDAwMDAsInJlYWQiOjMwMDAwMDAwMDAwMCwidXBkYXRlIjoxODAwMDAwMDAwMDAwfX0=",
          "dependencies": [
            "data.azurerm_client_config.core",
            "module.caf-enterprise-scale.azurerm_network_ddos_protection_plan.connectivity",
            "module.caf-enterprise-scale.azurerm_private_dns_zone.connectivity",
            "module.caf-enterprise-scale.azurerm_resource_group.connectivity",
            "module.caf-enterprise-scale.azurerm_virtual_network.connectivity"
          ]
        },
        {
          "index_key": "/subscriptions/71ced1df-304a-45c9-8c3c-104536646338/resourceGroups/rak-es-dns/providers/Microsoft.Network/privateDnsZones/privatelink.azurewebsites.net/virtualNetworkLinks/71ced1df-304a-45c9-8c3c-104536646338-62ca5345-c7c0-5479-bd22-bc6490aabd17",
          "schema_version": 0,
          "attributes": {
            "id": "/subscriptions/71ced1df-304a-45c9-8c3c-104536646338/resourceGroups/rak-es-dns/providers/Microsoft.Network/privateDnsZones/privatelink.azurewebsites.net/virtualNetworkLinks/71ced1df-304a-45c9-8c3c-104536646338-62ca5345-c7c0-5479-bd22-bc6490aabd17",
            "name": "71ced1df-304a-45c9-8c3c-104536646338-62ca5345-c7c0-5479-bd22-bc6490aabd17",
            "private_dns_zone_name": "privatelink.azurewebsites.net",
            "registration_enabled": false,
            "resource_group_name": "rak-es-dns",
            "tags": {
              "deployedBy": "terraform/azure/caf-enterprise-scale"
            },
            "timeouts": null,
            "virtual_network_id": "/subscriptions/71ced1df-304a-45c9-8c3c-104536646338/resourceGroups/rak-es-connectivity-eastus/providers/Microsoft.Network/virtualNetworks/rak-es-hub-eastus"
          },
          "sensitive_attributes": [],
          "private": "eyJlMmJmYjczMC1lY2FhLTExZTYtOGY4OC0zNDM2M2JjN2M0YzAiOnsiY3JlYXRlIjoxODAwMDAwMDAwMDAwLCJkZWxldGUiOjE4MDAwMDAwMDAwMDAsInJlYWQiOjMwMDAwMDAwMDAwMCwidXBkYXRlIjoxODAwMDAwMDAwMDAwfX0=",
          "dependencies": [
            "data.azurerm_client_config.core",
            "module.caf-enterprise-scale.azurerm_network_ddos_protection_plan.connectivity",
            "module.caf-enterprise-scale.azurerm_private_dns_zone.connectivity",
            "module.caf-enterprise-scale.azurerm_resource_group.connectivity",
            "module.caf-enterprise-scale.azurerm_virtual_network.connectivity"
          ]
        },
        {
          "index_key": "/subscriptions/71ced1df-304a-45c9-8c3c-104536646338/resourceGroups/rak-es-dns/providers/Microsoft.Network/privateDnsZones/privatelink.blob.core.windows.net/virtualNetworkLinks/71ced1df-304a-45c9-8c3c-104536646338-62ca5345-c7c0-5479-bd22-bc6490aabd17",
          "schema_version": 0,
          "attributes": {
            "id": "/subscriptions/71ced1df-304a-45c9-8c3c-104536646338/resourceGroups/rak-es-dns/providers/Microsoft.Network/privateDnsZones/privatelink.blob.core.windows.net/virtualNetworkLinks/71ced1df-304a-45c9-8c3c-104536646338-62ca5345-c7c0-5479-bd22-bc6490aabd17",
            "name": "71ced1df-304a-45c9-8c3c-104536646338-62ca5345-c7c0-5479-bd22-bc6490aabd17",
            "private_dns_zone_name": "privatelink.blob.core.windows.net",
            "registration_enabled": false,
            "resource_group_name": "rak-es-dns",
            "tags": {
              "deployedBy": "terraform/azure/caf-enterprise-scale"
            },
            "timeouts": null,
            "virtual_network_id": "/subscriptions/71ced1df-304a-45c9-8c3c-104536646338/resourceGroups/rak-es-connectivity-eastus/providers/Microsoft.Network/virtualNetworks/rak-es-hub-eastus"
          },
          "sensitive_attributes": [],
          "private": "eyJlMmJmYjczMC1lY2FhLTExZTYtOGY4OC0zNDM2M2JjN2M0YzAiOnsiY3JlYXRlIjoxODAwMDAwMDAwMDAwLCJkZWxldGUiOjE4MDAwMDAwMDAwMDAsInJlYWQiOjMwMDAwMDAwMDAwMCwidXBkYXRlIjoxODAwMDAwMDAwMDAwfX0=",
          "dependencies": [
            "data.azurerm_client_config.core",
            "module.caf-enterprise-scale.azurerm_network_ddos_protection_plan.connectivity",
            "module.caf-enterprise-scale.azurerm_private_dns_zone.connectivity",
            "module.caf-enterprise-scale.azurerm_resource_group.connectivity",
            "module.caf-enterprise-scale.azurerm_virtual_network.connectivity"
          ]
        },
        {
          "index_key": "/subscriptions/71ced1df-304a-45c9-8c3c-104536646338/resourceGroups/rak-es-dns/providers/Microsoft.Network/privateDnsZones/privatelink.cassandra.cosmos.azure.com/virtualNetworkLinks/71ced1df-304a-45c9-8c3c-104536646338-62ca5345-c7c0-5479-bd22-bc6490aabd17",
          "schema_version": 0,
          "attributes": {
            "id": "/subscriptions/71ced1df-304a-45c9-8c3c-104536646338/resourceGroups/rak-es-dns/providers/Microsoft.Network/privateDnsZones/privatelink.cassandra.cosmos.azure.com/virtualNetworkLinks/71ced1df-304a-45c9-8c3c-104536646338-62ca5345-c7c0-5479-bd22-bc6490aabd17",
            "name": "71ced1df-304a-45c9-8c3c-104536646338-62ca5345-c7c0-5479-bd22-bc6490aabd17",
            "private_dns_zone_name": "privatelink.cassandra.cosmos.azure.com",
            "registration_enabled": false,
            "resource_group_name": "rak-es-dns",
            "tags": {
              "deployedBy": "terraform/azure/caf-enterprise-scale"
            },
            "timeouts": null,
            "virtual_network_id": "/subscriptions/71ced1df-304a-45c9-8c3c-104536646338/resourceGroups/rak-es-connectivity-eastus/providers/Microsoft.Network/virtualNetworks/rak-es-hub-eastus"
          },
          "sensitive_attributes": [],
          "private": "eyJlMmJmYjczMC1lY2FhLTExZTYtOGY4OC0zNDM2M2JjN2M0YzAiOnsiY3JlYXRlIjoxODAwMDAwMDAwMDAwLCJkZWxldGUiOjE4MDAwMDAwMDAwMDAsInJlYWQiOjMwMDAwMDAwMDAwMCwidXBkYXRlIjoxODAwMDAwMDAwMDAwfX0=",
          "dependencies": [
            "data.azurerm_client_config.core",
            "module.caf-enterprise-scale.azurerm_network_ddos_protection_plan.connectivity",
            "module.caf-enterprise-scale.azurerm_private_dns_zone.connectivity",
            "module.caf-enterprise-scale.azurerm_resource_group.connectivity",
            "module.caf-enterprise-scale.azurerm_virtual_network.connectivity"
          ]
        },
        {
          "index_key": "/subscriptions/71ced1df-304a-45c9-8c3c-104536646338/resourceGroups/rak-es-dns/providers/Microsoft.Network/privateDnsZones/privatelink.cognitiveservices.azure.com/virtualNetworkLinks/71ced1df-304a-45c9-8c3c-104536646338-62ca5345-c7c0-5479-bd22-bc6490aabd17",
          "schema_version": 0,
          "attributes": {
            "id": "/subscriptions/71ced1df-304a-45c9-8c3c-104536646338/resourceGroups/rak-es-dns/providers/Microsoft.Network/privateDnsZones/privatelink.cognitiveservices.azure.com/virtualNetworkLinks/71ced1df-304a-45c9-8c3c-104536646338-62ca5345-c7c0-5479-bd22-bc6490aabd17",
            "name": "71ced1df-304a-45c9-8c3c-104536646338-62ca5345-c7c0-5479-bd22-bc6490aabd17",
            "private_dns_zone_name": "privatelink.cognitiveservices.azure.com",
            "registration_enabled": false,
            "resource_group_name": "rak-es-dns",
            "tags": {
              "deployedBy": "terraform/azure/caf-enterprise-scale"
            },
            "timeouts": null,
            "virtual_network_id": "/subscriptions/71ced1df-304a-45c9-8c3c-104536646338/resourceGroups/rak-es-connectivity-eastus/providers/Microsoft.Network/virtualNetworks/rak-es-hub-eastus"
          },
          "sensitive_attributes": [],
          "private": "eyJlMmJmYjczMC1lY2FhLTExZTYtOGY4OC0zNDM2M2JjN2M0YzAiOnsiY3JlYXRlIjoxODAwMDAwMDAwMDAwLCJkZWxldGUiOjE4MDAwMDAwMDAwMDAsInJlYWQiOjMwMDAwMDAwMDAwMCwidXBkYXRlIjoxODAwMDAwMDAwMDAwfX0=",
          "dependencies": [
            "data.azurerm_client_config.core",
            "module.caf-enterprise-scale.azurerm_network_ddos_protection_plan.connectivity",
            "module.caf-enterprise-scale.azurerm_private_dns_zone.connectivity",
            "module.caf-enterprise-scale.azurerm_resource_group.connectivity",
            "module.caf-enterprise-scale.azurerm_virtual_network.connectivity"
          ]
        },
        {
          "index_key": "/subscriptions/71ced1df-304a-45c9-8c3c-104536646338/resourceGroups/rak-es-dns/providers/Microsoft.Network/privateDnsZones/privatelink.database.windows.net/virtualNetworkLinks/71ced1df-304a-45c9-8c3c-104536646338-62ca5345-c7c0-5479-bd22-bc6490aabd17",
          "schema_version": 0,
          "attributes": {
            "id": "/subscriptions/71ced1df-304a-45c9-8c3c-104536646338/resourceGroups/rak-es-dns/providers/Microsoft.Network/privateDnsZones/privatelink.database.windows.net/virtualNetworkLinks/71ced1df-304a-45c9-8c3c-104536646338-62ca5345-c7c0-5479-bd22-bc6490aabd17",
            "name": "71ced1df-304a-45c9-8c3c-104536646338-62ca5345-c7c0-5479-bd22-bc6490aabd17",
            "private_dns_zone_name": "privatelink.database.windows.net",
            "registration_enabled": false,
            "resource_group_name": "rak-es-dns",
            "tags": {
              "deployedBy": "terraform/azure/caf-enterprise-scale"
            },
            "timeouts": null,
            "virtual_network_id": "/subscriptions/71ced1df-304a-45c9-8c3c-104536646338/resourceGroups/rak-es-connectivity-eastus/providers/Microsoft.Network/virtualNetworks/rak-es-hub-eastus"
          },
          "sensitive_attributes": [],
          "private": "eyJlMmJmYjczMC1lY2FhLTExZTYtOGY4OC0zNDM2M2JjN2M0YzAiOnsiY3JlYXRlIjoxODAwMDAwMDAwMDAwLCJkZWxldGUiOjE4MDAwMDAwMDAwMDAsInJlYWQiOjMwMDAwMDAwMDAwMCwidXBkYXRlIjoxODAwMDAwMDAwMDAwfX0=",
          "dependencies": [
            "data.azurerm_client_config.core",
            "module.caf-enterprise-scale.azurerm_network_ddos_protection_plan.connectivity",
            "module.caf-enterprise-scale.azurerm_private_dns_zone.connectivity",
            "module.caf-enterprise-scale.azurerm_resource_group.connectivity",
            "module.caf-enterprise-scale.azurerm_virtual_network.connectivity"
          ]
        },
        {
          "index_key": "/subscriptions/71ced1df-304a-45c9-8c3c-104536646338/resourceGroups/rak-es-dns/providers/Microsoft.Network/privateDnsZones/privatelink.datafactory.azure.net/virtualNetworkLinks/71ced1df-304a-45c9-8c3c-104536646338-62ca5345-c7c0-5479-bd22-bc6490aabd17",
          "schema_version": 0,
          "attributes": {
            "id": "/subscriptions/71ced1df-304a-45c9-8c3c-104536646338/resourceGroups/rak-es-dns/providers/Microsoft.Network/privateDnsZones/privatelink.datafactory.azure.net/virtualNetworkLinks/71ced1df-304a-45c9-8c3c-104536646338-62ca5345-c7c0-5479-bd22-bc6490aabd17",
            "name": "71ced1df-304a-45c9-8c3c-104536646338-62ca5345-c7c0-5479-bd22-bc6490aabd17",
            "private_dns_zone_name": "privatelink.datafactory.azure.net",
            "registration_enabled": false,
            "resource_group_name": "rak-es-dns",
            "tags": {
              "deployedBy": "terraform/azure/caf-enterprise-scale"
            },
            "timeouts": null,
            "virtual_network_id": "/subscriptions/71ced1df-304a-45c9-8c3c-104536646338/resourceGroups/rak-es-connectivity-eastus/providers/Microsoft.Network/virtualNetworks/rak-es-hub-eastus"
          },
          "sensitive_attributes": [],
          "private": "eyJlMmJmYjczMC1lY2FhLTExZTYtOGY4OC0zNDM2M2JjN2M0YzAiOnsiY3JlYXRlIjoxODAwMDAwMDAwMDAwLCJkZWxldGUiOjE4MDAwMDAwMDAwMDAsInJlYWQiOjMwMDAwMDAwMDAwMCwidXBkYXRlIjoxODAwMDAwMDAwMDAwfX0=",
          "dependencies": [
            "data.azurerm_client_config.core",
            "module.caf-enterprise-scale.azurerm_network_ddos_protection_plan.connectivity",
            "module.caf-enterprise-scale.azurerm_private_dns_zone.connectivity",
            "module.caf-enterprise-scale.azurerm_resource_group.connectivity",
            "module.caf-enterprise-scale.azurerm_virtual_network.connectivity"
          ]
        },
        {
          "index_key": "/subscriptions/71ced1df-304a-45c9-8c3c-104536646338/resourceGroups/rak-es-dns/providers/Microsoft.Network/privateDnsZones/privatelink.dfs.core.windows.net/virtualNetworkLinks/71ced1df-304a-45c9-8c3c-104536646338-62ca5345-c7c0-5479-bd22-bc6490aabd17",
          "schema_version": 0,
          "attributes": {
            "id": "/subscriptions/71ced1df-304a-45c9-8c3c-104536646338/resourceGroups/rak-es-dns/providers/Microsoft.Network/privateDnsZones/privatelink.dfs.core.windows.net/virtualNetworkLinks/71ced1df-304a-45c9-8c3c-104536646338-62ca5345-c7c0-5479-bd22-bc6490aabd17",
            "name": "71ced1df-304a-45c9-8c3c-104536646338-62ca5345-c7c0-5479-bd22-bc6490aabd17",
            "private_dns_zone_name": "privatelink.dfs.core.windows.net",
            "registration_enabled": false,
            "resource_group_name": "rak-es-dns",
            "tags": {
              "deployedBy": "terraform/azure/caf-enterprise-scale"
            },
            "timeouts": null,
            "virtual_network_id": "/subscriptions/71ced1df-304a-45c9-8c3c-104536646338/resourceGroups/rak-es-connectivity-eastus/providers/Microsoft.Network/virtualNetworks/rak-es-hub-eastus"
          },
          "sensitive_attributes": [],
          "private": "eyJlMmJmYjczMC1lY2FhLTExZTYtOGY4OC0zNDM2M2JjN2M0YzAiOnsiY3JlYXRlIjoxODAwMDAwMDAwMDAwLCJkZWxldGUiOjE4MDAwMDAwMDAwMDAsInJlYWQiOjMwMDAwMDAwMDAwMCwidXBkYXRlIjoxODAwMDAwMDAwMDAwfX0=",
          "dependencies": [
            "data.azurerm_client_config.core",
            "module.caf-enterprise-scale.azurerm_network_ddos_protection_plan.connectivity",
            "module.caf-enterprise-scale.azurerm_private_dns_zone.connectivity",
            "module.caf-enterprise-scale.azurerm_resource_group.connectivity",
            "module.caf-enterprise-scale.azurerm_virtual_network.connectivity"
          ]
        },
        {
          "index_key": "/subscriptions/71ced1df-304a-45c9-8c3c-104536646338/resourceGroups/rak-es-dns/providers/Microsoft.Network/privateDnsZones/privatelink.documents.azure.com/virtualNetworkLinks/71ced1df-304a-45c9-8c3c-104536646338-62ca5345-c7c0-5479-bd22-bc6490aabd17",
          "schema_version": 0,
          "attributes": {
            "id": "/subscriptions/71ced1df-304a-45c9-8c3c-104536646338/resourceGroups/rak-es-dns/providers/Microsoft.Network/privateDnsZones/privatelink.documents.azure.com/virtualNetworkLinks/71ced1df-304a-45c9-8c3c-104536646338-62ca5345-c7c0-5479-bd22-bc6490aabd17",
            "name": "71ced1df-304a-45c9-8c3c-104536646338-62ca5345-c7c0-5479-bd22-bc6490aabd17",
            "private_dns_zone_name": "privatelink.documents.azure.com",
            "registration_enabled": false,
            "resource_group_name": "rak-es-dns",
            "tags": {
              "deployedBy": "terraform/azure/caf-enterprise-scale"
            },
            "timeouts": null,
            "virtual_network_id": "/subscriptions/71ced1df-304a-45c9-8c3c-104536646338/resourceGroups/rak-es-connectivity-eastus/providers/Microsoft.Network/virtualNetworks/rak-es-hub-eastus"
          },
          "sensitive_attributes": [],
          "private": "eyJlMmJmYjczMC1lY2FhLTExZTYtOGY4OC0zNDM2M2JjN2M0YzAiOnsiY3JlYXRlIjoxODAwMDAwMDAwMDAwLCJkZWxldGUiOjE4MDAwMDAwMDAwMDAsInJlYWQiOjMwMDAwMDAwMDAwMCwidXBkYXRlIjoxODAwMDAwMDAwMDAwfX0=",
          "dependencies": [
            "data.azurerm_client_config.core",
            "module.caf-enterprise-scale.azurerm_network_ddos_protection_plan.connectivity",
            "module.caf-enterprise-scale.azurerm_private_dns_zone.connectivity",
            "module.caf-enterprise-scale.azurerm_resource_group.connectivity",
            "module.caf-enterprise-scale.azurerm_virtual_network.connectivity"
          ]
        },
        {
          "index_key": "/subscriptions/71ced1df-304a-45c9-8c3c-104536646338/resourceGroups/rak-es-dns/providers/Microsoft.Network/privateDnsZones/privatelink.eastus.azmk8s.io/virtualNetworkLinks/71ced1df-304a-45c9-8c3c-104536646338-62ca5345-c7c0-5479-bd22-bc6490aabd17",
          "schema_version": 0,
          "attributes": {
            "id": "/subscriptions/71ced1df-304a-45c9-8c3c-104536646338/resourceGroups/rak-es-dns/providers/Microsoft.Network/privateDnsZones/privatelink.eastus.azmk8s.io/virtualNetworkLinks/71ced1df-304a-45c9-8c3c-104536646338-62ca5345-c7c0-5479-bd22-bc6490aabd17",
            "name": "71ced1df-304a-45c9-8c3c-104536646338-62ca5345-c7c0-5479-bd22-bc6490aabd17",
            "private_dns_zone_name": "privatelink.eastus.azmk8s.io",
            "registration_enabled": false,
            "resource_group_name": "rak-es-dns",
            "tags": {
              "deployedBy": "terraform/azure/caf-enterprise-scale"
            },
            "timeouts": null,
            "virtual_network_id": "/subscriptions/71ced1df-304a-45c9-8c3c-104536646338/resourceGroups/rak-es-connectivity-eastus/providers/Microsoft.Network/virtualNetworks/rak-es-hub-eastus"
          },
          "sensitive_attributes": [],
          "private": "eyJlMmJmYjczMC1lY2FhLTExZTYtOGY4OC0zNDM2M2JjN2M0YzAiOnsiY3JlYXRlIjoxODAwMDAwMDAwMDAwLCJkZWxldGUiOjE4MDAwMDAwMDAwMDAsInJlYWQiOjMwMDAwMDAwMDAwMCwidXBkYXRlIjoxODAwMDAwMDAwMDAwfX0=",
          "dependencies": [
            "data.azurerm_client_config.core",
            "module.caf-enterprise-scale.azurerm_network_ddos_protection_plan.connectivity",
            "module.caf-enterprise-scale.azurerm_private_dns_zone.connectivity",
            "module.caf-enterprise-scale.azurerm_resource_group.connectivity",
            "module.caf-enterprise-scale.azurerm_virtual_network.connectivity"
          ]
        },
        {
          "index_key": "/subscriptions/71ced1df-304a-45c9-8c3c-104536646338/resourceGroups/rak-es-dns/providers/Microsoft.Network/privateDnsZones/privatelink.eus.backup.windowsazure.com/virtualNetworkLinks/71ced1df-304a-45c9-8c3c-104536646338-62ca5345-c7c0-5479-bd22-bc6490aabd17",
          "schema_version": 0,
          "attributes": {
            "id": "/subscriptions/71ced1df-304a-45c9-8c3c-104536646338/resourceGroups/rak-es-dns/providers/Microsoft.Network/privateDnsZones/privatelink.eus.backup.windowsazure.com/virtualNetworkLinks/71ced1df-304a-45c9-8c3c-104536646338-62ca5345-c7c0-5479-bd22-bc6490aabd17",
            "name": "71ced1df-304a-45c9-8c3c-104536646338-62ca5345-c7c0-5479-bd22-bc6490aabd17",
            "private_dns_zone_name": "privatelink.eus.backup.windowsazure.com",
            "registration_enabled": false,
            "resource_group_name": "rak-es-dns",
            "tags": {
              "deployedBy": "terraform/azure/caf-enterprise-scale"
            },
            "timeouts": null,
            "virtual_network_id": "/subscriptions/71ced1df-304a-45c9-8c3c-104536646338/resourceGroups/rak-es-connectivity-eastus/providers/Microsoft.Network/virtualNetworks/rak-es-hub-eastus"
          },
          "sensitive_attributes": [],
          "private": "eyJlMmJmYjczMC1lY2FhLTExZTYtOGY4OC0zNDM2M2JjN2M0YzAiOnsiY3JlYXRlIjoxODAwMDAwMDAwMDAwLCJkZWxldGUiOjE4MDAwMDAwMDAwMDAsInJlYWQiOjMwMDAwMDAwMDAwMCwidXBkYXRlIjoxODAwMDAwMDAwMDAwfX0=",
          "dependencies": [
            "data.azurerm_client_config.core",
            "module.caf-enterprise-scale.azurerm_network_ddos_protection_plan.connectivity",
            "module.caf-enterprise-scale.azurerm_private_dns_zone.connectivity",
            "module.caf-enterprise-scale.azurerm_resource_group.connectivity",
            "module.caf-enterprise-scale.azurerm_virtual_network.connectivity"
          ]
        },
        {
          "index_key": "/subscriptions/71ced1df-304a-45c9-8c3c-104536646338/resourceGroups/rak-es-dns/providers/Microsoft.Network/privateDnsZones/privatelink.eventgrid.azure.net/virtualNetworkLinks/71ced1df-304a-45c9-8c3c-104536646338-62ca5345-c7c0-5479-bd22-bc6490aabd17",
          "schema_version": 0,
          "attributes": {
            "id": "/subscriptions/71ced1df-304a-45c9-8c3c-104536646338/resourceGroups/rak-es-dns/providers/Microsoft.Network/privateDnsZones/privatelink.eventgrid.azure.net/virtualNetworkLinks/71ced1df-304a-45c9-8c3c-104536646338-62ca5345-c7c0-5479-bd22-bc6490aabd17",
            "name": "71ced1df-304a-45c9-8c3c-104536646338-62ca5345-c7c0-5479-bd22-bc6490aabd17",
            "private_dns_zone_name": "privatelink.eventgrid.azure.net",
            "registration_enabled": false,
            "resource_group_name": "rak-es-dns",
            "tags": {
              "deployedBy": "terraform/azure/caf-enterprise-scale"
            },
            "timeouts": null,
            "virtual_network_id": "/subscriptions/71ced1df-304a-45c9-8c3c-104536646338/resourceGroups/rak-es-connectivity-eastus/providers/Microsoft.Network/virtualNetworks/rak-es-hub-eastus"
          },
          "sensitive_attributes": [],
          "private": "eyJlMmJmYjczMC1lY2FhLTExZTYtOGY4OC0zNDM2M2JjN2M0YzAiOnsiY3JlYXRlIjoxODAwMDAwMDAwMDAwLCJkZWxldGUiOjE4MDAwMDAwMDAwMDAsInJlYWQiOjMwMDAwMDAwMDAwMCwidXBkYXRlIjoxODAwMDAwMDAwMDAwfX0=",
          "dependencies": [
            "data.azurerm_client_config.core",
            "module.caf-enterprise-scale.azurerm_network_ddos_protection_plan.connectivity",
            "module.caf-enterprise-scale.azurerm_private_dns_zone.connectivity",
            "module.caf-enterprise-scale.azurerm_resource_group.connectivity",
            "module.caf-enterprise-scale.azurerm_virtual_network.connectivity"
          ]
        },
        {
          "index_key": "/subscriptions/71ced1df-304a-45c9-8c3c-104536646338/resourceGroups/rak-es-dns/providers/Microsoft.Network/privateDnsZones/privatelink.file.core.windows.net/virtualNetworkLinks/71ced1df-304a-45c9-8c3c-104536646338-62ca5345-c7c0-5479-bd22-bc6490aabd17",
          "schema_version": 0,
          "attributes": {
            "id": "/subscriptions/71ced1df-304a-45c9-8c3c-104536646338/resourceGroups/rak-es-dns/providers/Microsoft.Network/privateDnsZones/privatelink.file.core.windows.net/virtualNetworkLinks/71ced1df-304a-45c9-8c3c-104536646338-62ca5345-c7c0-5479-bd22-bc6490aabd17",
            "name": "71ced1df-304a-45c9-8c3c-104536646338-62ca5345-c7c0-5479-bd22-bc6490aabd17",
            "private_dns_zone_name": "privatelink.file.core.windows.net",
            "registration_enabled": false,
            "resource_group_name": "rak-es-dns",
            "tags": {
              "deployedBy": "terraform/azure/caf-enterprise-scale"
            },
            "timeouts": null,
            "virtual_network_id": "/subscriptions/71ced1df-304a-45c9-8c3c-104536646338/resourceGroups/rak-es-connectivity-eastus/providers/Microsoft.Network/virtualNetworks/rak-es-hub-eastus"
          },
          "sensitive_attributes": [],
          "private": "eyJlMmJmYjczMC1lY2FhLTExZTYtOGY4OC0zNDM2M2JjN2M0YzAiOnsiY3JlYXRlIjoxODAwMDAwMDAwMDAwLCJkZWxldGUiOjE4MDAwMDAwMDAwMDAsInJlYWQiOjMwMDAwMDAwMDAwMCwidXBkYXRlIjoxODAwMDAwMDAwMDAwfX0=",
          "dependencies": [
            "data.azurerm_client_config.core",
            "module.caf-enterprise-scale.azurerm_network_ddos_protection_plan.connectivity",
            "module.caf-enterprise-scale.azurerm_private_dns_zone.connectivity",
            "module.caf-enterprise-scale.azurerm_resource_group.connectivity",
            "module.caf-enterprise-scale.azurerm_virtual_network.connectivity"
          ]
        },
        {
          "index_key": "/subscriptions/71ced1df-304a-45c9-8c3c-104536646338/resourceGroups/rak-es-dns/providers/Microsoft.Network/privateDnsZones/privatelink.gremlin.cosmos.azure.com/virtualNetworkLinks/71ced1df-304a-45c9-8c3c-104536646338-62ca5345-c7c0-5479-bd22-bc6490aabd17",
          "schema_version": 0,
          "attributes": {
            "id": "/subscriptions/71ced1df-304a-45c9-8c3c-104536646338/resourceGroups/rak-es-dns/providers/Microsoft.Network/privateDnsZones/privatelink.gremlin.cosmos.azure.com/virtualNetworkLinks/71ced1df-304a-45c9-8c3c-104536646338-62ca5345-c7c0-5479-bd22-bc6490aabd17",
            "name": "71ced1df-304a-45c9-8c3c-104536646338-62ca5345-c7c0-5479-bd22-bc6490aabd17",
            "private_dns_zone_name": "privatelink.gremlin.cosmos.azure.com",
            "registration_enabled": false,
            "resource_group_name": "rak-es-dns",
            "tags": {
              "deployedBy": "terraform/azure/caf-enterprise-scale"
            },
            "timeouts": null,
            "virtual_network_id": "/subscriptions/71ced1df-304a-45c9-8c3c-104536646338/resourceGroups/rak-es-connectivity-eastus/providers/Microsoft.Network/virtualNetworks/rak-es-hub-eastus"
          },
          "sensitive_attributes": [],
          "private": "eyJlMmJmYjczMC1lY2FhLTExZTYtOGY4OC0zNDM2M2JjN2M0YzAiOnsiY3JlYXRlIjoxODAwMDAwMDAwMDAwLCJkZWxldGUiOjE4MDAwMDAwMDAwMDAsInJlYWQiOjMwMDAwMDAwMDAwMCwidXBkYXRlIjoxODAwMDAwMDAwMDAwfX0=",
          "dependencies": [
            "data.azurerm_client_config.core",
            "module.caf-enterprise-scale.azurerm_network_ddos_protection_plan.connectivity",
            "module.caf-enterprise-scale.azurerm_private_dns_zone.connectivity",
            "module.caf-enterprise-scale.azurerm_resource_group.connectivity",
            "module.caf-enterprise-scale.azurerm_virtual_network.connectivity"
          ]
        },
        {
          "index_key": "/subscriptions/71ced1df-304a-45c9-8c3c-104536646338/resourceGroups/rak-es-dns/providers/Microsoft.Network/privateDnsZones/privatelink.mariadb.database.azure.com/virtualNetworkLinks/71ced1df-304a-45c9-8c3c-104536646338-62ca5345-c7c0-5479-bd22-bc6490aabd17",
          "schema_version": 0,
          "attributes": {
            "id": "/subscriptions/71ced1df-304a-45c9-8c3c-104536646338/resourceGroups/rak-es-dns/providers/Microsoft.Network/privateDnsZones/privatelink.mariadb.database.azure.com/virtualNetworkLinks/71ced1df-304a-45c9-8c3c-104536646338-62ca5345-c7c0-5479-bd22-bc6490aabd17",
            "name": "71ced1df-304a-45c9-8c3c-104536646338-62ca5345-c7c0-5479-bd22-bc6490aabd17",
            "private_dns_zone_name": "privatelink.mariadb.database.azure.com",
            "registration_enabled": false,
            "resource_group_name": "rak-es-dns",
            "tags": {
              "deployedBy": "terraform/azure/caf-enterprise-scale"
            },
            "timeouts": null,
            "virtual_network_id": "/subscriptions/71ced1df-304a-45c9-8c3c-104536646338/resourceGroups/rak-es-connectivity-eastus/providers/Microsoft.Network/virtualNetworks/rak-es-hub-eastus"
          },
          "sensitive_attributes": [],
          "private": "eyJlMmJmYjczMC1lY2FhLTExZTYtOGY4OC0zNDM2M2JjN2M0YzAiOnsiY3JlYXRlIjoxODAwMDAwMDAwMDAwLCJkZWxldGUiOjE4MDAwMDAwMDAwMDAsInJlYWQiOjMwMDAwMDAwMDAwMCwidXBkYXRlIjoxODAwMDAwMDAwMDAwfX0=",
          "dependencies": [
            "data.azurerm_client_config.core",
            "module.caf-enterprise-scale.azurerm_network_ddos_protection_plan.connectivity",
            "module.caf-enterprise-scale.azurerm_private_dns_zone.connectivity",
            "module.caf-enterprise-scale.azurerm_resource_group.connectivity",
            "module.caf-enterprise-scale.azurerm_virtual_network.connectivity"
          ]
        },
        {
          "index_key": "/subscriptions/71ced1df-304a-45c9-8c3c-104536646338/resourceGroups/rak-es-dns/providers/Microsoft.Network/privateDnsZones/privatelink.mongo.cosmos.azure.com/virtualNetworkLinks/71ced1df-304a-45c9-8c3c-104536646338-62ca5345-c7c0-5479-bd22-bc6490aabd17",
          "schema_version": 0,
          "attributes": {
            "id": "/subscriptions/71ced1df-304a-45c9-8c3c-104536646338/resourceGroups/rak-es-dns/providers/Microsoft.Network/privateDnsZones/privatelink.mongo.cosmos.azure.com/virtualNetworkLinks/71ced1df-304a-45c9-8c3c-104536646338-62ca5345-c7c0-5479-bd22-bc6490aabd17",
            "name": "71ced1df-304a-45c9-8c3c-104536646338-62ca5345-c7c0-5479-bd22-bc6490aabd17",
            "private_dns_zone_name": "privatelink.mongo.cosmos.azure.com",
            "registration_enabled": false,
            "resource_group_name": "rak-es-dns",
            "tags": {
              "deployedBy": "terraform/azure/caf-enterprise-scale"
            },
            "timeouts": null,
            "virtual_network_id": "/subscriptions/71ced1df-304a-45c9-8c3c-104536646338/resourceGroups/rak-es-connectivity-eastus/providers/Microsoft.Network/virtualNetworks/rak-es-hub-eastus"
          },
          "sensitive_attributes": [],
          "private": "eyJlMmJmYjczMC1lY2FhLTExZTYtOGY4OC0zNDM2M2JjN2M0YzAiOnsiY3JlYXRlIjoxODAwMDAwMDAwMDAwLCJkZWxldGUiOjE4MDAwMDAwMDAwMDAsInJlYWQiOjMwMDAwMDAwMDAwMCwidXBkYXRlIjoxODAwMDAwMDAwMDAwfX0=",
          "dependencies": [
            "data.azurerm_client_config.core",
            "module.caf-enterprise-scale.azurerm_network_ddos_protection_plan.connectivity",
            "module.caf-enterprise-scale.azurerm_private_dns_zone.connectivity",
            "module.caf-enterprise-scale.azurerm_resource_group.connectivity",
            "module.caf-enterprise-scale.azurerm_virtual_network.connectivity"
          ]
        },
        {
          "index_key": "/subscriptions/71ced1df-304a-45c9-8c3c-104536646338/resourceGroups/rak-es-dns/providers/Microsoft.Network/privateDnsZones/privatelink.monitor.azure.com/virtualNetworkLinks/71ced1df-304a-45c9-8c3c-104536646338-62ca5345-c7c0-5479-bd22-bc6490aabd17",
          "schema_version": 0,
          "attributes": {
            "id": "/subscriptions/71ced1df-304a-45c9-8c3c-104536646338/resourceGroups/rak-es-dns/providers/Microsoft.Network/privateDnsZones/privatelink.monitor.azure.com/virtualNetworkLinks/71ced1df-304a-45c9-8c3c-104536646338-62ca5345-c7c0-5479-bd22-bc6490aabd17",
            "name": "71ced1df-304a-45c9-8c3c-104536646338-62ca5345-c7c0-5479-bd22-bc6490aabd17",
            "private_dns_zone_name": "privatelink.monitor.azure.com",
            "registration_enabled": false,
            "resource_group_name": "rak-es-dns",
            "tags": {
              "deployedBy": "terraform/azure/caf-enterprise-scale"
            },
            "timeouts": null,
            "virtual_network_id": "/subscriptions/71ced1df-304a-45c9-8c3c-104536646338/resourceGroups/rak-es-connectivity-eastus/providers/Microsoft.Network/virtualNetworks/rak-es-hub-eastus"
          },
          "sensitive_attributes": [],
          "private": "eyJlMmJmYjczMC1lY2FhLTExZTYtOGY4OC0zNDM2M2JjN2M0YzAiOnsiY3JlYXRlIjoxODAwMDAwMDAwMDAwLCJkZWxldGUiOjE4MDAwMDAwMDAwMDAsInJlYWQiOjMwMDAwMDAwMDAwMCwidXBkYXRlIjoxODAwMDAwMDAwMDAwfX0=",
          "dependencies": [
            "data.azurerm_client_config.core",
            "module.caf-enterprise-scale.azurerm_network_ddos_protection_plan.connectivity",
            "module.caf-enterprise-scale.azurerm_private_dns_zone.connectivity",
            "module.caf-enterprise-scale.azurerm_resource_group.connectivity",
            "module.caf-enterprise-scale.azurerm_virtual_network.connectivity"
          ]
        },
        {
          "index_key": "/subscriptions/71ced1df-304a-45c9-8c3c-104536646338/resourceGroups/rak-es-dns/providers/Microsoft.Network/privateDnsZones/privatelink.mysql.database.azure.com/virtualNetworkLinks/71ced1df-304a-45c9-8c3c-104536646338-62ca5345-c7c0-5479-bd22-bc6490aabd17",
          "schema_version": 0,
          "attributes": {
            "id": "/subscriptions/71ced1df-304a-45c9-8c3c-104536646338/resourceGroups/rak-es-dns/providers/Microsoft.Network/privateDnsZones/privatelink.mysql.database.azure.com/virtualNetworkLinks/71ced1df-304a-45c9-8c3c-104536646338-62ca5345-c7c0-5479-bd22-bc6490aabd17",
            "name": "71ced1df-304a-45c9-8c3c-104536646338-62ca5345-c7c0-5479-bd22-bc6490aabd17",
            "private_dns_zone_name": "privatelink.mysql.database.azure.com",
            "registration_enabled": false,
            "resource_group_name": "rak-es-dns",
            "tags": {
              "deployedBy": "terraform/azure/caf-enterprise-scale"
            },
            "timeouts": null,
            "virtual_network_id": "/subscriptions/71ced1df-304a-45c9-8c3c-104536646338/resourceGroups/rak-es-connectivity-eastus/providers/Microsoft.Network/virtualNetworks/rak-es-hub-eastus"
          },
          "sensitive_attributes": [],
          "private": "eyJlMmJmYjczMC1lY2FhLTExZTYtOGY4OC0zNDM2M2JjN2M0YzAiOnsiY3JlYXRlIjoxODAwMDAwMDAwMDAwLCJkZWxldGUiOjE4MDAwMDAwMDAwMDAsInJlYWQiOjMwMDAwMDAwMDAwMCwidXBkYXRlIjoxODAwMDAwMDAwMDAwfX0=",
          "dependencies": [
            "data.azurerm_client_config.core",
            "module.caf-enterprise-scale.azurerm_network_ddos_protection_plan.connectivity",
            "module.caf-enterprise-scale.azurerm_private_dns_zone.connectivity",
            "module.caf-enterprise-scale.azurerm_resource_group.connectivity",
            "module.caf-enterprise-scale.azurerm_virtual_network.connectivity"
          ]
        },
        {
          "index_key": "/subscriptions/71ced1df-304a-45c9-8c3c-104536646338/resourceGroups/rak-es-dns/providers/Microsoft.Network/privateDnsZones/privatelink.notebooks.azure.net/virtualNetworkLinks/71ced1df-304a-45c9-8c3c-104536646338-62ca5345-c7c0-5479-bd22-bc6490aabd17",
          "schema_version": 0,
          "attributes": {
            "id": "/subscriptions/71ced1df-304a-45c9-8c3c-104536646338/resourceGroups/rak-es-dns/providers/Microsoft.Network/privateDnsZones/privatelink.notebooks.azure.net/virtualNetworkLinks/71ced1df-304a-45c9-8c3c-104536646338-62ca5345-c7c0-5479-bd22-bc6490aabd17",
            "name": "71ced1df-304a-45c9-8c3c-104536646338-62ca5345-c7c0-5479-bd22-bc6490aabd17",
            "private_dns_zone_name": "privatelink.notebooks.azure.net",
            "registration_enabled": false,
            "resource_group_name": "rak-es-dns",
            "tags": {
              "deployedBy": "terraform/azure/caf-enterprise-scale"
            },
            "timeouts": null,
            "virtual_network_id": "/subscriptions/71ced1df-304a-45c9-8c3c-104536646338/resourceGroups/rak-es-connectivity-eastus/providers/Microsoft.Network/virtualNetworks/rak-es-hub-eastus"
          },
          "sensitive_attributes": [],
          "private": "eyJlMmJmYjczMC1lY2FhLTExZTYtOGY4OC0zNDM2M2JjN2M0YzAiOnsiY3JlYXRlIjoxODAwMDAwMDAwMDAwLCJkZWxldGUiOjE4MDAwMDAwMDAwMDAsInJlYWQiOjMwMDAwMDAwMDAwMCwidXBkYXRlIjoxODAwMDAwMDAwMDAwfX0=",
          "dependencies": [
            "data.azurerm_client_config.core",
            "module.caf-enterprise-scale.azurerm_network_ddos_protection_plan.connectivity",
            "module.caf-enterprise-scale.azurerm_private_dns_zone.connectivity",
            "module.caf-enterprise-scale.azurerm_resource_group.connectivity",
            "module.caf-enterprise-scale.azurerm_virtual_network.connectivity"
          ]
        },
        {
          "index_key": "/subscriptions/71ced1df-304a-45c9-8c3c-104536646338/resourceGroups/rak-es-dns/providers/Microsoft.Network/privateDnsZones/privatelink.ods.opinsights.azure.com/virtualNetworkLinks/71ced1df-304a-45c9-8c3c-104536646338-62ca5345-c7c0-5479-bd22-bc6490aabd17",
          "schema_version": 0,
          "attributes": {
            "id": "/subscriptions/71ced1df-304a-45c9-8c3c-104536646338/resourceGroups/rak-es-dns/providers/Microsoft.Network/privateDnsZones/privatelink.ods.opinsights.azure.com/virtualNetworkLinks/71ced1df-304a-45c9-8c3c-104536646338-62ca5345-c7c0-5479-bd22-bc6490aabd17",
            "name": "71ced1df-304a-45c9-8c3c-104536646338-62ca5345-c7c0-5479-bd22-bc6490aabd17",
            "private_dns_zone_name": "privatelink.ods.opinsights.azure.com",
            "registration_enabled": false,
            "resource_group_name": "rak-es-dns",
            "tags": {
              "deployedBy": "terraform/azure/caf-enterprise-scale"
            },
            "timeouts": null,
            "virtual_network_id": "/subscriptions/71ced1df-304a-45c9-8c3c-104536646338/resourceGroups/rak-es-connectivity-eastus/providers/Microsoft.Network/virtualNetworks/rak-es-hub-eastus"
          },
          "sensitive_attributes": [],
          "private": "eyJlMmJmYjczMC1lY2FhLTExZTYtOGY4OC0zNDM2M2JjN2M0YzAiOnsiY3JlYXRlIjoxODAwMDAwMDAwMDAwLCJkZWxldGUiOjE4MDAwMDAwMDAwMDAsInJlYWQiOjMwMDAwMDAwMDAwMCwidXBkYXRlIjoxODAwMDAwMDAwMDAwfX0=",
          "dependencies": [
            "data.azurerm_client_config.core",
            "module.caf-enterprise-scale.azurerm_network_ddos_protection_plan.connectivity",
            "module.caf-enterprise-scale.azurerm_private_dns_zone.connectivity",
            "module.caf-enterprise-scale.azurerm_resource_group.connectivity",
            "module.caf-enterprise-scale.azurerm_virtual_network.connectivity"
          ]
        },
        {
          "index_key": "/subscriptions/71ced1df-304a-45c9-8c3c-104536646338/resourceGroups/rak-es-dns/providers/Microsoft.Network/privateDnsZones/privatelink.oms.opinsights.azure.com/virtualNetworkLinks/71ced1df-304a-45c9-8c3c-104536646338-62ca5345-c7c0-5479-bd22-bc6490aabd17",
          "schema_version": 0,
          "attributes": {
            "id": "/subscriptions/71ced1df-304a-45c9-8c3c-104536646338/resourceGroups/rak-es-dns/providers/Microsoft.Network/privateDnsZones/privatelink.oms.opinsights.azure.com/virtualNetworkLinks/71ced1df-304a-45c9-8c3c-104536646338-62ca5345-c7c0-5479-bd22-bc6490aabd17",
            "name": "71ced1df-304a-45c9-8c3c-104536646338-62ca5345-c7c0-5479-bd22-bc6490aabd17",
            "private_dns_zone_name": "privatelink.oms.opinsights.azure.com",
            "registration_enabled": false,
            "resource_group_name": "rak-es-dns",
            "tags": {
              "deployedBy": "terraform/azure/caf-enterprise-scale"
            },
            "timeouts": null,
            "virtual_network_id": "/subscriptions/71ced1df-304a-45c9-8c3c-104536646338/resourceGroups/rak-es-connectivity-eastus/providers/Microsoft.Network/virtualNetworks/rak-es-hub-eastus"
          },
          "sensitive_attributes": [],
          "private": "eyJlMmJmYjczMC1lY2FhLTExZTYtOGY4OC0zNDM2M2JjN2M0YzAiOnsiY3JlYXRlIjoxODAwMDAwMDAwMDAwLCJkZWxldGUiOjE4MDAwMDAwMDAwMDAsInJlYWQiOjMwMDAwMDAwMDAwMCwidXBkYXRlIjoxODAwMDAwMDAwMDAwfX0=",
          "dependencies": [
            "data.azurerm_client_config.core",
            "module.caf-enterprise-scale.azurerm_network_ddos_protection_plan.connectivity",
            "module.caf-enterprise-scale.azurerm_private_dns_zone.connectivity",
            "module.caf-enterprise-scale.azurerm_resource_group.connectivity",
            "module.caf-enterprise-scale.azurerm_virtual_network.connectivity"
          ]
        },
        {
          "index_key": "/subscriptions/71ced1df-304a-45c9-8c3c-104536646338/resourceGroups/rak-es-dns/providers/Microsoft.Network/privateDnsZones/privatelink.postgres.database.azure.com/virtualNetworkLinks/71ced1df-304a-45c9-8c3c-104536646338-62ca5345-c7c0-5479-bd22-bc6490aabd17",
          "schema_version": 0,
          "attributes": {
            "id": "/subscriptions/71ced1df-304a-45c9-8c3c-104536646338/resourceGroups/rak-es-dns/providers/Microsoft.Network/privateDnsZones/privatelink.postgres.database.azure.com/virtualNetworkLinks/71ced1df-304a-45c9-8c3c-104536646338-62ca5345-c7c0-5479-bd22-bc6490aabd17",
            "name": "71ced1df-304a-45c9-8c3c-104536646338-62ca5345-c7c0-5479-bd22-bc6490aabd17",
            "private_dns_zone_name": "privatelink.postgres.database.azure.com",
            "registration_enabled": false,
            "resource_group_name": "rak-es-dns",
            "tags": {
              "deployedBy": "terraform/azure/caf-enterprise-scale"
            },
            "timeouts": null,
            "virtual_network_id": "/subscriptions/71ced1df-304a-45c9-8c3c-104536646338/resourceGroups/rak-es-connectivity-eastus/providers/Microsoft.Network/virtualNetworks/rak-es-hub-eastus"
          },
          "sensitive_attributes": [],
          "private": "eyJlMmJmYjczMC1lY2FhLTExZTYtOGY4OC0zNDM2M2JjN2M0YzAiOnsiY3JlYXRlIjoxODAwMDAwMDAwMDAwLCJkZWxldGUiOjE4MDAwMDAwMDAwMDAsInJlYWQiOjMwMDAwMDAwMDAwMCwidXBkYXRlIjoxODAwMDAwMDAwMDAwfX0=",
          "dependencies": [
            "data.azurerm_client_config.core",
            "module.caf-enterprise-scale.azurerm_network_ddos_protection_plan.connectivity",
            "module.caf-enterprise-scale.azurerm_private_dns_zone.connectivity",
            "module.caf-enterprise-scale.azurerm_resource_group.connectivity",
            "module.caf-enterprise-scale.azurerm_virtual_network.connectivity"
          ]
        },
        {
          "index_key": "/subscriptions/71ced1df-304a-45c9-8c3c-104536646338/resourceGroups/rak-es-dns/providers/Microsoft.Network/privateDnsZones/privatelink.queue.core.windows.net/virtualNetworkLinks/71ced1df-304a-45c9-8c3c-104536646338-62ca5345-c7c0-5479-bd22-bc6490aabd17",
          "schema_version": 0,
          "attributes": {
            "id": "/subscriptions/71ced1df-304a-45c9-8c3c-104536646338/resourceGroups/rak-es-dns/providers/Microsoft.Network/privateDnsZones/privatelink.queue.core.windows.net/virtualNetworkLinks/71ced1df-304a-45c9-8c3c-104536646338-62ca5345-c7c0-5479-bd22-bc6490aabd17",
            "name": "71ced1df-304a-45c9-8c3c-104536646338-62ca5345-c7c0-5479-bd22-bc6490aabd17",
            "private_dns_zone_name": "privatelink.queue.core.windows.net",
            "registration_enabled": false,
            "resource_group_name": "rak-es-dns",
            "tags": {
              "deployedBy": "terraform/azure/caf-enterprise-scale"
            },
            "timeouts": null,
            "virtual_network_id": "/subscriptions/71ced1df-304a-45c9-8c3c-104536646338/resourceGroups/rak-es-connectivity-eastus/providers/Microsoft.Network/virtualNetworks/rak-es-hub-eastus"
          },
          "sensitive_attributes": [],
          "private": "eyJlMmJmYjczMC1lY2FhLTExZTYtOGY4OC0zNDM2M2JjN2M0YzAiOnsiY3JlYXRlIjoxODAwMDAwMDAwMDAwLCJkZWxldGUiOjE4MDAwMDAwMDAwMDAsInJlYWQiOjMwMDAwMDAwMDAwMCwidXBkYXRlIjoxODAwMDAwMDAwMDAwfX0=",
          "dependencies": [
            "data.azurerm_client_config.core",
            "module.caf-enterprise-scale.azurerm_network_ddos_protection_plan.connectivity",
            "module.caf-enterprise-scale.azurerm_private_dns_zone.connectivity",
            "module.caf-enterprise-scale.azurerm_resource_group.connectivity",
            "module.caf-enterprise-scale.azurerm_virtual_network.connectivity"
          ]
        },
        {
          "index_key": "/subscriptions/71ced1df-304a-45c9-8c3c-104536646338/resourceGroups/rak-es-dns/providers/Microsoft.Network/privateDnsZones/privatelink.redis.cache.windows.net/virtualNetworkLinks/71ced1df-304a-45c9-8c3c-104536646338-62ca5345-c7c0-5479-bd22-bc6490aabd17",
          "schema_version": 0,
          "attributes": {
            "id": "/subscriptions/71ced1df-304a-45c9-8c3c-104536646338/resourceGroups/rak-es-dns/providers/Microsoft.Network/privateDnsZones/privatelink.redis.cache.windows.net/virtualNetworkLinks/71ced1df-304a-45c9-8c3c-104536646338-62ca5345-c7c0-5479-bd22-bc6490aabd17",
            "name": "71ced1df-304a-45c9-8c3c-104536646338-62ca5345-c7c0-5479-bd22-bc6490aabd17",
            "private_dns_zone_name": "privatelink.redis.cache.windows.net",
            "registration_enabled": false,
            "resource_group_name": "rak-es-dns",
            "tags": {
              "deployedBy": "terraform/azure/caf-enterprise-scale"
            },
            "timeouts": null,
            "virtual_network_id": "/subscriptions/71ced1df-304a-45c9-8c3c-104536646338/resourceGroups/rak-es-connectivity-eastus/providers/Microsoft.Network/virtualNetworks/rak-es-hub-eastus"
          },
          "sensitive_attributes": [],
          "private": "eyJlMmJmYjczMC1lY2FhLTExZTYtOGY4OC0zNDM2M2JjN2M0YzAiOnsiY3JlYXRlIjoxODAwMDAwMDAwMDAwLCJkZWxldGUiOjE4MDAwMDAwMDAwMDAsInJlYWQiOjMwMDAwMDAwMDAwMCwidXBkYXRlIjoxODAwMDAwMDAwMDAwfX0=",
          "dependencies": [
            "data.azurerm_client_config.core",
            "module.caf-enterprise-scale.azurerm_network_ddos_protection_plan.connectivity",
            "module.caf-enterprise-scale.azurerm_private_dns_zone.connectivity",
            "module.caf-enterprise-scale.azurerm_resource_group.connectivity",
            "module.caf-enterprise-scale.azurerm_virtual_network.connectivity"
          ]
        },
        {
          "index_key": "/subscriptions/71ced1df-304a-45c9-8c3c-104536646338/resourceGroups/rak-es-dns/providers/Microsoft.Network/privateDnsZones/privatelink.search.windows.net/virtualNetworkLinks/71ced1df-304a-45c9-8c3c-104536646338-62ca5345-c7c0-5479-bd22-bc6490aabd17",
          "schema_version": 0,
          "attributes": {
            "id": "/subscriptions/71ced1df-304a-45c9-8c3c-104536646338/resourceGroups/rak-es-dns/providers/Microsoft.Network/privateDnsZones/privatelink.search.windows.net/virtualNetworkLinks/71ced1df-304a-45c9-8c3c-104536646338-62ca5345-c7c0-5479-bd22-bc6490aabd17",
            "name": "71ced1df-304a-45c9-8c3c-104536646338-62ca5345-c7c0-5479-bd22-bc6490aabd17",
            "private_dns_zone_name": "privatelink.search.windows.net",
            "registration_enabled": false,
            "resource_group_name": "rak-es-dns",
            "tags": {
              "deployedBy": "terraform/azure/caf-enterprise-scale"
            },
            "timeouts": null,
            "virtual_network_id": "/subscriptions/71ced1df-304a-45c9-8c3c-104536646338/resourceGroups/rak-es-connectivity-eastus/providers/Microsoft.Network/virtualNetworks/rak-es-hub-eastus"
          },
          "sensitive_attributes": [],
          "private": "eyJlMmJmYjczMC1lY2FhLTExZTYtOGY4OC0zNDM2M2JjN2M0YzAiOnsiY3JlYXRlIjoxODAwMDAwMDAwMDAwLCJkZWxldGUiOjE4MDAwMDAwMDAwMDAsInJlYWQiOjMwMDAwMDAwMDAwMCwidXBkYXRlIjoxODAwMDAwMDAwMDAwfX0=",
          "dependencies": [
            "data.azurerm_client_config.core",
            "module.caf-enterprise-scale.azurerm_network_ddos_protection_plan.connectivity",
            "module.caf-enterprise-scale.azurerm_private_dns_zone.connectivity",
            "module.caf-enterprise-scale.azurerm_resource_group.connectivity",
            "module.caf-enterprise-scale.azurerm_virtual_network.connectivity"
          ]
        },
        {
          "index_key": "/subscriptions/71ced1df-304a-45c9-8c3c-104536646338/resourceGroups/rak-es-dns/providers/Microsoft.Network/privateDnsZones/privatelink.service.signalr.net/virtualNetworkLinks/71ced1df-304a-45c9-8c3c-104536646338-62ca5345-c7c0-5479-bd22-bc6490aabd17",
          "schema_version": 0,
          "attributes": {
            "id": "/subscriptions/71ced1df-304a-45c9-8c3c-104536646338/resourceGroups/rak-es-dns/providers/Microsoft.Network/privateDnsZones/privatelink.service.signalr.net/virtualNetworkLinks/71ced1df-304a-45c9-8c3c-104536646338-62ca5345-c7c0-5479-bd22-bc6490aabd17",
            "name": "71ced1df-304a-45c9-8c3c-104536646338-62ca5345-c7c0-5479-bd22-bc6490aabd17",
            "private_dns_zone_name": "privatelink.service.signalr.net",
            "registration_enabled": false,
            "resource_group_name": "rak-es-dns",
            "tags": {
              "deployedBy": "terraform/azure/caf-enterprise-scale"
            },
            "timeouts": null,
            "virtual_network_id": "/subscriptions/71ced1df-304a-45c9-8c3c-104536646338/resourceGroups/rak-es-connectivity-eastus/providers/Microsoft.Network/virtualNetworks/rak-es-hub-eastus"
          },
          "sensitive_attributes": [],
          "private": "eyJlMmJmYjczMC1lY2FhLTExZTYtOGY4OC0zNDM2M2JjN2M0YzAiOnsiY3JlYXRlIjoxODAwMDAwMDAwMDAwLCJkZWxldGUiOjE4MDAwMDAwMDAwMDAsInJlYWQiOjMwMDAwMDAwMDAwMCwidXBkYXRlIjoxODAwMDAwMDAwMDAwfX0=",
          "dependencies": [
            "data.azurerm_client_config.core",
            "module.caf-enterprise-scale.azurerm_network_ddos_protection_plan.connectivity",
            "module.caf-enterprise-scale.azurerm_private_dns_zone.connectivity",
            "module.caf-enterprise-scale.azurerm_resource_group.connectivity",
            "module.caf-enterprise-scale.azurerm_virtual_network.connectivity"
          ]
        },
        {
          "index_key": "/subscriptions/71ced1df-304a-45c9-8c3c-104536646338/resourceGroups/rak-es-dns/providers/Microsoft.Network/privateDnsZones/privatelink.servicebus.windows.net/virtualNetworkLinks/71ced1df-304a-45c9-8c3c-104536646338-62ca5345-c7c0-5479-bd22-bc6490aabd17",
          "schema_version": 0,
          "attributes": {
            "id": "/subscriptions/71ced1df-304a-45c9-8c3c-104536646338/resourceGroups/rak-es-dns/providers/Microsoft.Network/privateDnsZones/privatelink.servicebus.windows.net/virtualNetworkLinks/71ced1df-304a-45c9-8c3c-104536646338-62ca5345-c7c0-5479-bd22-bc6490aabd17",
            "name": "71ced1df-304a-45c9-8c3c-104536646338-62ca5345-c7c0-5479-bd22-bc6490aabd17",
            "private_dns_zone_name": "privatelink.servicebus.windows.net",
            "registration_enabled": false,
            "resource_group_name": "rak-es-dns",
            "tags": {
              "deployedBy": "terraform/azure/caf-enterprise-scale"
            },
            "timeouts": null,
            "virtual_network_id": "/subscriptions/71ced1df-304a-45c9-8c3c-104536646338/resourceGroups/rak-es-connectivity-eastus/providers/Microsoft.Network/virtualNetworks/rak-es-hub-eastus"
          },
          "sensitive_attributes": [],
          "private": "eyJlMmJmYjczMC1lY2FhLTExZTYtOGY4OC0zNDM2M2JjN2M0YzAiOnsiY3JlYXRlIjoxODAwMDAwMDAwMDAwLCJkZWxldGUiOjE4MDAwMDAwMDAwMDAsInJlYWQiOjMwMDAwMDAwMDAwMCwidXBkYXRlIjoxODAwMDAwMDAwMDAwfX0=",
          "dependencies": [
            "data.azurerm_client_config.core",
            "module.caf-enterprise-scale.azurerm_network_ddos_protection_plan.connectivity",
            "module.caf-enterprise-scale.azurerm_private_dns_zone.connectivity",
            "module.caf-enterprise-scale.azurerm_resource_group.connectivity",
            "module.caf-enterprise-scale.azurerm_virtual_network.connectivity"
          ]
        },
        {
          "index_key": "/subscriptions/71ced1df-304a-45c9-8c3c-104536646338/resourceGroups/rak-es-dns/providers/Microsoft.Network/privateDnsZones/privatelink.siterecovery.windowsazure.com/virtualNetworkLinks/71ced1df-304a-45c9-8c3c-104536646338-62ca5345-c7c0-5479-bd22-bc6490aabd17",
          "schema_version": 0,
          "attributes": {
            "id": "/subscriptions/71ced1df-304a-45c9-8c3c-104536646338/resourceGroups/rak-es-dns/providers/Microsoft.Network/privateDnsZones/privatelink.siterecovery.windowsazure.com/virtualNetworkLinks/71ced1df-304a-45c9-8c3c-104536646338-62ca5345-c7c0-5479-bd22-bc6490aabd17",
            "name": "71ced1df-304a-45c9-8c3c-104536646338-62ca5345-c7c0-5479-bd22-bc6490aabd17",
            "private_dns_zone_name": "privatelink.siterecovery.windowsazure.com",
            "registration_enabled": false,
            "resource_group_name": "rak-es-dns",
            "tags": {
              "deployedBy": "terraform/azure/caf-enterprise-scale"
            },
            "timeouts": null,
            "virtual_network_id": "/subscriptions/71ced1df-304a-45c9-8c3c-104536646338/resourceGroups/rak-es-connectivity-eastus/providers/Microsoft.Network/virtualNetworks/rak-es-hub-eastus"
          },
          "sensitive_attributes": [],
          "private": "eyJlMmJmYjczMC1lY2FhLTExZTYtOGY4OC0zNDM2M2JjN2M0YzAiOnsiY3JlYXRlIjoxODAwMDAwMDAwMDAwLCJkZWxldGUiOjE4MDAwMDAwMDAwMDAsInJlYWQiOjMwMDAwMDAwMDAwMCwidXBkYXRlIjoxODAwMDAwMDAwMDAwfX0=",
          "dependencies": [
            "data.azurerm_client_config.core",
            "module.caf-enterprise-scale.azurerm_network_ddos_protection_plan.connectivity",
            "module.caf-enterprise-scale.azurerm_private_dns_zone.connectivity",
            "module.caf-enterprise-scale.azurerm_resource_group.connectivity",
            "module.caf-enterprise-scale.azurerm_virtual_network.connectivity"
          ]
        },
        {
          "index_key": "/subscriptions/71ced1df-304a-45c9-8c3c-104536646338/resourceGroups/rak-es-dns/providers/Microsoft.Network/privateDnsZones/privatelink.sql.azuresynapse.net/virtualNetworkLinks/71ced1df-304a-45c9-8c3c-104536646338-62ca5345-c7c0-5479-bd22-bc6490aabd17",
          "schema_version": 0,
          "attributes": {
            "id": "/subscriptions/71ced1df-304a-45c9-8c3c-104536646338/resourceGroups/rak-es-dns/providers/Microsoft.Network/privateDnsZones/privatelink.sql.azuresynapse.net/virtualNetworkLinks/71ced1df-304a-45c9-8c3c-104536646338-62ca5345-c7c0-5479-bd22-bc6490aabd17",
            "name": "71ced1df-304a-45c9-8c3c-104536646338-62ca5345-c7c0-5479-bd22-bc6490aabd17",
            "private_dns_zone_name": "privatelink.sql.azuresynapse.net",
            "registration_enabled": false,
            "resource_group_name": "rak-es-dns",
            "tags": {
              "deployedBy": "terraform/azure/caf-enterprise-scale"
            },
            "timeouts": null,
            "virtual_network_id": "/subscriptions/71ced1df-304a-45c9-8c3c-104536646338/resourceGroups/rak-es-connectivity-eastus/providers/Microsoft.Network/virtualNetworks/rak-es-hub-eastus"
          },
          "sensitive_attributes": [],
          "private": "eyJlMmJmYjczMC1lY2FhLTExZTYtOGY4OC0zNDM2M2JjN2M0YzAiOnsiY3JlYXRlIjoxODAwMDAwMDAwMDAwLCJkZWxldGUiOjE4MDAwMDAwMDAwMDAsInJlYWQiOjMwMDAwMDAwMDAwMCwidXBkYXRlIjoxODAwMDAwMDAwMDAwfX0=",
          "dependencies": [
            "data.azurerm_client_config.core",
            "module.caf-enterprise-scale.azurerm_network_ddos_protection_plan.connectivity",
            "module.caf-enterprise-scale.azurerm_private_dns_zone.connectivity",
            "module.caf-enterprise-scale.azurerm_resource_group.connectivity",
            "module.caf-enterprise-scale.azurerm_virtual_network.connectivity"
          ]
        },
        {
          "index_key": "/subscriptions/71ced1df-304a-45c9-8c3c-104536646338/resourceGroups/rak-es-dns/providers/Microsoft.Network/privateDnsZones/privatelink.table.core.windows.net/virtualNetworkLinks/71ced1df-304a-45c9-8c3c-104536646338-62ca5345-c7c0-5479-bd22-bc6490aabd17",
          "schema_version": 0,
          "attributes": {
            "id": "/subscriptions/71ced1df-304a-45c9-8c3c-104536646338/resourceGroups/rak-es-dns/providers/Microsoft.Network/privateDnsZones/privatelink.table.core.windows.net/virtualNetworkLinks/71ced1df-304a-45c9-8c3c-104536646338-62ca5345-c7c0-5479-bd22-bc6490aabd17",
            "name": "71ced1df-304a-45c9-8c3c-104536646338-62ca5345-c7c0-5479-bd22-bc6490aabd17",
            "private_dns_zone_name": "privatelink.table.core.windows.net",
            "registration_enabled": false,
            "resource_group_name": "rak-es-dns",
            "tags": {
              "deployedBy": "terraform/azure/caf-enterprise-scale"
            },
            "timeouts": null,
            "virtual_network_id": "/subscriptions/71ced1df-304a-45c9-8c3c-104536646338/resourceGroups/rak-es-connectivity-eastus/providers/Microsoft.Network/virtualNetworks/rak-es-hub-eastus"
          },
          "sensitive_attributes": [],
          "private": "eyJlMmJmYjczMC1lY2FhLTExZTYtOGY4OC0zNDM2M2JjN2M0YzAiOnsiY3JlYXRlIjoxODAwMDAwMDAwMDAwLCJkZWxldGUiOjE4MDAwMDAwMDAwMDAsInJlYWQiOjMwMDAwMDAwMDAwMCwidXBkYXRlIjoxODAwMDAwMDAwMDAwfX0=",
          "dependencies": [
            "data.azurerm_client_config.core",
            "module.caf-enterprise-scale.azurerm_network_ddos_protection_plan.connectivity",
            "module.caf-enterprise-scale.azurerm_private_dns_zone.connectivity",
            "module.caf-enterprise-scale.azurerm_resource_group.connectivity",
            "module.caf-enterprise-scale.azurerm_virtual_network.connectivity"
          ]
        },
        {
          "index_key": "/subscriptions/71ced1df-304a-45c9-8c3c-104536646338/resourceGroups/rak-es-dns/providers/Microsoft.Network/privateDnsZones/privatelink.table.cosmos.azure.com/virtualNetworkLinks/71ced1df-304a-45c9-8c3c-104536646338-62ca5345-c7c0-5479-bd22-bc6490aabd17",
          "schema_version": 0,
          "attributes": {
            "id": "/subscriptions/71ced1df-304a-45c9-8c3c-104536646338/resourceGroups/rak-es-dns/providers/Microsoft.Network/privateDnsZones/privatelink.table.cosmos.azure.com/virtualNetworkLinks/71ced1df-304a-45c9-8c3c-104536646338-62ca5345-c7c0-5479-bd22-bc6490aabd17",
            "name": "71ced1df-304a-45c9-8c3c-104536646338-62ca5345-c7c0-5479-bd22-bc6490aabd17",
            "private_dns_zone_name": "privatelink.table.cosmos.azure.com",
            "registration_enabled": false,
            "resource_group_name": "rak-es-dns",
            "tags": {
              "deployedBy": "terraform/azure/caf-enterprise-scale"
            },
            "timeouts": null,
            "virtual_network_id": "/subscriptions/71ced1df-304a-45c9-8c3c-104536646338/resourceGroups/rak-es-connectivity-eastus/providers/Microsoft.Network/virtualNetworks/rak-es-hub-eastus"
          },
          "sensitive_attributes": [],
          "private": "eyJlMmJmYjczMC1lY2FhLTExZTYtOGY4OC0zNDM2M2JjN2M0YzAiOnsiY3JlYXRlIjoxODAwMDAwMDAwMDAwLCJkZWxldGUiOjE4MDAwMDAwMDAwMDAsInJlYWQiOjMwMDAwMDAwMDAwMCwidXBkYXRlIjoxODAwMDAwMDAwMDAwfX0=",
          "dependencies": [
            "data.azurerm_client_config.core",
            "module.caf-enterprise-scale.azurerm_network_ddos_protection_plan.connectivity",
            "module.caf-enterprise-scale.azurerm_private_dns_zone.connectivity",
            "module.caf-enterprise-scale.azurerm_resource_group.connectivity",
            "module.caf-enterprise-scale.azurerm_virtual_network.connectivity"
          ]
        },
        {
          "index_key": "/subscriptions/71ced1df-304a-45c9-8c3c-104536646338/resourceGroups/rak-es-dns/providers/Microsoft.Network/privateDnsZones/privatelink.vaultcore.azure.net/virtualNetworkLinks/71ced1df-304a-45c9-8c3c-104536646338-62ca5345-c7c0-5479-bd22-bc6490aabd17",
          "schema_version": 0,
          "attributes": {
            "id": "/subscriptions/71ced1df-304a-45c9-8c3c-104536646338/resourceGroups/rak-es-dns/providers/Microsoft.Network/privateDnsZones/privatelink.vaultcore.azure.net/virtualNetworkLinks/71ced1df-304a-45c9-8c3c-104536646338-62ca5345-c7c0-5479-bd22-bc6490aabd17",
            "name": "71ced1df-304a-45c9-8c3c-104536646338-62ca5345-c7c0-5479-bd22-bc6490aabd17",
            "private_dns_zone_name": "privatelink.vaultcore.azure.net",
            "registration_enabled": false,
            "resource_group_name": "rak-es-dns",
            "tags": {
              "deployedBy": "terraform/azure/caf-enterprise-scale"
            },
            "timeouts": null,
            "virtual_network_id": "/subscriptions/71ced1df-304a-45c9-8c3c-104536646338/resourceGroups/rak-es-connectivity-eastus/providers/Microsoft.Network/virtualNetworks/rak-es-hub-eastus"
          },
          "sensitive_attributes": [],
          "private": "eyJlMmJmYjczMC1lY2FhLTExZTYtOGY4OC0zNDM2M2JjN2M0YzAiOnsiY3JlYXRlIjoxODAwMDAwMDAwMDAwLCJkZWxldGUiOjE4MDAwMDAwMDAwMDAsInJlYWQiOjMwMDAwMDAwMDAwMCwidXBkYXRlIjoxODAwMDAwMDAwMDAwfX0=",
          "dependencies": [
            "data.azurerm_client_config.core",
            "module.caf-enterprise-scale.azurerm_network_ddos_protection_plan.connectivity",
            "module.caf-enterprise-scale.azurerm_private_dns_zone.connectivity",
            "module.caf-enterprise-scale.azurerm_resource_group.connectivity",
            "module.caf-enterprise-scale.azurerm_virtual_network.connectivity"
          ]
        },
        {
          "index_key": "/subscriptions/71ced1df-304a-45c9-8c3c-104536646338/resourceGroups/rak-es-dns/providers/Microsoft.Network/privateDnsZones/privatelink.web.core.windows.net/virtualNetworkLinks/71ced1df-304a-45c9-8c3c-104536646338-62ca5345-c7c0-5479-bd22-bc6490aabd17",
          "schema_version": 0,
          "attributes": {
            "id": "/subscriptions/71ced1df-304a-45c9-8c3c-104536646338/resourceGroups/rak-es-dns/providers/Microsoft.Network/privateDnsZones/privatelink.web.core.windows.net/virtualNetworkLinks/71ced1df-304a-45c9-8c3c-104536646338-62ca5345-c7c0-5479-bd22-bc6490aabd17",
            "name": "71ced1df-304a-45c9-8c3c-104536646338-62ca5345-c7c0-5479-bd22-bc6490aabd17",
            "private_dns_zone_name": "privatelink.web.core.windows.net",
            "registration_enabled": false,
            "resource_group_name": "rak-es-dns",
            "tags": {
              "deployedBy": "terraform/azure/caf-enterprise-scale"
            },
            "timeouts": null,
            "virtual_network_id": "/subscriptions/71ced1df-304a-45c9-8c3c-104536646338/resourceGroups/rak-es-connectivity-eastus/providers/Microsoft.Network/virtualNetworks/rak-es-hub-eastus"
          },
          "sensitive_attributes": [],
          "private": "eyJlMmJmYjczMC1lY2FhLTExZTYtOGY4OC0zNDM2M2JjN2M0YzAiOnsiY3JlYXRlIjoxODAwMDAwMDAwMDAwLCJkZWxldGUiOjE4MDAwMDAwMDAwMDAsInJlYWQiOjMwMDAwMDAwMDAwMCwidXBkYXRlIjoxODAwMDAwMDAwMDAwfX0=",
          "dependencies": [
            "data.azurerm_client_config.core",
            "module.caf-enterprise-scale.azurerm_network_ddos_protection_plan.connectivity",
            "module.caf-enterprise-scale.azurerm_private_dns_zone.connectivity",
            "module.caf-enterprise-scale.azurerm_resource_group.connectivity",
            "module.caf-enterprise-scale.azurerm_virtual_network.connectivity"
          ]
        }
      ]
    },
    {
      "module": "module.caf-enterprise-scale",
      "mode": "managed",
      "type": "azurerm_resource_group",
      "name": "connectivity",
      "provider": "provider[\"registry.terraform.io/hashicorp/azurerm\"].connectivity",
      "instances": [
        {
          "index_key": "/subscriptions/71ced1df-304a-45c9-8c3c-104536646338/resourceGroups/rak-es-connectivity-eastus",
          "schema_version": 0,
          "attributes": {
            "id": "/subscriptions/71ced1df-304a-45c9-8c3c-104536646338/resourceGroups/rak-es-connectivity-eastus",
            "location": "eastus",
            "name": "rak-es-connectivity-eastus",
            "tags": {
              "deployedBy": "terraform/azure/caf-enterprise-scale"
            },
            "timeouts": null
          },
          "sensitive_attributes": [],
          "private": "eyJlMmJmYjczMC1lY2FhLTExZTYtOGY4OC0zNDM2M2JjN2M0YzAiOnsiY3JlYXRlIjo1NDAwMDAwMDAwMDAwLCJkZWxldGUiOjU0MDAwMDAwMDAwMDAsInJlYWQiOjMwMDAwMDAwMDAwMCwidXBkYXRlIjo1NDAwMDAwMDAwMDAwfX0=",
          "dependencies": [
            "data.azurerm_client_config.core"
          ]
        },
        {
          "index_key": "/subscriptions/71ced1df-304a-45c9-8c3c-104536646338/resourceGroups/rak-es-dns",
          "schema_version": 0,
          "attributes": {
            "id": "/subscriptions/71ced1df-304a-45c9-8c3c-104536646338/resourceGroups/rak-es-dns",
            "location": "eastus",
            "name": "rak-es-dns",
            "tags": {
              "deployedBy": "terraform/azure/caf-enterprise-scale"
            },
            "timeouts": null
          },
          "sensitive_attributes": [],
          "private": "eyJlMmJmYjczMC1lY2FhLTExZTYtOGY4OC0zNDM2M2JjN2M0YzAiOnsiY3JlYXRlIjo1NDAwMDAwMDAwMDAwLCJkZWxldGUiOjU0MDAwMDAwMDAwMDAsInJlYWQiOjMwMDAwMDAwMDAwMCwidXBkYXRlIjo1NDAwMDAwMDAwMDAwfX0=",
          "dependencies": [
            "data.azurerm_client_config.core"
          ]
        }
      ]
    },
    {
      "module": "module.caf-enterprise-scale",
      "mode": "managed",
      "type": "azurerm_subscription_template_deployment",
      "name": "telemetry_connectivity",
      "provider": "provider[\"registry.terraform.io/hashicorp/azurerm\"].connectivity",
      "instances": [
        {
          "index_key": 0,
          "schema_version": 0,
          "attributes": {
            "debug_level": "",
            "id": "/subscriptions/71ced1df-304a-45c9-8c3c-104536646338/providers/Microsoft.Resources/deployments/pid-97603aac-98f8-4a55-92fc-4c78378c9ba5_v2.4.0_000b_fde40c3e",
            "location": "eastus",
            "name": "pid-97603aac-98f8-4a55-92fc-4c78378c9ba5_v2.4.0_000b_fde40c3e",
            "output_content": "{\"telemetry\":{\"type\":\"String\",\"value\":\"For more information, see https://aka.ms/alz/tf/telemetry\"}}",
            "parameters_content": "{}",
            "tags": {},
            "template_content": "{\"$schema\":\"https://schema.management.azure.com/schemas/2018-05-01/subscriptionDeploymentTemplate.json#\",\"contentVersion\":\"1.0.0.0\",\"outputs\":{\"telemetry\":{\"type\":\"String\",\"value\":\"For more information, see https://aka.ms/alz/tf/telemetry\"}},\"parameters\":{},\"resources\":[],\"variables\":{}}",
            "template_spec_version_id": "",
            "timeouts": null
          },
          "sensitive_attributes": [],
          "private": "eyJlMmJmYjczMC1lY2FhLTExZTYtOGY4OC0zNDM2M2JjN2M0YzAiOnsiY3JlYXRlIjoxMDgwMDAwMDAwMDAwMCwiZGVsZXRlIjoxMDgwMDAwMDAwMDAwMCwicmVhZCI6MzAwMDAwMDAwMDAwLCJ1cGRhdGUiOjEwODAwMDAwMDAwMDAwfX0=",
          "dependencies": [
            "data.azurerm_client_config.core",
            "module.caf-enterprise-scale.random_id.telem"
          ]
        }
      ]
    },
    {
      "module": "module.caf-enterprise-scale",
      "mode": "managed",
      "type": "azurerm_subscription_template_deployment",
      "name": "telemetry_core",
      "provider": "provider[\"registry.terraform.io/hashicorp/azurerm\"]",
      "instances": [
        {
          "index_key": 0,
          "schema_version": 0,
          "attributes": {
            "debug_level": "",
            "id": "/subscriptions/71ced1df-304a-45c9-8c3c-104536646338/providers/Microsoft.Resources/deployments/pid-36dcde81-8c33-4da0-8dc3-265381502ccb_v2.4.0_0000_fde40c3e",
            "location": "eastus",
            "name": "pid-36dcde81-8c33-4da0-8dc3-265381502ccb_v2.4.0_0000_fde40c3e",
            "output_content": "{\"telemetry\":{\"type\":\"String\",\"value\":\"For more information, see https://aka.ms/alz/tf/telemetry\"}}",
            "parameters_content": "{}",
            "tags": null,
            "template_content": "{\"$schema\":\"https://schema.management.azure.com/schemas/2018-05-01/subscriptionDeploymentTemplate.json#\",\"contentVersion\":\"1.0.0.0\",\"outputs\":{\"telemetry\":{\"type\":\"String\",\"value\":\"For more information, see https://aka.ms/alz/tf/telemetry\"}},\"parameters\":{},\"resources\":[],\"variables\":{}}",
            "template_spec_version_id": "",
            "timeouts": null
          },
          "sensitive_attributes": [],
          "private": "eyJlMmJmYjczMC1lY2FhLTExZTYtOGY4OC0zNDM2M2JjN2M0YzAiOnsiY3JlYXRlIjoxMDgwMDAwMDAwMDAwMCwiZGVsZXRlIjoxMDgwMDAwMDAwMDAwMCwicmVhZCI6MzAwMDAwMDAwMDAwLCJ1cGRhdGUiOjEwODAwMDAwMDAwMDAwfX0=",
          "dependencies": [
            "module.caf-enterprise-scale.random_id.telem"
          ]
        }
      ]
    },
    {
      "module": "module.caf-enterprise-scale",
      "mode": "managed",
      "type": "azurerm_virtual_network",
      "name": "connectivity",
      "provider": "provider[\"registry.terraform.io/hashicorp/azurerm\"].connectivity",
      "instances": [
        {
          "index_key": "/subscriptions/71ced1df-304a-45c9-8c3c-104536646338/resourceGroups/rak-es-connectivity-eastus/providers/Microsoft.Network/virtualNetworks/rak-es-hub-eastus",
          "schema_version": 0,
          "attributes": {
            "address_space": [
              "10.100.0.0/16"
            ],
            "bgp_community": "",
            "ddos_protection_plan": [],
            "dns_servers": [],
            "edge_zone": "",
            "flow_timeout_in_minutes": 0,
            "guid": "ca9b276a-2f98-4e54-8f62-16e95a3e23a9",
            "id": "/subscriptions/71ced1df-304a-45c9-8c3c-104536646338/resourceGroups/rak-es-connectivity-eastus/providers/Microsoft.Network/virtualNetworks/rak-es-hub-eastus",
            "location": "eastus",
            "name": "rak-es-hub-eastus",
            "resource_group_name": "rak-es-connectivity-eastus",
            "subnet": [],
            "tags": {
              "deployedBy": "terraform/azure/caf-enterprise-scale"
            },
            "timeouts": null
          },
          "sensitive_attributes": [],
          "private": "eyJlMmJmYjczMC1lY2FhLTExZTYtOGY4OC0zNDM2M2JjN2M0YzAiOnsiY3JlYXRlIjoxODAwMDAwMDAwMDAwLCJkZWxldGUiOjE4MDAwMDAwMDAwMDAsInJlYWQiOjMwMDAwMDAwMDAwMCwidXBkYXRlIjoxODAwMDAwMDAwMDAwfX0=",
          "dependencies": [
            "data.azurerm_client_config.core",
            "module.caf-enterprise-scale.azurerm_network_ddos_protection_plan.connectivity",
            "module.caf-enterprise-scale.azurerm_resource_group.connectivity"
          ]
        }
      ]
    },
    {
      "module": "module.caf-enterprise-scale",
      "mode": "managed",
      "type": "random_id",
      "name": "telem",
      "provider": "provider[\"registry.terraform.io/hashicorp/random\"]",
      "instances": [
        {
          "index_key": 0,
          "schema_version": 0,
          "attributes": {
            "b64_std": "/eQMPg==",
            "b64_url": "_eQMPg",
            "byte_length": 4,
            "dec": "4259580990",
            "hex": "fde40c3e",
            "id": "_eQMPg",
            "keepers": null,
            "prefix": null
          },
          "sensitive_attributes": []
        }
      ]
    },
    {
      "module": "module.caf-enterprise-scale",
      "mode": "managed",
      "type": "time_sleep",
      "name": "after_azurerm_management_group",
      "provider": "provider[\"registry.terraform.io/hashicorp/time\"]",
      "instances": [
        {
          "schema_version": 0,
          "attributes": {
            "create_duration": "30s",
            "destroy_duration": "0s",
            "id": "2022-10-09T10:22:47Z",
            "triggers": {
              "azurerm_management_group_level_1": "[]",
              "azurerm_management_group_level_2": "[]",
              "azurerm_management_group_level_3": "[]",
              "azurerm_management_group_level_4": "[]",
              "azurerm_management_group_level_5": "[]",
              "azurerm_management_group_level_6": "[]"
            }
          },
          "sensitive_attributes": [],
          "private": "bnVsbA==",
          "dependencies": [
            "data.azurerm_client_config.core",
            "module.caf-enterprise-scale.azurerm_management_group.level_1",
            "module.caf-enterprise-scale.azurerm_management_group.level_2",
            "module.caf-enterprise-scale.azurerm_management_group.level_3",
            "module.caf-enterprise-scale.azurerm_management_group.level_4",
            "module.caf-enterprise-scale.azurerm_management_group.level_5",
            "module.caf-enterprise-scale.azurerm_management_group.level_6"
          ]
        }
      ]
    },
    {
      "module": "module.caf-enterprise-scale",
      "mode": "managed",
      "type": "time_sleep",
      "name": "after_azurerm_policy_assignment",
      "provider": "provider[\"registry.terraform.io/hashicorp/time\"]",
      "instances": [
        {
          "schema_version": 0,
          "attributes": {
            "create_duration": "30s",
            "destroy_duration": "0s",
            "id": "2022-10-09T10:24:17Z",
            "triggers": {
              "azurerm_management_group_policy_assignment_enterprise_scale": "[]"
            }
          },
          "sensitive_attributes": [],
          "private": "bnVsbA==",
          "dependencies": [
            "data.azurerm_client_config.core",
            "module.caf-enterprise-scale.azurerm_management_group.level_1",
            "module.caf-enterprise-scale.azurerm_management_group.level_2",
            "module.caf-enterprise-scale.azurerm_management_group.level_3",
            "module.caf-enterprise-scale.azurerm_management_group.level_4",
            "module.caf-enterprise-scale.azurerm_management_group.level_5",
            "module.caf-enterprise-scale.azurerm_management_group.level_6",
            "module.caf-enterprise-scale.azurerm_management_group_policy_assignment.enterprise_scale",
            "module.caf-enterprise-scale.azurerm_policy_definition.enterprise_scale",
            "module.caf-enterprise-scale.azurerm_policy_set_definition.enterprise_scale",
            "module.caf-enterprise-scale.time_sleep.after_azurerm_management_group",
            "module.caf-enterprise-scale.time_sleep.after_azurerm_policy_definition",
            "module.caf-enterprise-scale.time_sleep.after_azurerm_policy_set_definition"
          ]
        }
      ]
    },
    {
      "module": "module.caf-enterprise-scale",
      "mode": "managed",
      "type": "time_sleep",
      "name": "after_azurerm_policy_definition",
      "provider": "provider[\"registry.terraform.io/hashicorp/time\"]",
      "instances": [
        {
          "schema_version": 0,
          "attributes": {
            "create_duration": "30s",
            "destroy_duration": "0s",
            "id": "2022-10-09T10:23:17Z",
            "triggers": {
              "azurerm_policy_definition_enterprise_scale": "[]"
            }
          },
          "sensitive_attributes": [],
          "private": "bnVsbA==",
          "dependencies": [
            "data.azurerm_client_config.core",
            "module.caf-enterprise-scale.azurerm_management_group.level_1",
            "module.caf-enterprise-scale.azurerm_management_group.level_2",
            "module.caf-enterprise-scale.azurerm_management_group.level_3",
            "module.caf-enterprise-scale.azurerm_management_group.level_4",
            "module.caf-enterprise-scale.azurerm_management_group.level_5",
            "module.caf-enterprise-scale.azurerm_management_group.level_6",
            "module.caf-enterprise-scale.azurerm_policy_definition.enterprise_scale",
            "module.caf-enterprise-scale.time_sleep.after_azurerm_management_group"
          ]
        }
      ]
    },
    {
      "module": "module.caf-enterprise-scale",
      "mode": "managed",
      "type": "time_sleep",
      "name": "after_azurerm_policy_set_definition",
      "provider": "provider[\"registry.terraform.io/hashicorp/time\"]",
      "instances": [
        {
          "schema_version": 0,
          "attributes": {
            "create_duration": "30s",
            "destroy_duration": "0s",
            "id": "2022-10-09T10:23:47Z",
            "triggers": {
              "azurerm_policy_set_definition_enterprise_scale": "[]"
            }
          },
          "sensitive_attributes": [],
          "private": "bnVsbA==",
          "dependencies": [
            "data.azurerm_client_config.core",
            "module.caf-enterprise-scale.azurerm_management_group.level_1",
            "module.caf-enterprise-scale.azurerm_management_group.level_2",
            "module.caf-enterprise-scale.azurerm_management_group.level_3",
            "module.caf-enterprise-scale.azurerm_management_group.level_4",
            "module.caf-enterprise-scale.azurerm_management_group.level_5",
            "module.caf-enterprise-scale.azurerm_management_group.level_6",
            "module.caf-enterprise-scale.azurerm_policy_definition.enterprise_scale",
            "module.caf-enterprise-scale.azurerm_policy_set_definition.enterprise_scale",
            "module.caf-enterprise-scale.time_sleep.after_azurerm_management_group",
            "module.caf-enterprise-scale.time_sleep.after_azurerm_policy_definition"
          ]
        }
      ]
    },
    {
      "module": "module.caf-enterprise-scale",
      "mode": "managed",
      "type": "time_sleep",
      "name": "after_azurerm_role_assignment",
      "provider": "provider[\"registry.terraform.io/hashicorp/time\"]",
      "instances": [
        {
          "schema_version": 0,
          "attributes": {
            "create_duration": "0s",
            "destroy_duration": "0s",
            "id": "2022-10-09T10:24:17Z",
            "triggers": {
              "azurerm_role_assignment_enterprise_scale": "[]",
              "module_role_assignments_for_policy": "[]"
            }
          },
          "sensitive_attributes": [],
          "private": "bnVsbA==",
          "dependencies": [
            "data.azurerm_client_config.core",
            "module.caf-enterprise-scale.azurerm_management_group.level_1",
            "module.caf-enterprise-scale.azurerm_management_group.level_2",
            "module.caf-enterprise-scale.azurerm_management_group.level_3",
            "module.caf-enterprise-scale.azurerm_management_group.level_4",
            "module.caf-enterprise-scale.azurerm_management_group.level_5",
            "module.caf-enterprise-scale.azurerm_management_group.level_6",
            "module.caf-enterprise-scale.azurerm_management_group_policy_assignment.enterprise_scale",
            "module.caf-enterprise-scale.azurerm_policy_definition.enterprise_scale",
            "module.caf-enterprise-scale.azurerm_policy_set_definition.enterprise_scale",
            "module.caf-enterprise-scale.azurerm_role_assignment.enterprise_scale",
            "module.caf-enterprise-scale.azurerm_role_assignment.policy_assignment",
            "module.caf-enterprise-scale.azurerm_role_definition.enterprise_scale",
            "module.caf-enterprise-scale.data.azurerm_policy_definition.external_lookup",
            "module.caf-enterprise-scale.data.azurerm_policy_set_definition.external_lookup",
            "module.caf-enterprise-scale.module.role_assignments_for_policy.azurerm_role_assignment.for_policy",
            "module.caf-enterprise-scale.time_sleep.after_azurerm_management_group",
            "module.caf-enterprise-scale.time_sleep.after_azurerm_policy_assignment",
            "module.caf-enterprise-scale.time_sleep.after_azurerm_policy_definition",
            "module.caf-enterprise-scale.time_sleep.after_azurerm_policy_set_definition",
            "module.caf-enterprise-scale.time_sleep.after_azurerm_role_definition"
          ]
        }
      ]
    },
    {
      "module": "module.caf-enterprise-scale",
      "mode": "managed",
      "type": "time_sleep",
      "name": "after_azurerm_role_definition",
      "provider": "provider[\"registry.terraform.io/hashicorp/time\"]",
      "instances": [
        {
          "schema_version": 0,
          "attributes": {
            "create_duration": "60s",
            "destroy_duration": "0s",
            "id": "2022-10-09T10:23:47Z",
            "triggers": {
              "azurerm_role_definition_enterprise_scale": "[]"
            }
          },
          "sensitive_attributes": [],
          "private": "bnVsbA==",
          "dependencies": [
            "data.azurerm_client_config.core",
            "module.caf-enterprise-scale.azurerm_management_group.level_1",
            "module.caf-enterprise-scale.azurerm_management_group.level_2",
            "module.caf-enterprise-scale.azurerm_management_group.level_3",
            "module.caf-enterprise-scale.azurerm_management_group.level_4",
            "module.caf-enterprise-scale.azurerm_management_group.level_5",
            "module.caf-enterprise-scale.azurerm_management_group.level_6",
            "module.caf-enterprise-scale.azurerm_role_definition.enterprise_scale",
            "module.caf-enterprise-scale.time_sleep.after_azurerm_management_group"
          ]
        }
      ]
    }
  ]
}
